{
  "object": {
    "pins": [
      {
        "package": "Bond",
        "repositoryURL": "https://github.com/DeclarativeHub/Bond.git",
        "state": {
          "branch": null,
          "revision": "5a47c82cf132de50803700a06e9bf9be7d535285",
          "version": "7.6.6"
        }
      },
      {
        "package": "Differ",
        "repositoryURL": "https://github.com/tonyarnold/Differ.git",
        "state": {
          "branch": null,
          "revision": "dd5d4bfb1c27012d4790e877b29847d2ab9d989b",
          "version": "1.4.4"
        }
      },
      {
        "package": "Fuse",
        "repositoryURL": "https://github.com/LambdaDigamma/fuse-swift",
        "state": {
          "branch": null,
          "revision": "271a3b32d268605a222615d3d8ec8f88ad5cb831",
          "version": "1.2.2"
        }
      },
      {
        "package": "Gestalt",
        "repositoryURL": "https://github.com/regexident/Gestalt.git",
        "state": {
          "branch": "swift-5",
          "revision": "77957e0d336e7c1bb53edaa23f6bd70c5ec506bc",
          "version": null
        }
      },
      {
        "package": "Haneke",
        "repositoryURL": "https://github.com/LambdaDigamma/HanekeSwift",
        "state": {
          "branch": null,
          "revision": "1fcd8e27a638c3005760d463bec76cc647db3fea",
          "version": null
        }
      },
      {
        "package": "Ink",
        "repositoryURL": "https://github.com/johnsundell/ink.git",
        "state": {
          "branch": null,
          "revision": "878fd897945500be1885f2c88f81f8f909224796",
          "version": "0.4.0"
        }
      },
      {
        "package": "Kingfisher",
        "repositoryURL": "https://github.com/onevcat/Kingfisher",
        "state": {
          "branch": null,
          "revision": "56075f629bc3915e1bfa876d175df67e1a7cbe3c",
          "version": "5.13.2"
        }
      },
      {
        "package": "MarkdownKit",
        "repositoryURL": "https://github.com/OscarGorog/MarkdownKit",
        "state": {
          "branch": null,
          "revision": "c64728dedf6dbcac463cf5e53e93d210ab825793",
          "version": "1.6.0"
        }
      },
      {
        "package": "MMAPI",
        "repositoryURL": "https://github.com/LambdaDigamma/mmapi-ios",
        "state": {
          "branch": "master",
          "revision": "2fee6f32bbce1d27f057353df6336dcfe2b42cee",
          "version": null
        }
      },
      {
        "package": "MMUI",
        "repositoryURL": "https://github.com/LambdaDigamma/mmui-ios",
        "state": {
          "branch": "master",
          "revision": "d77b5aa9f9db2111393e7c35d773f8cfb07f871b",
          "version": null
        }
      },
      {
        "package": "Reachability",
        "repositoryURL": "https://github.com/ashleymills/Reachability.swift.git",
        "state": {
          "branch": null,
          "revision": "6c8652a8ea35a64cf36367d07b3d6e5e6a24b272",
          "version": "4.3.1"
        }
      },
      {
        "package": "ReactiveKit",
        "repositoryURL": "https://github.com/DeclarativeHub/ReactiveKit.git",
        "state": {
          "branch": null,
          "revision": "12b359dce94ef3919bc4955ed2b3abd834fce51d",
          "version": "3.17.0"
        }
      },
      {
        "package": "SwiftyMarkdown",
        "repositoryURL": "https://github.com/SimonFairbairn/SwiftyMarkdown",
        "state": {
          "branch": null,
          "revision": "a06d690000d0877e61cc7632b4b230300acaa5a5",
          "version": "1.1.0"
        }
      }
    ]
  },
  "version": 1
}
