{
  "object": {
    "pins": [
      {
        "package": "abseil",
        "repositoryURL": "https://github.com/firebase/abseil-cpp-SwiftPM.git",
        "state": {
          "branch": null,
          "revision": "fffc3c2729be5747390ad02d5100291a0d9ad26a",
          "version": "0.20200225.4"
        }
      },
      {
        "package": "AppScaffold",
        "repositoryURL": "https://github.com/lambdadigamma/app-scaffold-ios",
        "state": {
          "branch": null,
          "revision": "92f36e0f7309f5752454de68f9b6064ac0d87528",
          "version": "0.1.2"
        }
      },
      {
        "package": "BoringSSL-GRPC",
        "repositoryURL": "https://github.com/firebase/boringssl-SwiftPM.git",
        "state": {
          "branch": null,
          "revision": "734a8247442fde37df4364c21f6a0085b6a36728",
          "version": "0.7.2"
        }
      },
      {
        "package": "BLTNBoard",
        "repositoryURL": "https://github.com/alexaubry/BulletinBoard.git",
        "state": {
          "branch": "develop",
          "revision": "7b35bb98d776f869851f345696215def30814de2",
          "version": null
        }
      },
      {
        "package": "Cache",
        "repositoryURL": "https://github.com/hyperoslo/Cache",
        "state": {
          "branch": null,
          "revision": "c7f4d633049c3bd649a353bad36f6c17e9df085f",
          "version": "6.0.0"
        }
      },
      {
        "package": "EventBus",
        "repositoryURL": "https://github.com/lambdadigamma/eventbus",
        "state": {
          "branch": null,
          "revision": "f4b1b7a35bc20165e7d3aaeebc808dd3ab14874b",
          "version": "0.5.2"
        }
      },
      {
        "package": "FeedKit",
        "repositoryURL": "https://github.com/nmdias/FeedKit",
        "state": {
          "branch": null,
          "revision": "68493a33d862c33c9a9f67ec729b3b7df1b20ade",
          "version": "9.1.2"
        }
      },
      {
        "package": "Firebase",
        "repositoryURL": "https://github.com/firebase/firebase-ios-sdk.git",
        "state": {
          "branch": null,
          "revision": "5344857522053b5d4403ec8173ec0d23200a97ea",
          "version": "8.11.0"
        }
      },
      {
        "package": "Gestalt",
        "repositoryURL": "https://github.com/regexident/Gestalt",
        "state": {
          "branch": null,
          "revision": "6469230fb1b81ea449312a855b410425030b287e",
          "version": "2.1.1"
        }
      },
      {
        "package": "Gifu",
        "repositoryURL": "https://github.com/kaishin/Gifu",
        "state": {
          "branch": null,
          "revision": "51f2eab32903e336f590c013267cfa4d7f8b06c4",
          "version": "3.3.1"
        }
      },
      {
        "package": "GoogleAppMeasurement",
        "repositoryURL": "https://github.com/google/GoogleAppMeasurement.git",
        "state": {
          "branch": null,
          "revision": "9b2f6aca5b4685c45f9f5481f19bee8e7982c538",
          "version": "8.9.1"
        }
      },
      {
        "package": "GoogleDataTransport",
        "repositoryURL": "https://github.com/google/GoogleDataTransport.git",
        "state": {
          "branch": null,
          "revision": "15ccdfd25ac55b9239b82809531ff26605e7556e",
          "version": "9.1.2"
        }
      },
      {
        "package": "GoogleUtilities",
        "repositoryURL": "https://github.com/google/GoogleUtilities.git",
        "state": {
          "branch": null,
          "revision": "b3bb0c5551fb3f80ca939829639ab5b093edd14f",
          "version": "7.7.0"
        }
      },
      {
        "package": "gRPC",
        "repositoryURL": "https://github.com/firebase/grpc-SwiftPM.git",
        "state": {
          "branch": null,
          "revision": "fb405dd2c7901485f7e158b24e3a0a47e4efd8b5",
          "version": "1.28.4"
        }
      },
      {
        "package": "GTMSessionFetcher",
        "repositoryURL": "https://github.com/google/gtm-session-fetcher.git",
        "state": {
          "branch": null,
          "revision": "bc6a19702ac76ac4e488b68148710eb815f9bc56",
          "version": "1.7.0"
        }
      },
      {
        "package": "Haneke",
        "repositoryURL": "https://github.com/LambdaDigamma/HanekeSwift",
        "state": {
          "branch": null,
          "revision": "6dd6a8fb7cfa9b245cd7a8cab688a8f2cecb9d15",
          "version": "0.14.0"
        }
      },
      {
        "package": "Ink",
        "repositoryURL": "https://github.com/johnsundell/ink.git",
        "state": {
          "branch": null,
          "revision": "77c3d8953374a9cf5418ef0bd7108524999de85a",
          "version": "0.5.1"
        }
      },
      {
        "package": "leveldb",
        "repositoryURL": "https://github.com/firebase/leveldb.git",
        "state": {
          "branch": null,
          "revision": "0706abcc6b0bd9cedfbb015ba840e4a780b5159b",
          "version": "1.22.2"
        }
      },
      {
        "package": "MarkdownKit",
        "repositoryURL": "https://github.com/OscarGorog/MarkdownKit",
        "state": {
          "branch": null,
          "revision": "c64728dedf6dbcac463cf5e53e93d210ab825793",
          "version": "1.6.0"
        }
      },
      {
        "package": "MediaLibrary",
        "repositoryURL": "https://github.com/lambdadigamma/medialibrary-ios",
        "state": {
          "branch": null,
          "revision": "94f8d377221829f292df0e707937032bcb95c7f1",
          "version": "0.0.2"
        }
      },
      {
        "package": "MMPages",
        "repositoryURL": "https://github.com/lambdadigamma/mmpages-ios",
        "state": {
          "branch": null,
          "revision": "7cf7700084b11fcb605d36e7f0373894ef62a55b",
          "version": "0.0.2"
        }
      },
      {
        "package": "nanopb",
        "repositoryURL": "https://github.com/firebase/nanopb.git",
        "state": {
          "branch": null,
          "revision": "7ee9ef9f627d85cbe1b8c4f49a3ed26eed216c77",
          "version": "2.30908.0"
        }
      },
      {
        "package": "Nuke",
        "repositoryURL": "https://github.com/kean/Nuke.git",
        "state": {
          "branch": null,
          "revision": "78fa963b8491fc520791d8c2a509f1b8593d8aae",
          "version": "10.7.1"
        }
      },
      {
        "package": "NukeUI",
        "repositoryURL": "https://github.com/kean/NukeUI",
        "state": {
          "branch": null,
          "revision": "71398392943f2538fd0f2ebc6f282920f6775b0c",
          "version": "0.8.0"
        }
      },
      {
        "package": "Promises",
        "repositoryURL": "https://github.com/google/promises.git",
        "state": {
          "branch": null,
          "revision": "611337c330350c9c1823ad6d671e7f936af5ee13",
          "version": "2.0.0"
        }
      },
      {
        "package": "Pulley",
        "repositoryURL": "https://github.com/52inc/Pulley",
        "state": {
          "branch": null,
          "revision": "355bb7c53d4d430334422ad05a97fbe43ce326db",
          "version": "2.9.1"
        }
      },
      {
        "package": "Resolver",
        "repositoryURL": "https://github.com/hmlongco/Resolver",
        "state": {
          "branch": null,
          "revision": "97de0b0320036607564af4a60025b48f8d041221",
          "version": "1.5.0"
        }
      },
      {
        "package": "AppFeedback",
        "repositoryURL": "https://github.com/LambdaDigamma/swift-app-feedback",
        "state": {
          "branch": null,
          "revision": "5da607f72e033173ab92bd2718d2f95ae68ff64a",
          "version": "1.0.1"
        }
      },
      {
        "package": "SwiftProtobuf",
        "repositoryURL": "https://github.com/apple/swift-protobuf.git",
        "state": {
          "branch": null,
          "revision": "7e2c5f3cbbeea68e004915e3a8961e20bd11d824",
          "version": "1.18.0"
        }
      },
      {
        "package": "Charts",
        "repositoryURL": "https://github.com/swift-extensions/swiftui-charts",
        "state": {
          "branch": null,
          "revision": "b044e7eb04d0026490eecb115f4fc07197dad942",
          "version": "1.1.0"
        }
      },
      {
        "package": "Shapes",
        "repositoryURL": "https://github.com/spacenation/swiftui-shapes.git",
        "state": {
          "branch": null,
          "revision": "c58b15c37eae9bd20525c6daa93a06a689ca75cb",
          "version": "1.1.0"
        }
      },
      {
        "package": "SwiftyMarkdown",
        "repositoryURL": "https://github.com/SimonFairbairn/SwiftyMarkdown",
        "state": {
          "branch": null,
          "revision": "5b0a1e76332a633726f9f9a00b4bbd840166bccf",
          "version": "1.2.3"
        }
      },
      {
        "package": "TagListView",
        "repositoryURL": "https://github.com/LambdaDigamma/TagListView",
        "state": {
          "branch": null,
          "revision": "9cc6ceb34cffa5c6fa175d87351d20950a7704c0",
          "version": "1.4.2"
        }
      },
      {
        "package": "TextFieldEffects",
        "repositoryURL": "https://github.com/LambdaDigamma/TextFieldEffects",
        "state": {
          "branch": "master",
          "revision": "e8513be1fc758e6107ee3ea5a61371d84499efd5",
          "version": null
        }
      },
      {
        "package": "XMLCoder",
        "repositoryURL": "https://github.com/MaxDesiatov/XMLCoder.git",
        "state": {
          "branch": null,
          "revision": "f30119af03996939cc4f54e0bf0dda9f88a84da5",
          "version": "0.13.1"
        }
      }
    ]
  },
  "version": 1
}
