{
  "object": {
    "pins": [
      {
        "package": "Bond",
        "repositoryURL": "https://github.com/DeclarativeHub/Bond.git",
        "state": {
          "branch": null,
          "revision": "5a47c82cf132de50803700a06e9bf9be7d535285",
          "version": "7.6.6"
        }
      },
      {
        "package": "Differ",
        "repositoryURL": "https://github.com/tonyarnold/Differ.git",
        "state": {
          "branch": null,
          "revision": "e2cca36e7258dd8add88ae46b5ea56509b066e21",
          "version": "1.4.3"
        }
      },
      {
        "package": "Fuse",
        "repositoryURL": "https://github.com/LambdaDigamma/fuse-swift",
        "state": {
          "branch": null,
          "revision": "271a3b32d268605a222615d3d8ec8f88ad5cb831",
          "version": "1.2.2"
        }
      },
      {
        "package": "Gestalt",
        "repositoryURL": "https://github.com/regexident/Gestalt.git",
        "state": {
          "branch": "swift-5",
          "revision": "77957e0d336e7c1bb53edaa23f6bd70c5ec506bc",
          "version": null
        }
      },
      {
        "package": "Haneke",
        "repositoryURL": "https://github.com/LambdaDigamma/HanekeSwift",
        "state": {
          "branch": null,
          "revision": "1fcd8e27a638c3005760d463bec76cc647db3fea",
          "version": null
        }
      },
      {
        "package": "Kingfisher",
        "repositoryURL": "https://github.com/onevcat/Kingfisher",
        "state": {
          "branch": null,
          "revision": "2f9d171f17869768f6dbec1d039b851e2503af35",
          "version": "5.12.0"
        }
      },
      {
        "package": "Reachability",
        "repositoryURL": "https://github.com/ashleymills/Reachability.swift.git",
        "state": {
          "branch": null,
          "revision": "6c8652a8ea35a64cf36367d07b3d6e5e6a24b272",
          "version": "4.3.1"
        }
      },
      {
        "package": "ReactiveKit",
        "repositoryURL": "https://github.com/DeclarativeHub/ReactiveKit.git",
        "state": {
          "branch": null,
          "revision": "016b3981690658f8cf54641af4694bdaa4bd9425",
          "version": "3.15.4"
        }
      }
    ]
  },
  "version": 1
}
