{
  "object": {
    "pins": [
      {
        "package": "Cache",
        "repositoryURL": "https://github.com/hyperoslo/Cache",
        "state": {
          "branch": null,
          "revision": "c7f4d633049c3bd649a353bad36f6c17e9df085f",
          "version": "6.0.0"
        }
      },
      {
        "package": "MMCommon",
        "repositoryURL": "https://github.com/lambdadigamma/mmcommon-ios",
        "state": {
          "branch": null,
          "revision": "d1ab76ad0316dcf58a23196f69ec07e2f8ba6702",
          "version": "0.0.1"
        }
      },
      {
        "package": "ModernNetworking",
        "repositoryURL": "https://github.com/lambdadigamma/modernnetworking",
        "state": {
          "branch": null,
          "revision": "758c3f92475ca504b78ff6ac15d616be7f6a2aa5",
          "version": "0.1.1"
        }
      }
    ]
  },
  "version": 1
}
