{
  "object": {
    "pins": [
      {
        "package": "Cache",
        "repositoryURL": "https://github.com/LambdaDigamma/Cache",
        "state": {
          "branch": null,
          "revision": "034756303012a8e005c986b19969fbcd0b86612e",
          "version": "6.0.1"
        }
      },
      {
        "package": "Fuse",
        "repositoryURL": "https://github.com/lambdadigamma/fuse-swift",
        "state": {
          "branch": null,
          "revision": "836f0fda3699967bd31720199160fdccb6c43a79",
          "version": "1.4.3"
        }
      },
      {
        "package": "Gifu",
        "repositoryURL": "https://github.com/kaishin/Gifu",
        "state": {
          "branch": null,
          "revision": "51f2eab32903e336f590c013267cfa4d7f8b06c4",
          "version": "3.3.1"
        }
      },
      {
        "package": "MediaLibraryKit",
        "repositoryURL": "https://github.com/LambdaDigamma/MediaLibraryKit",
        "state": {
          "branch": null,
          "revision": "672fa1c9f42adc5c73e0af2f0f23735e9219cb2b",
          "version": "0.0.6"
        }
      },
      {
        "package": "ModernNetworking",
        "repositoryURL": "https://github.com/LambdaDigamma/ModernNetworking",
        "state": {
          "branch": null,
          "revision": "309b149ac6c83a2d7b95433f0bb312a5a04b9595",
          "version": "0.1.3"
        }
      },
      {
        "package": "Nuke",
        "repositoryURL": "https://github.com/kean/Nuke.git",
        "state": {
          "branch": null,
          "revision": "b7328bae2aa23ef2c0c00b90e76251e973ba5668",
          "version": "10.11.0"
        }
      },
      {
        "package": "NukeUI",
        "repositoryURL": "https://github.com/kean/NukeUI",
        "state": {
          "branch": null,
          "revision": "17f26c07e6b1d3b9258287f99f528111fcd7b7ad",
          "version": "0.8.1"
        }
      },
      {
        "package": "Resolver",
        "repositoryURL": "https://github.com/LambdaDigamma/Resolver",
        "state": {
          "branch": null,
          "revision": "2347a277097bedd59b77459d8154da47bd71fada",
          "version": "1.5.1"
        }
      },
      {
        "package": "SwiftDocCPlugin",
        "repositoryURL": "https://github.com/apple/swift-docc-plugin",
        "state": {
          "branch": null,
          "revision": "3303b164430d9a7055ba484c8ead67a52f7b74f6",
          "version": "1.0.0"
        }
      }
    ]
  },
  "version": 1
}
