<?xml version="1.0" encoding="UTF-8"?>
<Scheme
   version = "1.3"
   wasCreatedForAppExtension = "YES">
   <BuildAction>
      <BuildActionEntries>
         <BuildActionEntry
            buildForRunning = "YES">
            <BuildableReference
               BuildableIdentifier = "primary"
               BlueprintIdentifier = "DF9F19D42766660100B74E13"
               BuildableName = "Intent Extensions.appex"
               BlueprintName = "Intent Extensions"
               ReferencedContainer = "container:Moers.xcodeproj">
            </BuildableReference>
         </BuildActionEntry>
         <BuildActionEntry
            buildForRunning = "YES">
            <BuildableReference
               BuildableIdentifier = "primary"
               BlueprintIdentifier = "DF1A495E1F6AAB7000E9108B"
               BuildableName = "Moers.app"
               BlueprintName = "Moers"
               ReferencedContainer = "container:Moers.xcodeproj">
            </BuildableReference>
         </BuildActionEntry>
      </BuildActionEntries>
   </BuildAction>
   <LaunchAction
      useCustomWorkingDirectory = "NO"
      buildConfiguration = "Debug (Development)"
      allowLocationSimulation = "YES"
      launchAutomaticallySubstyle = "2">
   </LaunchAction>
</Scheme>
