<?xml version="1.0" encoding="UTF-8"?>
<Scheme
   version = "1.3">
   <BuildAction>
      <BuildActionEntries>
         <BuildActionEntry
            buildForRunning = "YES">
            <BuildableReference
               BuildableIdentifier = "primary"
               BlueprintIdentifier = "DF1A495E1F6AAB7000E9108B"
               BuildableName = "Moers.app"
               BlueprintName = "Moers"
               ReferencedContainer = "container:Moers.xcodeproj">
            </BuildableReference>
         </BuildActionEntry>
      </BuildActionEntries>
   </BuildAction>
   <LaunchAction
      useCustomWorkingDirectory = "NO"
      buildConfiguration = "Debug (Production)"
      allowLocationSimulation = "YES"
      language = "en"
      region = "GB">
      <BuildableProductRunnable>
         <BuildableReference
            BuildableIdentifier = "primary"
            BlueprintIdentifier = "DF1A495E1F6AAB7000E9108B"
            BuildableName = "Moers.app"
            BlueprintName = "Moers"
            ReferencedContainer = "container:Moers.xcodeproj">
         </BuildableReference>
      </BuildableProductRunnable>
      <CommandLineArguments>
         <CommandLineArgument
            argument = "-NSShowNonLocalizedStrings"
            isEnabled = "YES">
         </CommandLineArgument>
         <CommandLineArgument
            argument = "YES"
            isEnabled = "YES">
         </CommandLineArgument>
         <CommandLineArgument
            argument = "-NSDoubleLocalizedStrings"
            isEnabled = "YES">
         </CommandLineArgument>
         <CommandLineArgument
            argument = "YES"
            isEnabled = "YES">
         </CommandLineArgument>
      </CommandLineArguments>
      <LocationScenarioReference
         identifier = "../../Moers/Moers.gpx"
         referenceType = "0">
      </LocationScenarioReference>
   </LaunchAction>
</Scheme>
