// !$*UTF8*$!
{
	archiveVersion = 1;
	classes = {
	};
	objectVersion = 90;
	objects = {

/* Begin PBXBuildFile section */
		DF05E00F2792CA4C0063556E /* ParkingFeature in Frameworks */ = {isa = PBXBuildFile; productRef = DF05E00E2792CA4C0063556E /* ParkingFeature */; };
		DF0A7DB327AB220A00957A8D /* AppScaffold in Frameworks */ = {isa = PBXBuildFile; productRef = DF0A7DB227AB220A00957A8D /* AppScaffold */; };
		DF0B292828523C25009D389A /* Resolver in Frameworks */ = {isa = PBXBuildFile; productRef = DF0B292728523C25009D389A /* Resolver */; };
		DF0B292A28523C7E009D389A /* Resolver in Frameworks */ = {isa = PBXBuildFile; productRef = DF0B292928523C7E009D389A /* Resolver */; };
		DF0B292C28523DBB009D389A /* Resolver in Frameworks */ = {isa = PBXBuildFile; productRef = DF0B292B28523DBB009D389A /* Resolver */; };
		DF0EAC9C24C63FB0009BE489 /* ModernNetworking in Frameworks */ = {isa = PBXBuildFile; productRef = DF0EAC9B24C63FB0009BE489 /* ModernNetworking */; };
		DF0EC43A28D86E3C009ED37B /* MMPages in Frameworks */ = {isa = PBXBuildFile; productRef = DF0EC43928D86E3C009ED37B /* MMPages */; };
		DF0EC43C28D86E96009ED37B /* MMPages in Frameworks */ = {isa = PBXBuildFile; productRef = DF0EC43B28D86E96009ED37B /* MMPages */; };
		DF152D8E289D23DB0046956F /* Cache in Frameworks */ = {isa = PBXBuildFile; productRef = DF152D8D289D23DB0046956F /* Cache */; };
		DF152D90289D33290046956F /* Core in Frameworks */ = {isa = PBXBuildFile; productRef = DF152D8F289D33290046956F /* Core */; };
		DF1A49631F6AAB7000E9108B /* AppDelegate.swift in Sources */ = {isa = PBXBuildFile; fileRef = DF1A49621F6AAB7000E9108B /* AppDelegate.swift */; };
		DF29DC7428D86D1300E4E35A /* MMEvents in Frameworks */ = {isa = PBXBuildFile; productRef = DF29DC7328D86D1300E4E35A /* MMEvents */; };
		DF29DC7628D86D1F00E4E35A /* MMEvents in Frameworks */ = {isa = PBXBuildFile; productRef = DF29DC7528D86D1F00E4E35A /* MMEvents */; };
		DF2CF1C223BBB2EA003497C5 /* TextFieldEffects in Frameworks */ = {isa = PBXBuildFile; productRef = DF2CF1C123BBB2EA003497C5 /* TextFieldEffects */; };
		DF2D523C2D1A114D009F78EF /* WidgetsExtension.appex in Embed Foundation Extensions */ = {isa = PBXBuildFile; fileRef = DF5E1B4E26726AF3005FADA4 /* WidgetsExtension.appex */; settings = {ATTRIBUTES = (RemoveHeadersOnCopy, ); }; };
		DF3661D727AB2362002A90BB /* ParkingFeature in Frameworks */ = {isa = PBXBuildFile; productRef = DF3661D627AB2362002A90BB /* ParkingFeature */; };
		DF3661D927AB267F002A90BB /* FuelFeature in Frameworks */ = {isa = PBXBuildFile; productRef = DF3661D827AB267F002A90BB /* FuelFeature */; };
		DF38788828AE3FDF002FECE1 /* LicenseUI in Frameworks */ = {isa = PBXBuildFile; productRef = DF38788728AE3FDF002FECE1 /* LicenseUI */; };
		DF54DC372813039200819A3B /* MapFeature in Frameworks */ = {isa = PBXBuildFile; productRef = DF54DC362813039200819A3B /* MapFeature */; };
		DF55F25F27709B410024300B /* RubbishFeature in Frameworks */ = {isa = PBXBuildFile; productRef = DF55F25E27709B410024300B /* RubbishFeature */; };
		DF5C919027B5A26000451163 /* NewsFeature in Frameworks */ = {isa = PBXBuildFile; productRef = DF5C918F27B5A26000451163 /* NewsFeature */; };
		DF5E1B5026726AF3005FADA4 /* WidgetKit.framework in Frameworks */ = {isa = PBXBuildFile; fileRef = DF5E1B4F26726AF3005FADA4 /* WidgetKit.framework */; };
		DF5E1B5226726AF3005FADA4 /* SwiftUI.framework in Frameworks */ = {isa = PBXBuildFile; fileRef = DF5E1B5126726AF3005FADA4 /* SwiftUI.framework */; };
		DF5E1B7526727973005FADA4 /* FeedKit in Frameworks */ = {isa = PBXBuildFile; productRef = DF5E1B7426727973005FADA4 /* FeedKit */; };
		DF623C7027B56FD7009D335F /* NewsFeature in Frameworks */ = {isa = PBXBuildFile; productRef = DF623C6F27B56FD7009D335F /* NewsFeature */; };
		DF62AAF92891E841002D420E /* ModernNetworking in Frameworks */ = {isa = PBXBuildFile; productRef = DF62AAF82891E841002D420E /* ModernNetworking */; };
		DF636F5128D1CE8B00B29A76 /* Tankerkoenig-Info.plist in Resources */ = {isa = PBXBuildFile; fileRef = DF636F5028D1CE8B00B29A76 /* Tankerkoenig-Info.plist */; };
		DF6CA8FE2849125D0068B9AC /* MapFeature in Frameworks */ = {isa = PBXBuildFile; productRef = DF6CA8FD2849125D0068B9AC /* MapFeature */; };
		DF6F5CD228E3190800E1DFBD /* Tankerkoenig-Info-Sample.plist in Resources */ = {isa = PBXBuildFile; fileRef = DF782D8528D1D05D000BDC89 /* Tankerkoenig-Info-Sample.plist */; };
		DF6F5CD328E3190800E1DFBD /* Tankerkoenig-Info.plist in Resources */ = {isa = PBXBuildFile; fileRef = DF636F5028D1CE8B00B29A76 /* Tankerkoenig-Info.plist */; };
		DF75345C277280710086B292 /* RubbishFeature in Frameworks */ = {isa = PBXBuildFile; productRef = DF75345B277280710086B292 /* RubbishFeature */; };
		DF782D8628D1D05D000BDC89 /* Tankerkoenig-Info-Sample.plist in Resources */ = {isa = PBXBuildFile; fileRef = DF782D8528D1D05D000BDC89 /* Tankerkoenig-Info-Sample.plist */; };
		DF80F6C02851142800AB708D /* WeatherWidget.swift in Sources */ = {isa = PBXBuildFile; fileRef = DF80F6BF2851142800AB708D /* WeatherWidget.swift */; };
		DF86ABA12174900400EFC7EA /* Intents.framework in Frameworks */ = {isa = PBXBuildFile; fileRef = DF86ABA02174900400EFC7EA /* Intents.framework */; };
		DF89BA1B26FE12AE003A6C64 /* IDEAS.md in Resources */ = {isa = PBXBuildFile; fileRef = DF89BA1A26FE12AE003A6C64 /* IDEAS.md */; };
		DF97AD0F26EFEC5F009DFF71 /* Core in Frameworks */ = {isa = PBXBuildFile; productRef = DF97AD0E26EFEC5F009DFF71 /* Core */; };
		DF9F19D62766660100B74E13 /* Intents.framework in Frameworks */ = {isa = PBXBuildFile; fileRef = DF86ABA02174900400EFC7EA /* Intents.framework */; };
		DF9F19DD2766660100B74E13 /* Intent Extensions.appex in Embed Foundation Extensions */ = {isa = PBXBuildFile; fileRef = DF9F19D52766660100B74E13 /* Intent Extensions.appex */; settings = {ATTRIBUTES = (RemoveHeadersOnCopy, ); }; };
		DF9F19F32766920C00B74E13 /* EFAAPI in Frameworks */ = {isa = PBXBuildFile; productRef = DF9F19F22766920C00B74E13 /* EFAAPI */; };
		DF9F19F52766920C00B74E13 /* EFAUI in Frameworks */ = {isa = PBXBuildFile; productRef = DF9F19F42766920C00B74E13 /* EFAUI */; };
		DF9F19F72766923700B74E13 /* EFAAPI in Frameworks */ = {isa = PBXBuildFile; productRef = DF9F19F62766923700B74E13 /* EFAAPI */; };
		DF9F19F92766923700B74E13 /* EFAUI in Frameworks */ = {isa = PBXBuildFile; productRef = DF9F19F82766923700B74E13 /* EFAUI */; };
		DF9F19FB2766923F00B74E13 /* EFAAPI in Frameworks */ = {isa = PBXBuildFile; productRef = DF9F19FA2766923F00B74E13 /* EFAAPI */; };
		DFA4BC48263A28530014C7F9 /* TagListView in Frameworks */ = {isa = PBXBuildFile; productRef = DFA4BC47263A28530014C7F9 /* TagListView */; };
		DFB07A2F277741030033101C /* FirebaseAnalyticsWithoutAdIdSupport in Frameworks */ = {isa = PBXBuildFile; productRef = DFB07A2E277741030033101C /* FirebaseAnalyticsWithoutAdIdSupport */; };
		DFB07A31277741030033101C /* FirebaseCrashlytics in Frameworks */ = {isa = PBXBuildFile; productRef = DFB07A30277741030033101C /* FirebaseCrashlytics */; };
		DFB07A33277741030033101C /* FirebaseMessaging in Frameworks */ = {isa = PBXBuildFile; productRef = DFB07A32277741030033101C /* FirebaseMessaging */; };
		DFC53C562D466A2C009CA7EF /* FirebaseAnalytics in Frameworks */ = {isa = PBXBuildFile; productRef = DFC53C552D466A2C009CA7EF /* FirebaseAnalytics */; };
		DFCE12952538F7F600B45EB7 /* FeedKit in Frameworks */ = {isa = PBXBuildFile; productRef = DFCE12942538F7F600B45EB7 /* FeedKit */; };
		DFD8632C25E25F60006164E5 /* AppScaffold in Frameworks */ = {isa = PBXBuildFile; productRef = DFD8632B25E25F60006164E5 /* AppScaffold */; };
		DFDE88712545834B00429765 /* EventBus in Frameworks */ = {isa = PBXBuildFile; productRef = DFDE88702545834B00429765 /* EventBus */; };
		DFDEBB3F289D1C4C00AB0EAA /* CoreCache in Frameworks */ = {isa = PBXBuildFile; productRef = DFDEBB3E289D1C4C00AB0EAA /* CoreCache */; };
		DFE06E352771360E00466246 /* DashboardFeature in Frameworks */ = {isa = PBXBuildFile; productRef = DFE06E342771360E00466246 /* DashboardFeature */; };
		DFE1ED6B2538C24800FDD44A /* BLTNBoard in Frameworks */ = {isa = PBXBuildFile; productRef = DFE1ED6A2538C24800FDD44A /* BLTNBoard */; };
		DFE1ED782538C4E200FDD44A /* Pulley in Frameworks */ = {isa = PBXBuildFile; productRef = DFE1ED772538C4E200FDD44A /* Pulley */; };
		DFE59D3B28D871B800BD0236 /* LicenseUI in Frameworks */ = {isa = PBXBuildFile; productRef = DFE59D3A28D871B800BD0236 /* LicenseUI */; };
		DFF5DDCB20094A920075A2F4 /* GoogleService-Info.plist in Resources */ = {isa = PBXBuildFile; fileRef = DFF5DDCA20094A910075A2F4 /* GoogleService-Info.plist */; };
		DFF6FFA4289D156600C88964 /* Haneke in Frameworks */ = {isa = PBXBuildFile; productRef = DFF6FFA3289D156600C88964 /* Haneke */; };
		DFFA7EA12706638D00E27E7B /* AppFeedback in Frameworks */ = {isa = PBXBuildFile; productRef = DFFA7EA02706638D00E27E7B /* AppFeedback */; };
/* End PBXBuildFile section */

/* Begin PBXContainerItemProxy section */
		DF284F0223F4C17100EC999B /* PBXContainerItemProxy */ = {
			isa = PBXContainerItemProxy;
			containerPortal = DF1A49571F6AAB7000E9108B /* Project object */;
			proxyType = 1;
			remoteGlobalIDString = DF1A495E1F6AAB7000E9108B;
			remoteInfo = Moers;
		};
		DF5E1B5C26726AF7005FADA4 /* PBXContainerItemProxy */ = {
			isa = PBXContainerItemProxy;
			containerPortal = DF1A49571F6AAB7000E9108B /* Project object */;
			proxyType = 1;
			remoteGlobalIDString = DF5E1B4D26726AF3005FADA4;
			remoteInfo = WidgetsExtension;
		};
		DF9F19DB2766660100B74E13 /* PBXContainerItemProxy */ = {
			isa = PBXContainerItemProxy;
			containerPortal = DF1A49571F6AAB7000E9108B /* Project object */;
			proxyType = 1;
			remoteGlobalIDString = DF9F19D42766660100B74E13;
			remoteInfo = "Intent Extensions";
		};
		DFB161B8267651D7009D2754 /* PBXContainerItemProxy */ = {
			isa = PBXContainerItemProxy;
			containerPortal = DF1A49571F6AAB7000E9108B /* Project object */;
			proxyType = 1;
			remoteGlobalIDString = DF1A495E1F6AAB7000E9108B;
			remoteInfo = Moers;
		};
/* End PBXContainerItemProxy section */

/* Begin PBXCopyFilesBuildPhase section */
		DF5E1B5F26726AF7005FADA4 /* Embed Foundation Extensions */ = {
			isa = PBXCopyFilesBuildPhase;
			dstPath = "";
			dstSubfolder = PlugIns;
			files = (
				DF2D523C2D1A114D009F78EF /* WidgetsExtension.appex in Embed Foundation Extensions */,
				DF9F19DD2766660100B74E13 /* Intent Extensions.appex in Embed Foundation Extensions */,
			);
			name = "Embed Foundation Extensions";
		};
		DF94B14D23F0A7E8009C57ED /* Embed Watch Content */ = {
			isa = PBXCopyFilesBuildPhase;
			dstPath = "$(CONTENTS_FOLDER_PATH)/Watch";
			dstSubfolder = Product;
			files = (
			);
			name = "Embed Watch Content";
		};
		DFE62576254595E1005FAC1C /* Embed Frameworks */ = {
			isa = PBXCopyFilesBuildPhase;
			dstPath = "";
			dstSubfolder = Frameworks;
			files = (
			);
			name = "Embed Frameworks";
		};
/* End PBXCopyFilesBuildPhase section */

/* Begin PBXFileReference section */
		DF01804B27923CC500530143 /* ParkingFeature */ = {isa = PBXFileReference; lastKnownFileType = wrapper; path = ParkingFeature; sourceTree = "<group>"; };
		DF0EC43828D86E21009ED37B /* mmpages-ios */ = {isa = PBXFileReference; lastKnownFileType = wrapper; path = "mmpages-ios"; sourceTree = "<group>"; };
		DF1A495F1F6AAB7000E9108B /* Moers.app */ = {isa = PBXFileReference; explicitFileType = wrapper.application; includeInIndex = 0; path = Moers.app; sourceTree = BUILT_PRODUCTS_DIR; };
		DF1A49621F6AAB7000E9108B /* AppDelegate.swift */ = {isa = PBXFileReference; lastKnownFileType = sourcecode.swift; path = AppDelegate.swift; sourceTree = "<group>"; };
		DF1A9B9F26ECB2A600D3CAD0 /* .swiftlint.yml */ = {isa = PBXFileReference; lastKnownFileType = text.yaml; path = .swiftlint.yml; sourceTree = "<group>"; };
		DF284EFD23F4C17100EC999B /* MoersUITests.xctest */ = {isa = PBXFileReference; explicitFileType = wrapper.cfbundle; includeInIndex = 0; path = MoersUITests.xctest; sourceTree = BUILT_PRODUCTS_DIR; };
		DF29DC7228D86CFD00E4E35A /* mmevents-ios */ = {isa = PBXFileReference; lastKnownFileType = wrapper; path = "mmevents-ios"; sourceTree = "<group>"; };
		DF35EFA927A9E9FE005C6BDA /* NewsFeature */ = {isa = PBXFileReference; lastKnownFileType = wrapper; path = NewsFeature; sourceTree = "<group>"; };
		DF559A5E2812FE160072F0F9 /* MapFeature */ = {isa = PBXFileReference; lastKnownFileType = wrapper; path = MapFeature; sourceTree = "<group>"; };
		DF55F2622770ABE80024300B /* DashboardFeature */ = {isa = PBXFileReference; lastKnownFileType = text; path = DashboardFeature; sourceTree = SOURCE_ROOT; };
		DF57D695218739C500E6A0A9 /* Moers-Bridging-Header.h */ = {isa = PBXFileReference; lastKnownFileType = sourcecode.c.h; path = "Moers-Bridging-Header.h"; sourceTree = "<group>"; };
		DF5E1B4E26726AF3005FADA4 /* WidgetsExtension.appex */ = {isa = PBXFileReference; explicitFileType = "wrapper.app-extension"; includeInIndex = 0; path = WidgetsExtension.appex; sourceTree = BUILT_PRODUCTS_DIR; };
		DF5E1B4F26726AF3005FADA4 /* WidgetKit.framework */ = {isa = PBXFileReference; lastKnownFileType = wrapper.framework; name = WidgetKit.framework; path = System/Library/Frameworks/WidgetKit.framework; sourceTree = SDKROOT; };
		DF5E1B5126726AF3005FADA4 /* SwiftUI.framework */ = {isa = PBXFileReference; lastKnownFileType = wrapper.framework; name = SwiftUI.framework; path = System/Library/Frameworks/SwiftUI.framework; sourceTree = SDKROOT; };
		DF62AB082891EC33002D420E /* PlaybackKit */ = {isa = PBXFileReference; lastKnownFileType = wrapper; path = PlaybackKit; sourceTree = "<group>"; };
		DF636F5028D1CE8B00B29A76 /* Tankerkoenig-Info.plist */ = {isa = PBXFileReference; lastKnownFileType = text.plist.xml; path = "Tankerkoenig-Info.plist"; sourceTree = "<group>"; };
		DF6E061528AE34FB004FEBC9 /* Settings.bundle */ = {isa = PBXFileReference; lastKnownFileType = "wrapper.plug-in"; path = Settings.bundle; sourceTree = "<group>"; };
		DF6E061728AE350D004FEBC9 /* Settings.bundle */ = {isa = PBXFileReference; lastKnownFileType = "wrapper.plug-in"; path = Settings.bundle; sourceTree = "<group>"; };
		DF6F5CD428E31FC200E1DFBD /* efaapi-ios */ = {isa = PBXFileReference; lastKnownFileType = wrapper; path = "efaapi-ios"; sourceTree = "<group>"; };
		DF782D8528D1D05D000BDC89 /* Tankerkoenig-Info-Sample.plist */ = {isa = PBXFileReference; lastKnownFileType = text.plist.xml; path = "Tankerkoenig-Info-Sample.plist"; sourceTree = "<group>"; };
		DF80F6BF2851142800AB708D /* WeatherWidget.swift */ = {isa = PBXFileReference; fileEncoding = 4; lastKnownFileType = sourcecode.swift; path = WeatherWidget.swift; sourceTree = "<group>"; };
		DF80F6C928512FA600AB708D /* WeatherFeature */ = {isa = PBXFileReference; lastKnownFileType = wrapper; path = WeatherFeature; sourceTree = "<group>"; };
		DF86ABA02174900400EFC7EA /* Intents.framework */ = {isa = PBXFileReference; lastKnownFileType = wrapper.framework; name = Intents.framework; path = System/Library/Frameworks/Intents.framework; sourceTree = SDKROOT; };
		DF89BA1A26FE12AE003A6C64 /* IDEAS.md */ = {isa = PBXFileReference; fileEncoding = 4; lastKnownFileType = net.daringfireball.markdown; path = IDEAS.md; sourceTree = "<group>"; };
		DF9F19D52766660100B74E13 /* Intent Extensions.appex */ = {isa = PBXFileReference; explicitFileType = "wrapper.app-extension"; includeInIndex = 0; path = "Intent Extensions.appex"; sourceTree = BUILT_PRODUCTS_DIR; };
		DFAEF41120E8ECF7001B0756 /* Moers.entitlements */ = {isa = PBXFileReference; lastKnownFileType = text.plist.entitlements; path = Moers.entitlements; sourceTree = "<group>"; };
		DFB161B3267651D6009D2754 /* Moers Unit Tests.xctest */ = {isa = PBXFileReference; explicitFileType = wrapper.cfbundle; includeInIndex = 0; path = "Moers Unit Tests.xctest"; sourceTree = BUILT_PRODUCTS_DIR; };
		DFB64DC9203883D200173A80 /* module.modulemap */ = {isa = PBXFileReference; lastKnownFileType = "sourcecode.module-map"; path = module.modulemap; sourceTree = "<group>"; };
		DFB64DCA2038845300173A80 /* Firebase.h */ = {isa = PBXFileReference; lastKnownFileType = sourcecode.c.h; path = Firebase.h; sourceTree = "<group>"; };
		DFC8507726EFE62400F9FB39 /* Core */ = {isa = PBXFileReference; lastKnownFileType = folder; path = Core; sourceTree = "<group>"; };
		DFCAC4982852008100701BC1 /* Documentation.docc */ = {isa = PBXFileReference; lastKnownFileType = folder.documentationcatalog; path = Documentation.docc; sourceTree = "<group>"; };
		DFF5DDCA20094A910075A2F4 /* GoogleService-Info.plist */ = {isa = PBXFileReference; fileEncoding = 4; lastKnownFileType = text.plist.xml; path = "GoogleService-Info.plist"; sourceTree = "<group>"; };
		DFFBAA2727693755003728CF /* RubbishFeature */ = {isa = PBXFileReference; lastKnownFileType = folder; path = RubbishFeature; sourceTree = "<group>"; };
		DFFBAA2927696353003728CF /* FuelFeature */ = {isa = PBXFileReference; lastKnownFileType = folder; path = FuelFeature; sourceTree = "<group>"; };
/* End PBXFileReference section */

/* Begin PBXFileSystemSynchronizedBuildFileExceptionSet section */
		DF4AD2EC2CCD26A600D620B3 /* Exceptions for "Config" folder in "Moers" target */ = {
			isa = PBXFileSystemSynchronizedBuildFileExceptionSet;
			membershipExceptions = (
				Development.xcconfig,
				Info.plist,
				Production.xcconfig,
				Staging.xcconfig,
			);
			target = DF1A495E1F6AAB7000E9108B /* Moers */;
		};
		DF4AD2ED2CCD26A600D620B3 /* Exceptions for "Config" folder in "WidgetsExtension" target */ = {
			isa = PBXFileSystemSynchronizedBuildFileExceptionSet;
			membershipExceptions = (
				Constants.swift,
				LaunchArgumentsHandler.swift,
				NetworkingConfiguration.swift,
				ServiceConfiguration.swift,
				UserDefaultsMigrator.swift,
			);
			target = DF5E1B4D26726AF3005FADA4 /* WidgetsExtension */;
		};
		DF4AD3042CCD278100D620B3 /* Exceptions for "Assets" folder in "Moers" target */ = {
			isa = PBXFileSystemSynchronizedBuildFileExceptionSet;
			membershipExceptions = (
				AachenHbf.gpx,
				Moers.gpx,
			);
			target = DF1A495E1F6AAB7000E9108B /* Moers */;
		};
		DF4AD36B2CCD3BA600D620B3 /* Exceptions for "Widgets" folder in "WidgetsExtension" target */ = {
			isa = PBXFileSystemSynchronizedBuildFileExceptionSet;
			membershipExceptions = (
				"/Localized: SelectDepartureMonitorStop.intentdefinition",
				Resources/Info.plist,
			);
			target = DF5E1B4D26726AF3005FADA4 /* WidgetsExtension */;
		};
		DF4AD37B2CCD3BC000D620B3 /* Exceptions for "Intent Extensions" folder in "Intent Extensions" target */ = {
			isa = PBXFileSystemSynchronizedBuildFileExceptionSet;
			membershipExceptions = (
				IntentHandler.swift,
			);
			target = DF9F19D42766660100B74E13 /* Intent Extensions */;
		};
		DF4AD3C72CCD3E6500D620B3 /* Exceptions for "Moers Unit Tests" folder in "Moers Unit Tests" target */ = {
			isa = PBXFileSystemSynchronizedBuildFileExceptionSet;
			membershipExceptions = (
				Info.plist,
			);
			target = DFB161B2267651D6009D2754 /* Moers Unit Tests */;
		};
		DF4AD3F92CCD3F1B00D620B3 /* Exceptions for "MoersUITests" folder in "MoersUITests" target */ = {
			isa = PBXFileSystemSynchronizedBuildFileExceptionSet;
			membershipExceptions = (
				Info.plist,
			);
			target = DF284EFC23F4C17100EC999B /* MoersUITests */;
		};
/* End PBXFileSystemSynchronizedBuildFileExceptionSet section */

/* Begin PBXFileSystemSynchronizedRootGroup section */
		DF4AD2192CCD22C200D620B3 /* Coordinators */ = {
			isa = PBXFileSystemSynchronizedRootGroup;
			path = Coordinators;
			sourceTree = "<group>";
		};
		DF4AD21F2CCD22C800D620B3 /* Events */ = {
			isa = PBXFileSystemSynchronizedRootGroup;
			path = Events;
			sourceTree = "<group>";
		};
		DF4AD2322CCD236500D620B3 /* Manager */ = {
			isa = PBXFileSystemSynchronizedRootGroup;
			path = Manager;
			sourceTree = "<group>";
		};
		DF4AD23A2CCD238200D620B3 /* Car Play */ = {
			isa = PBXFileSystemSynchronizedRootGroup;
			path = "Car Play";
			sourceTree = "<group>";
		};
		DF4AD25C2CCD250200D620B3 /* Common */ = {
			isa = PBXFileSystemSynchronizedRootGroup;
			path = Common;
			sourceTree = "<group>";
		};
		DF4AD2D92CCD26A500D620B3 /* Config */ = {
			isa = PBXFileSystemSynchronizedRootGroup;
			exceptions = (
				DF4AD2EC2CCD26A600D620B3 /* Exceptions for "Config" folder in "Moers" target */,
				DF4AD2ED2CCD26A600D620B3 /* Exceptions for "Config" folder in "WidgetsExtension" target */,
			);
			path = Config;
			sourceTree = "<group>";
		};
		DF4AD2FB2CCD278000D620B3 /* Assets */ = {
			isa = PBXFileSystemSynchronizedRootGroup;
			exceptions = (
				DF4AD3042CCD278100D620B3 /* Exceptions for "Assets" folder in "Moers" target */,
			);
			path = Assets;
			sourceTree = "<group>";
		};
		DF4AD3462CCD3BA600D620B3 /* Widgets */ = {
			isa = PBXFileSystemSynchronizedRootGroup;
			exceptions = (
				DF4AD36B2CCD3BA600D620B3 /* Exceptions for "Widgets" folder in "WidgetsExtension" target */,
			);
			path = Widgets;
			sourceTree = "<group>";
		};
		DF4AD3792CCD3BC000D620B3 /* Intent Extensions */ = {
			isa = PBXFileSystemSynchronizedRootGroup;
			exceptions = (
				DF4AD37B2CCD3BC000D620B3 /* Exceptions for "Intent Extensions" folder in "Intent Extensions" target */,
			);
			path = "Intent Extensions";
			sourceTree = "<group>";
		};
		DF4AD3A72CCD3D6E00D620B3 /* Other */ = {
			isa = PBXFileSystemSynchronizedRootGroup;
			path = Other;
			sourceTree = "<group>";
		};
		DF4AD3C32CCD3E6500D620B3 /* Moers Unit Tests */ = {
			isa = PBXFileSystemSynchronizedRootGroup;
			exceptions = (
				DF4AD3C72CCD3E6500D620B3 /* Exceptions for "Moers Unit Tests" folder in "Moers Unit Tests" target */,
			);
			path = "Moers Unit Tests";
			sourceTree = "<group>";
		};
		DF4AD3F22CCD3F1B00D620B3 /* MoersUITests */ = {
			isa = PBXFileSystemSynchronizedRootGroup;
			exceptions = (
				DF4AD3F92CCD3F1B00D620B3 /* Exceptions for "MoersUITests" folder in "MoersUITests" target */,
			);
			path = MoersUITests;
			sourceTree = "<group>";
		};
		DFC53C522D45BF5C009CA7EF /* Test Plans */ = {
			isa = PBXFileSystemSynchronizedRootGroup;
			path = "Test Plans";
			sourceTree = "<group>";
		};
/* End PBXFileSystemSynchronizedRootGroup section */

/* Begin PBXFrameworksBuildPhase section */
		DF1A495C1F6AAB7000E9108B /* Frameworks */ = {
			isa = PBXFrameworksBuildPhase;
			files = (
				DF152D8E289D23DB0046956F /* Cache in Frameworks */,
				DFE1ED782538C4E200FDD44A /* Pulley in Frameworks */,
				DF62AAF92891E841002D420E /* ModernNetworking in Frameworks */,
				DF2CF1C223BBB2EA003497C5 /* TextFieldEffects in Frameworks */,
				DF0EAC9C24C63FB0009BE489 /* ModernNetworking in Frameworks */,
				DFD8632C25E25F60006164E5 /* AppScaffold in Frameworks */,
				DF0B292828523C25009D389A /* Resolver in Frameworks */,
				DFE1ED6B2538C24800FDD44A /* BLTNBoard in Frameworks */,
				DFC53C562D466A2C009CA7EF /* FirebaseAnalytics in Frameworks */,
				DFFA7EA12706638D00E27E7B /* AppFeedback in Frameworks */,
				DF0EC43A28D86E3C009ED37B /* MMPages in Frameworks */,
				DFF6FFA4289D156600C88964 /* Haneke in Frameworks */,
				DF9F19F52766920C00B74E13 /* EFAUI in Frameworks */,
				DFE06E352771360E00466246 /* DashboardFeature in Frameworks */,
				DF97AD0F26EFEC5F009DFF71 /* Core in Frameworks */,
				DFDE88712545834B00429765 /* EventBus in Frameworks */,
				DF05E00F2792CA4C0063556E /* ParkingFeature in Frameworks */,
				DFCE12952538F7F600B45EB7 /* FeedKit in Frameworks */,
				DFE59D3B28D871B800BD0236 /* LicenseUI in Frameworks */,
				DF54DC372813039200819A3B /* MapFeature in Frameworks */,
				DF9F19F32766920C00B74E13 /* EFAAPI in Frameworks */,
				DF29DC7428D86D1300E4E35A /* MMEvents in Frameworks */,
				DF623C7027B56FD7009D335F /* NewsFeature in Frameworks */,
				DF86ABA12174900400EFC7EA /* Intents.framework in Frameworks */,
				DF38788828AE3FDF002FECE1 /* LicenseUI in Frameworks */,
				DFB07A33277741030033101C /* FirebaseMessaging in Frameworks */,
				DF55F25F27709B410024300B /* RubbishFeature in Frameworks */,
				DFB07A31277741030033101C /* FirebaseCrashlytics in Frameworks */,
				DFB07A2F277741030033101C /* FirebaseAnalyticsWithoutAdIdSupport in Frameworks */,
				DFA4BC48263A28530014C7F9 /* TagListView in Frameworks */,
			);
		};
		DF284EFA23F4C17100EC999B /* Frameworks */ = {
			isa = PBXFrameworksBuildPhase;
			files = (
				DF152D90289D33290046956F /* Core in Frameworks */,
			);
		};
		DF5E1B4B26726AF3005FADA4 /* Frameworks */ = {
			isa = PBXFrameworksBuildPhase;
			files = (
				DF6CA8FE2849125D0068B9AC /* MapFeature in Frameworks */,
				DF0A7DB327AB220A00957A8D /* AppScaffold in Frameworks */,
				DF9F19F72766923700B74E13 /* EFAAPI in Frameworks */,
				DF0EC43C28D86E96009ED37B /* MMPages in Frameworks */,
				DF75345C277280710086B292 /* RubbishFeature in Frameworks */,
				DF5C919027B5A26000451163 /* NewsFeature in Frameworks */,
				DF29DC7628D86D1F00E4E35A /* MMEvents in Frameworks */,
				DF3661D727AB2362002A90BB /* ParkingFeature in Frameworks */,
				DFDEBB3F289D1C4C00AB0EAA /* CoreCache in Frameworks */,
				DF3661D927AB267F002A90BB /* FuelFeature in Frameworks */,
				DF5E1B5226726AF3005FADA4 /* SwiftUI.framework in Frameworks */,
				DF9F19F92766923700B74E13 /* EFAUI in Frameworks */,
				DF5E1B5026726AF3005FADA4 /* WidgetKit.framework in Frameworks */,
				DF0B292A28523C7E009D389A /* Resolver in Frameworks */,
				DF5E1B7526727973005FADA4 /* FeedKit in Frameworks */,
			);
		};
		DF9F19D22766660100B74E13 /* Frameworks */ = {
			isa = PBXFrameworksBuildPhase;
			files = (
				DF0B292C28523DBB009D389A /* Resolver in Frameworks */,
				DF9F19FB2766923F00B74E13 /* EFAAPI in Frameworks */,
				DF9F19D62766660100B74E13 /* Intents.framework in Frameworks */,
			);
		};
		DFB161B0267651D6009D2754 /* Frameworks */ = {
			isa = PBXFrameworksBuildPhase;
			files = (
			);
		};
/* End PBXFrameworksBuildPhase section */

/* Begin PBXGroup section */
		DF1077B922BB81DD001DDFD3 /* Resources */ = {
			isa = PBXGroup;
			children = (
				DF6E061328AE34C1004FEBC9 /* Debug */,
				DF6E061428AE34C8004FEBC9 /* Release */,
				DF57D695218739C500E6A0A9 /* Moers-Bridging-Header.h */,
				DFB64DCA2038845300173A80 /* Firebase.h */,
				DFF5DDCA20094A910075A2F4 /* GoogleService-Info.plist */,
				DF636F5028D1CE8B00B29A76 /* Tankerkoenig-Info.plist */,
				DF782D8528D1D05D000BDC89 /* Tankerkoenig-Info-Sample.plist */,
				DFB64DC9203883D200173A80 /* module.modulemap */,
				DFAEF41120E8ECF7001B0756 /* Moers.entitlements */,
			);
			path = Resources;
			sourceTree = "<group>";
		};
		DF1A49561F6AAB7000E9108B = {
			isa = PBXGroup;
			children = (
				DFCAC4982852008100701BC1 /* Documentation.docc */,
				DF89BA1A26FE12AE003A6C64 /* IDEAS.md */,
				DF1A9B9F26ECB2A600D3CAD0 /* .swiftlint.yml */,
				DFC8507726EFE62400F9FB39 /* Core */,
				DF55F2622770ABE80024300B /* DashboardFeature */,
				DF35EFA927A9E9FE005C6BDA /* NewsFeature */,
				DFFBAA2927696353003728CF /* FuelFeature */,
				DF01804B27923CC500530143 /* ParkingFeature */,
				DFFBAA2727693755003728CF /* RubbishFeature */,
				DF559A5E2812FE160072F0F9 /* MapFeature */,
				DF80F6C928512FA600AB708D /* WeatherFeature */,
				DF62AB082891EC33002D420E /* PlaybackKit */,
				DF29DC7228D86CFD00E4E35A /* mmevents-ios */,
				DF0EC43828D86E21009ED37B /* mmpages-ios */,
				DF6F5CD428E31FC200E1DFBD /* efaapi-ios */,
				DF1A49611F6AAB7000E9108B /* Moers */,
				DF4AD3462CCD3BA600D620B3 /* Widgets */,
				DF4AD3792CCD3BC000D620B3 /* Intent Extensions */,
				DF4AD3C32CCD3E6500D620B3 /* Moers Unit Tests */,
				DF4AD3F22CCD3F1B00D620B3 /* MoersUITests */,
				DFC53C522D45BF5C009CA7EF /* Test Plans */,
				DF1A49601F6AAB7000E9108B /* Products */,
				DF1A497D1F6ABD7100E9108B /* Frameworks */,
			);
			sourceTree = "<group>";
		};
		DF1A49601F6AAB7000E9108B /* Products */ = {
			isa = PBXGroup;
			children = (
				DF1A495F1F6AAB7000E9108B /* Moers.app */,
				DF284EFD23F4C17100EC999B /* MoersUITests.xctest */,
				DF5E1B4E26726AF3005FADA4 /* WidgetsExtension.appex */,
				DFB161B3267651D6009D2754 /* Moers Unit Tests.xctest */,
				DF9F19D52766660100B74E13 /* Intent Extensions.appex */,
			);
			name = Products;
			sourceTree = "<group>";
		};
		DF1A49611F6AAB7000E9108B /* Moers */ = {
			isa = PBXGroup;
			children = (
				DF1A49621F6AAB7000E9108B /* AppDelegate.swift */,
				DF80F6BF2851142800AB708D /* WeatherWidget.swift */,
				DF4AD2D92CCD26A500D620B3 /* Config */,
				DF4AD25C2CCD250200D620B3 /* Common */,
				DF4AD2192CCD22C200D620B3 /* Coordinators */,
				DF4AD21F2CCD22C800D620B3 /* Events */,
				DF4AD3A72CCD3D6E00D620B3 /* Other */,
				DF4AD2322CCD236500D620B3 /* Manager */,
				DF4AD2FB2CCD278000D620B3 /* Assets */,
				DF4AD23A2CCD238200D620B3 /* Car Play */,
				DF1077B922BB81DD001DDFD3 /* Resources */,
			);
			path = Moers;
			sourceTree = "<group>";
		};
		DF1A497D1F6ABD7100E9108B /* Frameworks */ = {
			isa = PBXGroup;
			children = (
				DF86ABA02174900400EFC7EA /* Intents.framework */,
				DF5E1B4F26726AF3005FADA4 /* WidgetKit.framework */,
				DF5E1B5126726AF3005FADA4 /* SwiftUI.framework */,
			);
			name = Frameworks;
			sourceTree = "<group>";
		};
		DF6E061328AE34C1004FEBC9 /* Debug */ = {
			isa = PBXGroup;
			children = (
				DF6E061728AE350D004FEBC9 /* Settings.bundle */,
			);
			path = Debug;
			sourceTree = "<group>";
		};
		DF6E061428AE34C8004FEBC9 /* Release */ = {
			isa = PBXGroup;
			children = (
				DF6E061528AE34FB004FEBC9 /* Settings.bundle */,
			);
			path = Release;
			sourceTree = "<group>";
		};
/* End PBXGroup section */

/* Begin PBXNativeTarget section */
		DF1A495E1F6AAB7000E9108B /* Moers */ = {
			isa = PBXNativeTarget;
			buildConfigurationList = DF1A49711F6AAB7000E9108B /* Build configuration list for PBXNativeTarget "Moers" */;
			buildPhases = (
				DF782D8728D1DCA9000BDC89 /* Prepare Fuel API Key */,
				DF1A495C1F6AAB7000E9108B /* Frameworks */,
				DF1A495B1F6AAB7000E9108B /* Sources */,
				DF6E060D28AE2C3F004FEBC9 /* Generate Package List */,
				DF6E061A28AE3691004FEBC9 /* Generate Settings Bundle Licences */,
				DF6E061928AE3659004FEBC9 /* Settings Bundle Preparation */,
				DF1A495D1F6AAB7000E9108B /* Resources */,
				DF94B14D23F0A7E8009C57ED /* Embed Watch Content */,
				DFE62576254595E1005FAC1C /* Embed Frameworks */,
				DF5E1B5F26726AF7005FADA4 /* Embed Foundation Extensions */,
				DF8861C926CEF0CC00C895B4 /* Lint with SwiftLint */,
			);
			buildRules = (
			);
			dependencies = (
				DF5E1B5D26726AF7005FADA4 /* PBXTargetDependency */,
				DF9F19DC2766660100B74E13 /* PBXTargetDependency */,
			);
			fileSystemSynchronizedGroups = (
				DF4AD2192CCD22C200D620B3 /* Coordinators */,
				DF4AD21F2CCD22C800D620B3 /* Events */,
				DF4AD2322CCD236500D620B3 /* Manager */,
				DF4AD23A2CCD238200D620B3 /* Car Play */,
				DF4AD25C2CCD250200D620B3 /* Common */,
				DF4AD2D92CCD26A500D620B3 /* Config */,
				DF4AD2FB2CCD278000D620B3 /* Assets */,
				DF4AD3A72CCD3D6E00D620B3 /* Other */,
			);
			name = Moers;
			packageProductDependencies = (
				DF2CF1C123BBB2EA003497C5 /* TextFieldEffects */,
				DF0EAC9B24C63FB0009BE489 /* ModernNetworking */,
				DFE1ED6A2538C24800FDD44A /* BLTNBoard */,
				DFE1ED772538C4E200FDD44A /* Pulley */,
				DFCE12942538F7F600B45EB7 /* FeedKit */,
				DFDE88702545834B00429765 /* EventBus */,
				DFD8632B25E25F60006164E5 /* AppScaffold */,
				DFA4BC47263A28530014C7F9 /* TagListView */,
				DF97AD0E26EFEC5F009DFF71 /* Core */,
				DFFA7EA02706638D00E27E7B /* AppFeedback */,
				DF9F19F22766920C00B74E13 /* EFAAPI */,
				DF9F19F42766920C00B74E13 /* EFAUI */,
				DF55F25E27709B410024300B /* RubbishFeature */,
				DFE06E342771360E00466246 /* DashboardFeature */,
				DFB07A2E277741030033101C /* FirebaseAnalyticsWithoutAdIdSupport */,
				DFB07A30277741030033101C /* FirebaseCrashlytics */,
				DFB07A32277741030033101C /* FirebaseMessaging */,
				DF05E00E2792CA4C0063556E /* ParkingFeature */,
				DF623C6F27B56FD7009D335F /* NewsFeature */,
				DF54DC362813039200819A3B /* MapFeature */,
				DF0B292728523C25009D389A /* Resolver */,
				DF62AAF82891E841002D420E /* ModernNetworking */,
				DFF6FFA3289D156600C88964 /* Haneke */,
				DF152D8D289D23DB0046956F /* Cache */,
				DF38788728AE3FDF002FECE1 /* LicenseUI */,
				DF29DC7328D86D1300E4E35A /* MMEvents */,
				DF0EC43928D86E3C009ED37B /* MMPages */,
				DFE59D3A28D871B800BD0236 /* LicenseUI */,
				DFC53C552D466A2C009CA7EF /* FirebaseAnalytics */,
			);
			productName = Moers;
			productReference = DF1A495F1F6AAB7000E9108B /* Moers.app */;
			productType = "com.apple.product-type.application";
		};
		DF284EFC23F4C17100EC999B /* MoersUITests */ = {
			isa = PBXNativeTarget;
			buildConfigurationList = DF284F0423F4C17100EC999B /* Build configuration list for PBXNativeTarget "MoersUITests" */;
			buildPhases = (
				DF284EF923F4C17100EC999B /* Sources */,
				DF284EFA23F4C17100EC999B /* Frameworks */,
				DF284EFB23F4C17100EC999B /* Resources */,
			);
			buildRules = (
			);
			dependencies = (
				DF284F0323F4C17100EC999B /* PBXTargetDependency */,
			);
			fileSystemSynchronizedGroups = (
				DF4AD3F22CCD3F1B00D620B3 /* MoersUITests */,
			);
			name = MoersUITests;
			packageProductDependencies = (
				DF152D8F289D33290046956F /* Core */,
			);
			productName = MoersUITests;
			productReference = DF284EFD23F4C17100EC999B /* MoersUITests.xctest */;
			productType = "com.apple.product-type.bundle.ui-testing";
		};
		DF5E1B4D26726AF3005FADA4 /* WidgetsExtension */ = {
			isa = PBXNativeTarget;
			buildConfigurationList = DF5E1B6626726AF7005FADA4 /* Build configuration list for PBXNativeTarget "WidgetsExtension" */;
			buildPhases = (
				DF5E1B4A26726AF3005FADA4 /* Sources */,
				DF5E1B4B26726AF3005FADA4 /* Frameworks */,
				DF5E1B4C26726AF3005FADA4 /* Resources */,
			);
			buildRules = (
			);
			fileSystemSynchronizedGroups = (
				DF4AD3462CCD3BA600D620B3 /* Widgets */,
			);
			name = WidgetsExtension;
			packageProductDependencies = (
				DF5E1B7426727973005FADA4 /* FeedKit */,
				DF9F19F62766923700B74E13 /* EFAAPI */,
				DF9F19F82766923700B74E13 /* EFAUI */,
				DF75345B277280710086B292 /* RubbishFeature */,
				DF0A7DB227AB220A00957A8D /* AppScaffold */,
				DF3661D627AB2362002A90BB /* ParkingFeature */,
				DF3661D827AB267F002A90BB /* FuelFeature */,
				DF5C918F27B5A26000451163 /* NewsFeature */,
				DF6CA8FD2849125D0068B9AC /* MapFeature */,
				DF0B292928523C7E009D389A /* Resolver */,
				DFDEBB3E289D1C4C00AB0EAA /* CoreCache */,
				DF29DC7528D86D1F00E4E35A /* MMEvents */,
				DF0EC43B28D86E96009ED37B /* MMPages */,
			);
			productName = WidgetsExtension;
			productReference = DF5E1B4E26726AF3005FADA4 /* WidgetsExtension.appex */;
			productType = "com.apple.product-type.app-extension";
		};
		DF9F19D42766660100B74E13 /* Intent Extensions */ = {
			isa = PBXNativeTarget;
			buildConfigurationList = DF9F19DE2766660100B74E13 /* Build configuration list for PBXNativeTarget "Intent Extensions" */;
			buildPhases = (
				DF9F19D12766660100B74E13 /* Sources */,
				DF9F19D22766660100B74E13 /* Frameworks */,
				DF9F19D32766660100B74E13 /* Resources */,
			);
			buildRules = (
			);
			name = "Intent Extensions";
			packageProductDependencies = (
				DF9F19FA2766923F00B74E13 /* EFAAPI */,
				DF0B292B28523DBB009D389A /* Resolver */,
			);
			productName = "Intent Extensions";
			productReference = DF9F19D52766660100B74E13 /* Intent Extensions.appex */;
			productType = "com.apple.product-type.app-extension";
		};
		DFB161B2267651D6009D2754 /* Moers Unit Tests */ = {
			isa = PBXNativeTarget;
			buildConfigurationList = DFB161BA267651D7009D2754 /* Build configuration list for PBXNativeTarget "Moers Unit Tests" */;
			buildPhases = (
				DFB161AF267651D6009D2754 /* Sources */,
				DFB161B0267651D6009D2754 /* Frameworks */,
				DFB161B1267651D6009D2754 /* Resources */,
			);
			buildRules = (
			);
			dependencies = (
				DFB161B9267651D7009D2754 /* PBXTargetDependency */,
			);
			fileSystemSynchronizedGroups = (
				DF4AD3C32CCD3E6500D620B3 /* Moers Unit Tests */,
			);
			name = "Moers Unit Tests";
			productName = "Moers Unit Tests";
			productReference = DFB161B3267651D6009D2754 /* Moers Unit Tests.xctest */;
			productType = "com.apple.product-type.bundle.unit-test";
		};
/* End PBXNativeTarget section */

/* Begin PBXProject section */
		DF1A49571F6AAB7000E9108B /* Project object */ = {
			isa = PBXProject;
			attributes = {
				BuildIndependentTargetsInParallel = YES;
				DefaultBuildSystemTypeForWorkspace = Latest;
				LastSwiftUpdateCheck = 1310;
				LastUpgradeCheck = 2620;
				ORGANIZATIONNAME = "Lennart Fischer";
				TargetAttributes = {
					DF1A495E1F6AAB7000E9108B = {
						CreatedOnToolsVersion = 9.0;
						LastSwiftMigration = 1020;
						SystemCapabilities = {
							com.apple.ApplicationGroups.iOS = {
								enabled = 0;
							};
							com.apple.Push = {
								enabled = 1;
							};
							com.apple.SafariKeychain = {
								enabled = 1;
							};
							com.apple.Siri = {
								enabled = 1;
							};
						};
					};
					DF284EFC23F4C17100EC999B = {
						CreatedOnToolsVersion = 11.3.1;
						TestTargetID = DF1A495E1F6AAB7000E9108B;
					};
					DF5E1B4D26726AF3005FADA4 = {
						CreatedOnToolsVersion = 12.5;
					};
					DF9F19D42766660100B74E13 = {
						CreatedOnToolsVersion = 13.1;
					};
					DFB161B2267651D6009D2754 = {
						CreatedOnToolsVersion = 12.5;
						TestTargetID = DF1A495E1F6AAB7000E9108B;
					};
				};
			};
			buildConfigurationList = DF1A495A1F6AAB7000E9108B /* Build configuration list for PBXProject "Moers" */;
			developmentRegion = en;
			hasScannedForEncodings = 0;
			knownRegions = (
				en,
				Base,
				de,
			);
			mainGroup = DF1A49561F6AAB7000E9108B;
			minimizedProjectReferenceProxies = 1;
			packageReferences = (
				DF2CF1C023BBB2EA003497C5 /* XCRemoteSwiftPackageReference "TextFieldEffects" */,
				DFE1ED692538C24800FDD44A /* XCRemoteSwiftPackageReference "BulletinBoard" */,
				DFE1ED762538C4E200FDD44A /* XCRemoteSwiftPackageReference "Pulley" */,
				DFCE12932538F7F600B45EB7 /* XCRemoteSwiftPackageReference "FeedKit" */,
				DFDE886F2545834B00429765 /* XCRemoteSwiftPackageReference "eventbus" */,
				DFD8632A25E25F5F006164E5 /* XCRemoteSwiftPackageReference "app-scaffold-ios" */,
				DFA4BC46263A28530014C7F9 /* XCRemoteSwiftPackageReference "TagListView" */,
				DFFA7E9F2706638D00E27E7B /* XCRemoteSwiftPackageReference "swift-app-feedback" */,
				DF9F19F12766920C00B74E13 /* XCRemoteSwiftPackageReference "efaapi-ios" */,
				DFB07A2B277741030033101C /* XCRemoteSwiftPackageReference "firebase-ios-sdk" */,
				DF0B292628523C24009D389A /* XCRemoteSwiftPackageReference "Resolver" */,
				DF62AAF72891E841002D420E /* XCRemoteSwiftPackageReference "modernnetworking" */,
				DFF6FFA2289D156600C88964 /* XCRemoteSwiftPackageReference "HanekeSwift" */,
				DF152D8C289D23DB0046956F /* XCRemoteSwiftPackageReference "Cache" */,
				DFE59D3928D871B800BD0236 /* XCRemoteSwiftPackageReference "swift-license-ui" */,
			);
			preferredProjectObjectVersion = 90;
			productRefGroup = DF1A49601F6AAB7000E9108B /* Products */;
			projectDirPath = "";
			projectRoot = "";
			targets = (
				DF1A495E1F6AAB7000E9108B /* Moers */,
				DF284EFC23F4C17100EC999B /* MoersUITests */,
				DFB161B2267651D6009D2754 /* Moers Unit Tests */,
				DF5E1B4D26726AF3005FADA4 /* WidgetsExtension */,
				DF9F19D42766660100B74E13 /* Intent Extensions */,
			);
		};
/* End PBXProject section */

/* Begin PBXResourcesBuildPhase section */
		DF1A495D1F6AAB7000E9108B /* Resources */ = {
			isa = PBXResourcesBuildPhase;
			files = (
				DF636F5128D1CE8B00B29A76 /* Tankerkoenig-Info.plist in Resources */,
				DF782D8628D1D05D000BDC89 /* Tankerkoenig-Info-Sample.plist in Resources */,
				DF89BA1B26FE12AE003A6C64 /* IDEAS.md in Resources */,
				DFF5DDCB20094A920075A2F4 /* GoogleService-Info.plist in Resources */,
			);
		};
		DF284EFB23F4C17100EC999B /* Resources */ = {
			isa = PBXResourcesBuildPhase;
			files = (
			);
		};
		DF5E1B4C26726AF3005FADA4 /* Resources */ = {
			isa = PBXResourcesBuildPhase;
			files = (
				DF6F5CD328E3190800E1DFBD /* Tankerkoenig-Info.plist in Resources */,
				DF6F5CD228E3190800E1DFBD /* Tankerkoenig-Info-Sample.plist in Resources */,
			);
		};
		DF9F19D32766660100B74E13 /* Resources */ = {
			isa = PBXResourcesBuildPhase;
			files = (
			);
		};
		DFB161B1267651D6009D2754 /* Resources */ = {
			isa = PBXResourcesBuildPhase;
			files = (
			);
		};
/* End PBXResourcesBuildPhase section */

/* Begin PBXShellScriptBuildPhase section */
		DF6E060D28AE2C3F004FEBC9 /* Generate Package List */ = {
			isa = PBXShellScriptBuildPhase;
			name = "Generate Package List";
			shellPath = /bin/sh;
			shellScript = (
				"#if command -v swift-package-list &> /dev/null; then",
				"#    OUTPUT_PATH=$SOURCE_ROOT/$TARGETNAME",
				"#    swift-package-list \"$PROJECT_FILE_PATH\" --output-path \"$OUTPUT_PATH\" --requires-license",
				"#else",
				"#    echo \"warning: swift-package-list not installed\"",
				"#fi",
				"",
			);
		};
		DF6E061928AE3659004FEBC9 /* Settings Bundle Preparation */ = {
			isa = PBXShellScriptBuildPhase;
			name = "Settings Bundle Preparation";
			shellPath = /bin/sh;
			shellScript = (
				"BUNDLE_DIR=\"$PROJECT_DIR/Moers\"",
				"BUILD_APP_DIR=\"$BUILT_PRODUCTS_DIR/$PRODUCT_NAME.app\"",
				"",
				"",
				"if [[ \"$CONFIGURATION\" == *\"Release\"* ]]; then",
				"cp -rf \"$BUNDLE_DIR/Resources/Release/Settings.bundle\" \"$BUILD_APP_DIR\"",
				"else",
				"cp -rf \"$BUNDLE_DIR/Resources/Debug/Settings.bundle\" \"$BUILD_APP_DIR\"",
				"fi",
				"",
				"cd $PROJECT_DIR",
				"cd \"$BUILT_PRODUCTS_DIR/$PRODUCT_NAME.app\"",
				"",
				"RELEASE_VERSION=$(/usr/libexec/PlistBuddy -c \"Print CFBundleShortVersionString\" Info.plist)",
				"BUILD_NUMBER=$(/usr/libexec/PlistBuddy -c \"Print CFBundleVersion\" Info.plist)",
				"VERSION_STRING=\"$RELEASE_VERSION ($BUILD_NUMBER)\"",
				"/usr/libexec/PlistBuddy -c \"Set :PreferenceSpecifiers:0:DefaultValue $VERSION_STRING\" \"$BUILD_APP_DIR/Settings.bundle/Root.plist\"",
				"",
			);
		};
		DF6E061A28AE3691004FEBC9 /* Generate Settings Bundle Licences */ = {
			isa = PBXShellScriptBuildPhase;
			name = "Generate Settings Bundle Licences";
			shellPath = /bin/sh;
			shellScript = (
				"if [[ \"$CONFIGURATION\" == *\"Debug\"* ]]; then",
				"# /usr/local/bin/license-plist --output-path Moers/Resources/Debug/Settings.bundle --add-version-numbers --package-path Moers.xcodeproj/project.xcworkspace/xcshareddata/swiftpm/Package.resolved",
				"",
				"cp -rf Moers/Resources/Debug/Settings.bundle/com.mono0926.LicensePlist Moers/Resources/Release/Settings.bundle/com.mono0926.LicensePlist",
				"cp -rf Moers/Resources/Debug/Settings.bundle/com.mono0926.LicensePlist.latest_result.txt Moers/Resources/Release/Settings.bundle/com.mono0926.LicensePlist.latest_result.txt",
				"cp -rf Moers/Resources/Debug/Settings.bundle/com.mono0926.LicensePlist.plist Moers/Resources/Release/Settings.bundle/com.mono0926.LicensePlist.plist",
				"",
				"echo \"Updated and copied license plists\"",
				"",
				"fi",
				"",
				"",
			);
		};
		DF782D8728D1DCA9000BDC89 /* Prepare Fuel API Key */ = {
			isa = PBXShellScriptBuildPhase;
			name = "Prepare Fuel API Key";
			shellPath = /bin/sh;
			shellScript = (
				"CONFIG_FILE_BASE_NAME=\"Tankerkoenig-Info\"",
				"",
				"CONFIG_FILE_NAME=${CONFIG_FILE_BASE_NAME}.plist",
				"SAMPLE_CONFIG_FILE_NAME=${CONFIG_FILE_BASE_NAME}-Sample.plist",
				"",
				"CONFIG_FILE_PATH=$SRCROOT/Moers/Resources/$CONFIG_FILE_NAME",
				"SAMPLE_CONFIG_FILE_PATH=$SRCROOT/Moers/Resources/$SAMPLE_CONFIG_FILE_NAME",
				"",
				"if [ -f \"$CONFIG_FILE_PATH\" ]; then",
				"  echo \"$CONFIG_FILE_PATH exists.\"",
				"else",
				"  echo \"$CONFIG_FILE_PATH does not exist, copying sample\"",
				"  cp -v \"${SAMPLE_CONFIG_FILE_PATH}\" \"${CONFIG_FILE_PATH}\"",
				"fi",
				"",
			);
		};
		DF8861C926CEF0CC00C895B4 /* Lint with SwiftLint */ = {
			isa = PBXShellScriptBuildPhase;
			alwaysOutOfDate = 1;
			name = "Lint with SwiftLint";
			shellPath = /bin/sh;
			shellScript = (
				"#if which swiftlint >/dev/null; then",
				"#   swiftlint",
				"#else",
				"#   echo \"warning: SwiftLint not installed, download from https://github.com/realm/SwiftLint\"",
				"#fi",
				"",
			);
		};
/* End PBXShellScriptBuildPhase section */

/* Begin PBXSourcesBuildPhase section */
		DF1A495B1F6AAB7000E9108B /* Sources */ = {
			isa = PBXSourcesBuildPhase;
			files = (
				DF1A49631F6AAB7000E9108B /* AppDelegate.swift in Sources */,
				DF80F6C02851142800AB708D /* WeatherWidget.swift in Sources */,
			);
		};
		DF284EF923F4C17100EC999B /* Sources */ = {
			isa = PBXSourcesBuildPhase;
			files = (
			);
		};
		DF5E1B4A26726AF3005FADA4 /* Sources */ = {
			isa = PBXSourcesBuildPhase;
			files = (
			);
		};
		DF9F19D12766660100B74E13 /* Sources */ = {
			isa = PBXSourcesBuildPhase;
			files = (
			);
		};
		DFB161AF267651D6009D2754 /* Sources */ = {
			isa = PBXSourcesBuildPhase;
			files = (
			);
		};
/* End PBXSourcesBuildPhase section */

/* Begin PBXTargetDependency section */
		DF284F0323F4C17100EC999B /* PBXTargetDependency */ = {
			isa = PBXTargetDependency;
			target = DF1A495E1F6AAB7000E9108B /* Moers */;
			targetProxy = DF284F0223F4C17100EC999B /* PBXContainerItemProxy */;
		};
		DF5E1B5D26726AF7005FADA4 /* PBXTargetDependency */ = {
			isa = PBXTargetDependency;
			target = DF5E1B4D26726AF3005FADA4 /* WidgetsExtension */;
			targetProxy = DF5E1B5C26726AF7005FADA4 /* PBXContainerItemProxy */;
		};
		DF9F19DC2766660100B74E13 /* PBXTargetDependency */ = {
			isa = PBXTargetDependency;
			target = DF9F19D42766660100B74E13 /* Intent Extensions */;
			targetProxy = DF9F19DB2766660100B74E13 /* PBXContainerItemProxy */;
		};
		DFB161B9267651D7009D2754 /* PBXTargetDependency */ = {
			isa = PBXTargetDependency;
			target = DF1A495E1F6AAB7000E9108B /* Moers */;
			targetProxy = DFB161B8267651D7009D2754 /* PBXContainerItemProxy */;
		};
/* End PBXTargetDependency section */

/* Begin XCBuildConfiguration section */
		DF11BFA822B9515E0051C3B3 /* Debug (Production) configuration for PBXProject "Moers" */ = {
			isa = XCBuildConfiguration;
			baseConfigurationReferenceAnchor = DF4AD2D92CCD26A500D620B3 /* Config */;
			baseConfigurationReferenceRelativePath = Production.xcconfig;
			buildSettings = {
				ALWAYS_SEARCH_USER_PATHS = NO;
				ASSETCATALOG_COMPILER_GENERATE_SWIFT_ASSET_SYMBOL_EXTENSIONS = YES;
				CLANG_ANALYZER_LOCALIZABILITY_NONLOCALIZED = YES;
				CLANG_ANALYZER_NONNULL = YES;
				CLANG_ANALYZER_NUMBER_OBJECT_CONVERSION = YES_AGGRESSIVE;
				CLANG_CXX_LANGUAGE_STANDARD = "gnu++14";
				CLANG_CXX_LIBRARY = "libc++";
				CLANG_ENABLE_MODULES = YES;
				CLANG_ENABLE_OBJC_ARC = YES;
				CLANG_WARN_BLOCK_CAPTURE_AUTORELEASING = YES;
				CLANG_WARN_BOOL_CONVERSION = YES;
				CLANG_WARN_COMMA = YES;
				CLANG_WARN_CONSTANT_CONVERSION = YES;
				CLANG_WARN_DEPRECATED_OBJC_IMPLEMENTATIONS = YES;
				CLANG_WARN_DIRECT_OBJC_ISA_USAGE = YES_ERROR;
				CLANG_WARN_DOCUMENTATION_COMMENTS = YES;
				CLANG_WARN_EMPTY_BODY = YES;
				CLANG_WARN_ENUM_CONVERSION = YES;
				CLANG_WARN_INFINITE_RECURSION = YES;
				CLANG_WARN_INT_CONVERSION = YES;
				CLANG_WARN_NON_LITERAL_NULL_CONVERSION = YES;
				CLANG_WARN_OBJC_IMPLICIT_RETAIN_SELF = YES;
				CLANG_WARN_OBJC_LITERAL_CONVERSION = YES;
				CLANG_WARN_OBJC_ROOT_CLASS = YES_ERROR;
				CLANG_WARN_QUOTED_INCLUDE_IN_FRAMEWORK_HEADER = YES;
				CLANG_WARN_RANGE_LOOP_ANALYSIS = YES;
				CLANG_WARN_STRICT_PROTOTYPES = YES;
				CLANG_WARN_SUSPICIOUS_MOVE = YES;
				CLANG_WARN_UNGUARDED_AVAILABILITY = YES_AGGRESSIVE;
				CLANG_WARN_UNREACHABLE_CODE = YES;
				CLANG_WARN__DUPLICATE_METHOD_MATCH = YES;
				CODE_SIGN_IDENTITY = "iPhone Developer";
				COPY_PHASE_STRIP = NO;
				CURRENT_PROJECT_VERSION = 66;
				DEBUG_INFORMATION_FORMAT = dwarf;
				ENABLE_STRICT_OBJC_MSGSEND = YES;
				ENABLE_TESTABILITY = YES;
				ENABLE_USER_SCRIPT_SANDBOXING = NO;
				GCC_C_LANGUAGE_STANDARD = gnu11;
				GCC_DYNAMIC_NO_PIC = NO;
				GCC_NO_COMMON_BLOCKS = YES;
				GCC_OPTIMIZATION_LEVEL = 0;
				GCC_PREPROCESSOR_DEFINITIONS = (
					"DEBUG=1",
					"$(inherited)",
				);
				GCC_WARN_64_TO_32_BIT_CONVERSION = YES;
				GCC_WARN_ABOUT_RETURN_TYPE = YES_ERROR;
				GCC_WARN_UNDECLARED_SELECTOR = YES;
				GCC_WARN_UNINITIALIZED_AUTOS = YES_AGGRESSIVE;
				GCC_WARN_UNUSED_FUNCTION = YES;
				GCC_WARN_UNUSED_VARIABLE = YES;
				IPHONEOS_DEPLOYMENT_TARGET = 15.2;
				MTL_ENABLE_DEBUG_INFO = YES;
				ONLY_ACTIVE_ARCH = YES;
				SDKROOT = iphoneos;
				STRING_CATALOG_GENERATE_SYMBOLS = YES;
				SWIFT_ACTIVE_COMPILATION_CONDITIONS = DEBUG;
				SWIFT_OPTIMIZATION_LEVEL = "-Onone";
				SWIFT_STRICT_CONCURRENCY = targeted;
				VERSIONING_SYSTEM = "apple-generic";
			};
			name = "Debug (Production)";
		};
		DF11BFA922B9515E0051C3B3 /* Debug (Production) configuration for PBXNativeTarget "Moers" */ = {
			isa = XCBuildConfiguration;
			baseConfigurationReferenceAnchor = DF4AD2D92CCD26A500D620B3 /* Config */;
			baseConfigurationReferenceRelativePath = Production.xcconfig;
			buildSettings = {
				ASSETCATALOG_COMPILER_APPICON_NAME = Dark;
				ASSETCATALOG_COMPILER_GLOBAL_ACCENT_COLOR_NAME = AccentColor;
				CLANG_ENABLE_MODULES = YES;
				CODE_SIGN_ENTITLEMENTS = Moers/Resources/Moers.entitlements;
				CODE_SIGN_IDENTITY = "Apple Development";
				"CODE_SIGN_IDENTITY[sdk=iphoneos*]" = "iPhone Developer";
				CODE_SIGN_STYLE = Manual;
				CURRENT_PROJECT_VERSION = 66;
				DEVELOPMENT_TEAM = "";
				"DEVELOPMENT_TEAM[sdk=iphoneos*]" = 77N8D7LGCZ;
				EXCLUDED_ARCHS = "";
				FRAMEWORK_SEARCH_PATHS = (
					"$(inherited)",
					"$(PROJECT_DIR)/Moers",
					"$(PROJECT_DIR)",
					"$(PROJECT_DIR)/Frameworks",
				);
				INFOPLIST_FILE = "$(SRCROOT)/Moers/Config/Info.plist";
				IPHONEOS_DEPLOYMENT_TARGET = 15.2;
				LD_RUNPATH_SEARCH_PATHS = (
					"$(inherited)",
					"@executable_path/Frameworks",
				);
				OTHER_LDFLAGS = "-ObjC";
				OTHER_SWIFT_FLAGS = "-Xfrontend -debug-time-function-bodies";
				PRODUCT_BUNDLE_IDENTIFIER = de.okfn.niederrhein.Moers;
				PRODUCT_NAME = "$(TARGET_NAME)";
				PROVISIONING_PROFILE_SPECIFIER = "";
				"PROVISIONING_PROFILE_SPECIFIER[sdk=iphoneos*]" = "match Development de.okfn.niederrhein.Moers";
				SWIFT_OBJC_BRIDGING_HEADER = "Moers/Resources/Moers-Bridging-Header.h";
				SWIFT_OPTIMIZATION_LEVEL = "-Onone";
				SWIFT_STRICT_CONCURRENCY = targeted;
				SWIFT_VERSION = 5.0;
				TARGETED_DEVICE_FAMILY = "1,2";
				USER_HEADER_SEARCH_PATHS = (
					"${PROJECT_DIR}",
					"${PROJECT_DIR}/Moers/Utility",
				);
				VERSIONING_SYSTEM = "apple-generic";
			};
			name = "Debug (Production)";
		};
		DF11BFAE22B951780051C3B3 /* Release (Production) configuration for PBXProject "Moers" */ = {
			isa = XCBuildConfiguration;
			baseConfigurationReferenceAnchor = DF4AD2D92CCD26A500D620B3 /* Config */;
			baseConfigurationReferenceRelativePath = Production.xcconfig;
			buildSettings = {
				ALWAYS_SEARCH_USER_PATHS = NO;
				ASSETCATALOG_COMPILER_GENERATE_SWIFT_ASSET_SYMBOL_EXTENSIONS = YES;
				CLANG_ANALYZER_LOCALIZABILITY_NONLOCALIZED = YES;
				CLANG_ANALYZER_NONNULL = YES;
				CLANG_ANALYZER_NUMBER_OBJECT_CONVERSION = YES_AGGRESSIVE;
				CLANG_CXX_LANGUAGE_STANDARD = "gnu++14";
				CLANG_CXX_LIBRARY = "libc++";
				CLANG_ENABLE_MODULES = YES;
				CLANG_ENABLE_OBJC_ARC = YES;
				CLANG_WARN_BLOCK_CAPTURE_AUTORELEASING = YES;
				CLANG_WARN_BOOL_CONVERSION = YES;
				CLANG_WARN_COMMA = YES;
				CLANG_WARN_CONSTANT_CONVERSION = YES;
				CLANG_WARN_DEPRECATED_OBJC_IMPLEMENTATIONS = YES;
				CLANG_WARN_DIRECT_OBJC_ISA_USAGE = YES_ERROR;
				CLANG_WARN_DOCUMENTATION_COMMENTS = YES;
				CLANG_WARN_EMPTY_BODY = YES;
				CLANG_WARN_ENUM_CONVERSION = YES;
				CLANG_WARN_INFINITE_RECURSION = YES;
				CLANG_WARN_INT_CONVERSION = YES;
				CLANG_WARN_NON_LITERAL_NULL_CONVERSION = YES;
				CLANG_WARN_OBJC_IMPLICIT_RETAIN_SELF = YES;
				CLANG_WARN_OBJC_LITERAL_CONVERSION = YES;
				CLANG_WARN_OBJC_ROOT_CLASS = YES_ERROR;
				CLANG_WARN_QUOTED_INCLUDE_IN_FRAMEWORK_HEADER = YES;
				CLANG_WARN_RANGE_LOOP_ANALYSIS = YES;
				CLANG_WARN_STRICT_PROTOTYPES = YES;
				CLANG_WARN_SUSPICIOUS_MOVE = YES;
				CLANG_WARN_UNGUARDED_AVAILABILITY = YES_AGGRESSIVE;
				CLANG_WARN_UNREACHABLE_CODE = YES;
				CLANG_WARN__DUPLICATE_METHOD_MATCH = YES;
				CODE_SIGN_IDENTITY = "iPhone Developer";
				COPY_PHASE_STRIP = NO;
				CURRENT_PROJECT_VERSION = 66;
				DEBUG_INFORMATION_FORMAT = "dwarf-with-dsym";
				ENABLE_NS_ASSERTIONS = NO;
				ENABLE_STRICT_OBJC_MSGSEND = YES;
				ENABLE_USER_SCRIPT_SANDBOXING = NO;
				GCC_C_LANGUAGE_STANDARD = gnu11;
				GCC_NO_COMMON_BLOCKS = YES;
				GCC_WARN_64_TO_32_BIT_CONVERSION = YES;
				GCC_WARN_ABOUT_RETURN_TYPE = YES_ERROR;
				GCC_WARN_UNDECLARED_SELECTOR = YES;
				GCC_WARN_UNINITIALIZED_AUTOS = YES_AGGRESSIVE;
				GCC_WARN_UNUSED_FUNCTION = YES;
				GCC_WARN_UNUSED_VARIABLE = YES;
				IPHONEOS_DEPLOYMENT_TARGET = 15.2;
				MTL_ENABLE_DEBUG_INFO = NO;
				SDKROOT = iphoneos;
				STRING_CATALOG_GENERATE_SYMBOLS = YES;
				SWIFT_COMPILATION_MODE = wholemodule;
				SWIFT_OPTIMIZATION_LEVEL = "-O";
				SWIFT_STRICT_CONCURRENCY = targeted;
				VALIDATE_PRODUCT = YES;
				VERSIONING_SYSTEM = "apple-generic";
			};
			name = "Release (Production)";
		};
		DF11BFAF22B951780051C3B3 /* Release (Production) configuration for PBXNativeTarget "Moers" */ = {
			isa = XCBuildConfiguration;
			baseConfigurationReferenceAnchor = DF4AD2D92CCD26A500D620B3 /* Config */;
			baseConfigurationReferenceRelativePath = Production.xcconfig;
			buildSettings = {
				ASSETCATALOG_COMPILER_APPICON_NAME = Dark;
				ASSETCATALOG_COMPILER_GLOBAL_ACCENT_COLOR_NAME = AccentColor;
				CLANG_ENABLE_MODULES = YES;
				CODE_SIGN_ENTITLEMENTS = Moers/Resources/Moers.entitlements;
				CODE_SIGN_IDENTITY = "Apple Development";
				"CODE_SIGN_IDENTITY[sdk=iphoneos*]" = "iPhone Distribution";
				CODE_SIGN_STYLE = Manual;
				CURRENT_PROJECT_VERSION = 66;
				DEVELOPMENT_TEAM = "";
				"DEVELOPMENT_TEAM[sdk=iphoneos*]" = 77N8D7LGCZ;
				ENABLE_TESTABILITY = YES;
				EXCLUDED_ARCHS = "";
				FRAMEWORK_SEARCH_PATHS = (
					"$(inherited)",
					"$(PROJECT_DIR)/Moers",
					"$(PROJECT_DIR)",
					"$(PROJECT_DIR)/Frameworks",
				);
				INFOPLIST_FILE = "$(SRCROOT)/Moers/Config/Info.plist";
				IPHONEOS_DEPLOYMENT_TARGET = 15.2;
				LD_RUNPATH_SEARCH_PATHS = (
					"$(inherited)",
					"@executable_path/Frameworks",
				);
				ONLY_ACTIVE_ARCH = YES;
				OTHER_LDFLAGS = "-ObjC";
				OTHER_SWIFT_FLAGS = "-Xfrontend -debug-time-function-bodies";
				PRODUCT_BUNDLE_IDENTIFIER = de.okfn.niederrhein.Moers;
				PRODUCT_NAME = "$(TARGET_NAME)";
				PROVISIONING_PROFILE_SPECIFIER = "";
				"PROVISIONING_PROFILE_SPECIFIER[sdk=iphoneos*]" = "match AppStore de.okfn.niederrhein.Moers";
				SWIFT_OBJC_BRIDGING_HEADER = "Moers/Resources/Moers-Bridging-Header.h";
				SWIFT_STRICT_CONCURRENCY = targeted;
				SWIFT_VERSION = 5.0;
				TARGETED_DEVICE_FAMILY = "1,2";
				USER_HEADER_SEARCH_PATHS = (
					"${PROJECT_DIR}",
					"${PROJECT_DIR}/Moers/Utility",
				);
				VERSIONING_SYSTEM = "apple-generic";
			};
			name = "Release (Production)";
		};
		DF284F0723F4C17100EC999B /* Debug (Production) configuration for PBXNativeTarget "MoersUITests" */ = {
			isa = XCBuildConfiguration;
			baseConfigurationReferenceAnchor = DF4AD2D92CCD26A500D620B3 /* Config */;
			baseConfigurationReferenceRelativePath = Production.xcconfig;
			buildSettings = {
				ALWAYS_SEARCH_USER_PATHS = NO;
				CLANG_ANALYZER_NONNULL = YES;
				CLANG_ANALYZER_NUMBER_OBJECT_CONVERSION = YES_AGGRESSIVE;
				CLANG_CXX_LANGUAGE_STANDARD = "gnu++14";
				CLANG_CXX_LIBRARY = "libc++";
				CLANG_ENABLE_MODULES = YES;
				CLANG_ENABLE_OBJC_ARC = YES;
				CLANG_ENABLE_OBJC_WEAK = YES;
				CLANG_WARN_BLOCK_CAPTURE_AUTORELEASING = YES;
				CLANG_WARN_BOOL_CONVERSION = YES;
				CLANG_WARN_COMMA = YES;
				CLANG_WARN_CONSTANT_CONVERSION = YES;
				CLANG_WARN_DEPRECATED_OBJC_IMPLEMENTATIONS = YES;
				CLANG_WARN_DIRECT_OBJC_ISA_USAGE = YES_ERROR;
				CLANG_WARN_DOCUMENTATION_COMMENTS = YES;
				CLANG_WARN_EMPTY_BODY = YES;
				CLANG_WARN_ENUM_CONVERSION = YES;
				CLANG_WARN_INFINITE_RECURSION = YES;
				CLANG_WARN_INT_CONVERSION = YES;
				CLANG_WARN_NON_LITERAL_NULL_CONVERSION = YES;
				CLANG_WARN_OBJC_IMPLICIT_RETAIN_SELF = YES;
				CLANG_WARN_OBJC_LITERAL_CONVERSION = YES;
				CLANG_WARN_OBJC_ROOT_CLASS = YES_ERROR;
				CLANG_WARN_RANGE_LOOP_ANALYSIS = YES;
				CLANG_WARN_STRICT_PROTOTYPES = YES;
				CLANG_WARN_SUSPICIOUS_MOVE = YES;
				CLANG_WARN_UNGUARDED_AVAILABILITY = YES_AGGRESSIVE;
				CLANG_WARN_UNREACHABLE_CODE = YES;
				CLANG_WARN__DUPLICATE_METHOD_MATCH = YES;
				CODE_SIGN_STYLE = Automatic;
				COPY_PHASE_STRIP = NO;
				CURRENT_PROJECT_VERSION = 66;
				DEBUG_INFORMATION_FORMAT = dwarf;
				DEVELOPMENT_TEAM = 77N8D7LGCZ;
				ENABLE_STRICT_OBJC_MSGSEND = YES;
				ENABLE_TESTABILITY = YES;
				GCC_C_LANGUAGE_STANDARD = gnu11;
				GCC_DYNAMIC_NO_PIC = NO;
				GCC_NO_COMMON_BLOCKS = YES;
				GCC_OPTIMIZATION_LEVEL = 0;
				GCC_PREPROCESSOR_DEFINITIONS = (
					"DEBUG=1",
					"$(inherited)",
				);
				GCC_WARN_64_TO_32_BIT_CONVERSION = YES;
				GCC_WARN_ABOUT_RETURN_TYPE = YES_ERROR;
				GCC_WARN_UNDECLARED_SELECTOR = YES;
				GCC_WARN_UNINITIALIZED_AUTOS = YES_AGGRESSIVE;
				GCC_WARN_UNUSED_FUNCTION = YES;
				GCC_WARN_UNUSED_VARIABLE = YES;
				INFOPLIST_FILE = MoersUITests/Info.plist;
				IPHONEOS_DEPLOYMENT_TARGET = 15.2;
				LD_RUNPATH_SEARCH_PATHS = (
					"$(inherited)",
					"@executable_path/Frameworks",
					"@loader_path/Frameworks",
				);
				MTL_ENABLE_DEBUG_INFO = INCLUDE_SOURCE;
				MTL_FAST_MATH = YES;
				ONLY_ACTIVE_ARCH = YES;
				PRODUCT_BUNDLE_IDENTIFIER = com.lambdadigamma.MoersUITests;
				PRODUCT_NAME = "$(TARGET_NAME)";
				SDKROOT = iphoneos;
				SWIFT_ACTIVE_COMPILATION_CONDITIONS = DEBUG;
				SWIFT_OPTIMIZATION_LEVEL = "-Onone";
				SWIFT_VERSION = 5.0;
				TARGETED_DEVICE_FAMILY = "1,2";
				TEST_TARGET_NAME = Moers;
			};
			name = "Debug (Production)";
		};
		DF284F0A23F4C17100EC999B /* Release (Production) configuration for PBXNativeTarget "MoersUITests" */ = {
			isa = XCBuildConfiguration;
			baseConfigurationReferenceAnchor = DF4AD2D92CCD26A500D620B3 /* Config */;
			baseConfigurationReferenceRelativePath = Production.xcconfig;
			buildSettings = {
				ALWAYS_SEARCH_USER_PATHS = NO;
				CLANG_ANALYZER_NONNULL = YES;
				CLANG_ANALYZER_NUMBER_OBJECT_CONVERSION = YES_AGGRESSIVE;
				CLANG_CXX_LANGUAGE_STANDARD = "gnu++14";
				CLANG_CXX_LIBRARY = "libc++";
				CLANG_ENABLE_MODULES = YES;
				CLANG_ENABLE_OBJC_ARC = YES;
				CLANG_ENABLE_OBJC_WEAK = YES;
				CLANG_WARN_BLOCK_CAPTURE_AUTORELEASING = YES;
				CLANG_WARN_BOOL_CONVERSION = YES;
				CLANG_WARN_COMMA = YES;
				CLANG_WARN_CONSTANT_CONVERSION = YES;
				CLANG_WARN_DEPRECATED_OBJC_IMPLEMENTATIONS = YES;
				CLANG_WARN_DIRECT_OBJC_ISA_USAGE = YES_ERROR;
				CLANG_WARN_DOCUMENTATION_COMMENTS = YES;
				CLANG_WARN_EMPTY_BODY = YES;
				CLANG_WARN_ENUM_CONVERSION = YES;
				CLANG_WARN_INFINITE_RECURSION = YES;
				CLANG_WARN_INT_CONVERSION = YES;
				CLANG_WARN_NON_LITERAL_NULL_CONVERSION = YES;
				CLANG_WARN_OBJC_IMPLICIT_RETAIN_SELF = YES;
				CLANG_WARN_OBJC_LITERAL_CONVERSION = YES;
				CLANG_WARN_OBJC_ROOT_CLASS = YES_ERROR;
				CLANG_WARN_RANGE_LOOP_ANALYSIS = YES;
				CLANG_WARN_STRICT_PROTOTYPES = YES;
				CLANG_WARN_SUSPICIOUS_MOVE = YES;
				CLANG_WARN_UNGUARDED_AVAILABILITY = YES_AGGRESSIVE;
				CLANG_WARN_UNREACHABLE_CODE = YES;
				CLANG_WARN__DUPLICATE_METHOD_MATCH = YES;
				CODE_SIGN_STYLE = Automatic;
				COPY_PHASE_STRIP = NO;
				CURRENT_PROJECT_VERSION = 66;
				DEBUG_INFORMATION_FORMAT = "dwarf-with-dsym";
				DEVELOPMENT_TEAM = 77N8D7LGCZ;
				ENABLE_NS_ASSERTIONS = NO;
				ENABLE_STRICT_OBJC_MSGSEND = YES;
				GCC_C_LANGUAGE_STANDARD = gnu11;
				GCC_NO_COMMON_BLOCKS = YES;
				GCC_WARN_64_TO_32_BIT_CONVERSION = YES;
				GCC_WARN_ABOUT_RETURN_TYPE = YES_ERROR;
				GCC_WARN_UNDECLARED_SELECTOR = YES;
				GCC_WARN_UNINITIALIZED_AUTOS = YES_AGGRESSIVE;
				GCC_WARN_UNUSED_FUNCTION = YES;
				GCC_WARN_UNUSED_VARIABLE = YES;
				INFOPLIST_FILE = MoersUITests/Info.plist;
				IPHONEOS_DEPLOYMENT_TARGET = 15.2;
				LD_RUNPATH_SEARCH_PATHS = (
					"$(inherited)",
					"@executable_path/Frameworks",
					"@loader_path/Frameworks",
				);
				MTL_ENABLE_DEBUG_INFO = NO;
				MTL_FAST_MATH = YES;
				PRODUCT_BUNDLE_IDENTIFIER = com.lambdadigamma.MoersUITests;
				PRODUCT_NAME = "$(TARGET_NAME)";
				SDKROOT = iphoneos;
				SWIFT_COMPILATION_MODE = wholemodule;
				SWIFT_OPTIMIZATION_LEVEL = "-O";
				SWIFT_VERSION = 5.0;
				TARGETED_DEVICE_FAMILY = "1,2";
				TEST_TARGET_NAME = Moers;
				VALIDATE_PRODUCT = YES;
			};
			name = "Release (Production)";
		};
		DF5E1B6226726AF7005FADA4 /* Debug (Production) configuration for PBXNativeTarget "WidgetsExtension" */ = {
			isa = XCBuildConfiguration;
			buildSettings = {
				ALWAYS_SEARCH_USER_PATHS = NO;
				ASSETCATALOG_COMPILER_GLOBAL_ACCENT_COLOR_NAME = AccentColor;
				ASSETCATALOG_COMPILER_WIDGET_BACKGROUND_COLOR_NAME = WidgetBackground;
				CLANG_ANALYZER_NONNULL = YES;
				CLANG_ANALYZER_NUMBER_OBJECT_CONVERSION = YES_AGGRESSIVE;
				CLANG_CXX_LANGUAGE_STANDARD = "gnu++14";
				CLANG_CXX_LIBRARY = "libc++";
				CLANG_ENABLE_MODULES = YES;
				CLANG_ENABLE_OBJC_ARC = YES;
				CLANG_ENABLE_OBJC_WEAK = YES;
				CLANG_WARN_BLOCK_CAPTURE_AUTORELEASING = YES;
				CLANG_WARN_BOOL_CONVERSION = YES;
				CLANG_WARN_COMMA = YES;
				CLANG_WARN_CONSTANT_CONVERSION = YES;
				CLANG_WARN_DEPRECATED_OBJC_IMPLEMENTATIONS = YES;
				CLANG_WARN_DIRECT_OBJC_ISA_USAGE = YES_ERROR;
				CLANG_WARN_DOCUMENTATION_COMMENTS = YES;
				CLANG_WARN_EMPTY_BODY = YES;
				CLANG_WARN_ENUM_CONVERSION = YES;
				CLANG_WARN_INFINITE_RECURSION = YES;
				CLANG_WARN_INT_CONVERSION = YES;
				CLANG_WARN_NON_LITERAL_NULL_CONVERSION = YES;
				CLANG_WARN_OBJC_IMPLICIT_RETAIN_SELF = YES;
				CLANG_WARN_OBJC_LITERAL_CONVERSION = YES;
				CLANG_WARN_OBJC_ROOT_CLASS = YES_ERROR;
				CLANG_WARN_QUOTED_INCLUDE_IN_FRAMEWORK_HEADER = YES;
				CLANG_WARN_RANGE_LOOP_ANALYSIS = YES;
				CLANG_WARN_STRICT_PROTOTYPES = YES;
				CLANG_WARN_SUSPICIOUS_MOVE = YES;
				CLANG_WARN_UNGUARDED_AVAILABILITY = YES_AGGRESSIVE;
				CLANG_WARN_UNREACHABLE_CODE = YES;
				CLANG_WARN__DUPLICATE_METHOD_MATCH = YES;
				CODE_SIGN_ENTITLEMENTS = Widgets/WidgetsExtension.entitlements;
				CODE_SIGN_IDENTITY = "Apple Development";
				"CODE_SIGN_IDENTITY[sdk=iphoneos*]" = "iPhone Developer";
				CODE_SIGN_STYLE = Manual;
				COPY_PHASE_STRIP = NO;
				CURRENT_PROJECT_VERSION = 66;
				DEBUG_INFORMATION_FORMAT = dwarf;
				DEVELOPMENT_TEAM = "";
				"DEVELOPMENT_TEAM[sdk=iphoneos*]" = 77N8D7LGCZ;
				ENABLE_STRICT_OBJC_MSGSEND = YES;
				ENABLE_TESTABILITY = YES;
				GCC_C_LANGUAGE_STANDARD = gnu11;
				GCC_DYNAMIC_NO_PIC = NO;
				GCC_NO_COMMON_BLOCKS = YES;
				GCC_OPTIMIZATION_LEVEL = 0;
				GCC_PREPROCESSOR_DEFINITIONS = (
					"DEBUG=1",
					"$(inherited)",
				);
				GCC_WARN_64_TO_32_BIT_CONVERSION = YES;
				GCC_WARN_ABOUT_RETURN_TYPE = YES_ERROR;
				GCC_WARN_UNDECLARED_SELECTOR = YES;
				GCC_WARN_UNINITIALIZED_AUTOS = YES_AGGRESSIVE;
				GCC_WARN_UNUSED_FUNCTION = YES;
				GCC_WARN_UNUSED_VARIABLE = YES;
				INFOPLIST_FILE = Widgets/Resources/Info.plist;
				IPHONEOS_DEPLOYMENT_TARGET = 15.4;
				LD_RUNPATH_SEARCH_PATHS = (
					"$(inherited)",
					"@executable_path/Frameworks",
					"@executable_path/../../Frameworks",
				);
				MARKETING_VERSION = 3.3.3;
				MTL_ENABLE_DEBUG_INFO = INCLUDE_SOURCE;
				MTL_FAST_MATH = YES;
				ONLY_ACTIVE_ARCH = YES;
				PRODUCT_BUNDLE_IDENTIFIER = de.okfn.niederrhein.Moers.widgets;
				PRODUCT_NAME = "$(TARGET_NAME)";
				PROVISIONING_PROFILE_SPECIFIER = "";
				"PROVISIONING_PROFILE_SPECIFIER[sdk=iphoneos*]" = "match Development de.okfn.niederrhein.Moers.widgets";
				SDKROOT = iphoneos;
				SKIP_INSTALL = YES;
				SWIFT_ACTIVE_COMPILATION_CONDITIONS = DEBUG;
				SWIFT_OPTIMIZATION_LEVEL = "-Onone";
				SWIFT_VERSION = 5.0;
				TARGETED_DEVICE_FAMILY = "1,2";
			};
			name = "Debug (Production)";
		};
		DF5E1B6526726AF7005FADA4 /* Release (Production) configuration for PBXNativeTarget "WidgetsExtension" */ = {
			isa = XCBuildConfiguration;
			buildSettings = {
				ALWAYS_SEARCH_USER_PATHS = NO;
				ASSETCATALOG_COMPILER_GLOBAL_ACCENT_COLOR_NAME = AccentColor;
				ASSETCATALOG_COMPILER_WIDGET_BACKGROUND_COLOR_NAME = WidgetBackground;
				CLANG_ANALYZER_NONNULL = YES;
				CLANG_ANALYZER_NUMBER_OBJECT_CONVERSION = YES_AGGRESSIVE;
				CLANG_CXX_LANGUAGE_STANDARD = "gnu++14";
				CLANG_CXX_LIBRARY = "libc++";
				CLANG_ENABLE_MODULES = YES;
				CLANG_ENABLE_OBJC_ARC = YES;
				CLANG_ENABLE_OBJC_WEAK = YES;
				CLANG_WARN_BLOCK_CAPTURE_AUTORELEASING = YES;
				CLANG_WARN_BOOL_CONVERSION = YES;
				CLANG_WARN_COMMA = YES;
				CLANG_WARN_CONSTANT_CONVERSION = YES;
				CLANG_WARN_DEPRECATED_OBJC_IMPLEMENTATIONS = YES;
				CLANG_WARN_DIRECT_OBJC_ISA_USAGE = YES_ERROR;
				CLANG_WARN_DOCUMENTATION_COMMENTS = YES;
				CLANG_WARN_EMPTY_BODY = YES;
				CLANG_WARN_ENUM_CONVERSION = YES;
				CLANG_WARN_INFINITE_RECURSION = YES;
				CLANG_WARN_INT_CONVERSION = YES;
				CLANG_WARN_NON_LITERAL_NULL_CONVERSION = YES;
				CLANG_WARN_OBJC_IMPLICIT_RETAIN_SELF = YES;
				CLANG_WARN_OBJC_LITERAL_CONVERSION = YES;
				CLANG_WARN_OBJC_ROOT_CLASS = YES_ERROR;
				CLANG_WARN_QUOTED_INCLUDE_IN_FRAMEWORK_HEADER = YES;
				CLANG_WARN_RANGE_LOOP_ANALYSIS = YES;
				CLANG_WARN_STRICT_PROTOTYPES = YES;
				CLANG_WARN_SUSPICIOUS_MOVE = YES;
				CLANG_WARN_UNGUARDED_AVAILABILITY = YES_AGGRESSIVE;
				CLANG_WARN_UNREACHABLE_CODE = YES;
				CLANG_WARN__DUPLICATE_METHOD_MATCH = YES;
				CODE_SIGN_ENTITLEMENTS = Widgets/WidgetsExtension.entitlements;
				CODE_SIGN_IDENTITY = "Apple Development";
				"CODE_SIGN_IDENTITY[sdk=iphoneos*]" = "iPhone Distribution";
				CODE_SIGN_STYLE = Manual;
				COPY_PHASE_STRIP = NO;
				CURRENT_PROJECT_VERSION = 66;
				DEBUG_INFORMATION_FORMAT = "dwarf-with-dsym";
				DEVELOPMENT_TEAM = "";
				"DEVELOPMENT_TEAM[sdk=iphoneos*]" = 77N8D7LGCZ;
				ENABLE_NS_ASSERTIONS = NO;
				ENABLE_STRICT_OBJC_MSGSEND = YES;
				GCC_C_LANGUAGE_STANDARD = gnu11;
				GCC_NO_COMMON_BLOCKS = YES;
				GCC_WARN_64_TO_32_BIT_CONVERSION = YES;
				GCC_WARN_ABOUT_RETURN_TYPE = YES_ERROR;
				GCC_WARN_UNDECLARED_SELECTOR = YES;
				GCC_WARN_UNINITIALIZED_AUTOS = YES_AGGRESSIVE;
				GCC_WARN_UNUSED_FUNCTION = YES;
				GCC_WARN_UNUSED_VARIABLE = YES;
				INFOPLIST_FILE = Widgets/Resources/Info.plist;
				IPHONEOS_DEPLOYMENT_TARGET = 15.4;
				LD_RUNPATH_SEARCH_PATHS = (
					"$(inherited)",
					"@executable_path/Frameworks",
					"@executable_path/../../Frameworks",
				);
				MARKETING_VERSION = 3.3.3;
				MTL_ENABLE_DEBUG_INFO = NO;
				MTL_FAST_MATH = YES;
				PRODUCT_BUNDLE_IDENTIFIER = de.okfn.niederrhein.Moers.widgets;
				PRODUCT_NAME = "$(TARGET_NAME)";
				PROVISIONING_PROFILE_SPECIFIER = "";
				"PROVISIONING_PROFILE_SPECIFIER[sdk=iphoneos*]" = "match AppStore de.okfn.niederrhein.Moers.widgets";
				SDKROOT = iphoneos;
				SKIP_INSTALL = YES;
				SWIFT_COMPILATION_MODE = wholemodule;
				SWIFT_OPTIMIZATION_LEVEL = "-O";
				SWIFT_VERSION = 5.0;
				TARGETED_DEVICE_FAMILY = "1,2";
				VALIDATE_PRODUCT = YES;
			};
			name = "Release (Production)";
		};
		DF9F19E12766660100B74E13 /* Debug (Production) configuration for PBXNativeTarget "Intent Extensions" */ = {
			isa = XCBuildConfiguration;
			buildSettings = {
				ALWAYS_SEARCH_USER_PATHS = NO;
				ASSETCATALOG_COMPILER_APPICON_NAME = Dark;
				CLANG_ANALYZER_NONNULL = YES;
				CLANG_ANALYZER_NUMBER_OBJECT_CONVERSION = YES_AGGRESSIVE;
				CLANG_CXX_LANGUAGE_STANDARD = "gnu++17";
				CLANG_CXX_LIBRARY = "libc++";
				CLANG_ENABLE_MODULES = YES;
				CLANG_ENABLE_OBJC_ARC = YES;
				CLANG_ENABLE_OBJC_WEAK = YES;
				CLANG_WARN_BLOCK_CAPTURE_AUTORELEASING = YES;
				CLANG_WARN_BOOL_CONVERSION = YES;
				CLANG_WARN_COMMA = YES;
				CLANG_WARN_CONSTANT_CONVERSION = YES;
				CLANG_WARN_DEPRECATED_OBJC_IMPLEMENTATIONS = YES;
				CLANG_WARN_DIRECT_OBJC_ISA_USAGE = YES_ERROR;
				CLANG_WARN_DOCUMENTATION_COMMENTS = YES;
				CLANG_WARN_EMPTY_BODY = YES;
				CLANG_WARN_ENUM_CONVERSION = YES;
				CLANG_WARN_INFINITE_RECURSION = YES;
				CLANG_WARN_INT_CONVERSION = YES;
				CLANG_WARN_NON_LITERAL_NULL_CONVERSION = YES;
				CLANG_WARN_OBJC_IMPLICIT_RETAIN_SELF = YES;
				CLANG_WARN_OBJC_LITERAL_CONVERSION = YES;
				CLANG_WARN_OBJC_ROOT_CLASS = YES_ERROR;
				CLANG_WARN_QUOTED_INCLUDE_IN_FRAMEWORK_HEADER = YES;
				CLANG_WARN_RANGE_LOOP_ANALYSIS = YES;
				CLANG_WARN_STRICT_PROTOTYPES = YES;
				CLANG_WARN_SUSPICIOUS_MOVE = YES;
				CLANG_WARN_UNGUARDED_AVAILABILITY = YES_AGGRESSIVE;
				CLANG_WARN_UNREACHABLE_CODE = YES;
				CLANG_WARN__DUPLICATE_METHOD_MATCH = YES;
				CODE_SIGN_IDENTITY = "Apple Development";
				"CODE_SIGN_IDENTITY[sdk=iphoneos*]" = "iPhone Developer";
				CODE_SIGN_STYLE = Manual;
				COPY_PHASE_STRIP = NO;
				CURRENT_PROJECT_VERSION = 66;
				DEBUG_INFORMATION_FORMAT = dwarf;
				DEVELOPMENT_TEAM = "";
				"DEVELOPMENT_TEAM[sdk=iphoneos*]" = 77N8D7LGCZ;
				ENABLE_STRICT_OBJC_MSGSEND = YES;
				ENABLE_TESTABILITY = YES;
				GCC_C_LANGUAGE_STANDARD = gnu11;
				GCC_DYNAMIC_NO_PIC = NO;
				GCC_NO_COMMON_BLOCKS = YES;
				GCC_OPTIMIZATION_LEVEL = 0;
				GCC_PREPROCESSOR_DEFINITIONS = (
					"DEBUG=1",
					"$(inherited)",
				);
				GCC_WARN_64_TO_32_BIT_CONVERSION = YES;
				GCC_WARN_ABOUT_RETURN_TYPE = YES_ERROR;
				GCC_WARN_UNDECLARED_SELECTOR = YES;
				GCC_WARN_UNINITIALIZED_AUTOS = YES_AGGRESSIVE;
				GCC_WARN_UNUSED_FUNCTION = YES;
				GCC_WARN_UNUSED_VARIABLE = YES;
				GENERATE_INFOPLIST_FILE = YES;
				INFOPLIST_FILE = "Intent Extensions/Info.plist";
				INFOPLIST_KEY_NSHumanReadableCopyright = "Copyright © 2022 Lennart Fischer. All rights reserved.";
				IPHONEOS_DEPLOYMENT_TARGET = 15.0;
				LD_RUNPATH_SEARCH_PATHS = (
					"$(inherited)",
					"@executable_path/Frameworks",
					"@executable_path/../../Frameworks",
				);
				MARKETING_VERSION = 3.3.3;
				MTL_ENABLE_DEBUG_INFO = INCLUDE_SOURCE;
				MTL_FAST_MATH = YES;
				ONLY_ACTIVE_ARCH = YES;
				PRODUCT_BUNDLE_IDENTIFIER = "de.okfn.niederrhein.Moers.Intent-Extensions";
				PRODUCT_NAME = "$(TARGET_NAME)";
				PROVISIONING_PROFILE_SPECIFIER = "";
				"PROVISIONING_PROFILE_SPECIFIER[sdk=iphoneos*]" = "match Development de.okfn.niederrhein.Moers.Intent-Extensions";
				SDKROOT = iphoneos;
				SKIP_INSTALL = YES;
				SWIFT_ACTIVE_COMPILATION_CONDITIONS = DEBUG;
				SWIFT_EMIT_LOC_STRINGS = YES;
				SWIFT_OPTIMIZATION_LEVEL = "-Onone";
				SWIFT_VERSION = 5.0;
				TARGETED_DEVICE_FAMILY = "1,2";
			};
			name = "Debug (Production)";
		};
		DF9F19E42766660100B74E13 /* Release (Production) configuration for PBXNativeTarget "Intent Extensions" */ = {
			isa = XCBuildConfiguration;
			buildSettings = {
				ALWAYS_SEARCH_USER_PATHS = NO;
				ASSETCATALOG_COMPILER_APPICON_NAME = Dark;
				CLANG_ANALYZER_NONNULL = YES;
				CLANG_ANALYZER_NUMBER_OBJECT_CONVERSION = YES_AGGRESSIVE;
				CLANG_CXX_LANGUAGE_STANDARD = "gnu++17";
				CLANG_CXX_LIBRARY = "libc++";
				CLANG_ENABLE_MODULES = YES;
				CLANG_ENABLE_OBJC_ARC = YES;
				CLANG_ENABLE_OBJC_WEAK = YES;
				CLANG_WARN_BLOCK_CAPTURE_AUTORELEASING = YES;
				CLANG_WARN_BOOL_CONVERSION = YES;
				CLANG_WARN_COMMA = YES;
				CLANG_WARN_CONSTANT_CONVERSION = YES;
				CLANG_WARN_DEPRECATED_OBJC_IMPLEMENTATIONS = YES;
				CLANG_WARN_DIRECT_OBJC_ISA_USAGE = YES_ERROR;
				CLANG_WARN_DOCUMENTATION_COMMENTS = YES;
				CLANG_WARN_EMPTY_BODY = YES;
				CLANG_WARN_ENUM_CONVERSION = YES;
				CLANG_WARN_INFINITE_RECURSION = YES;
				CLANG_WARN_INT_CONVERSION = YES;
				CLANG_WARN_NON_LITERAL_NULL_CONVERSION = YES;
				CLANG_WARN_OBJC_IMPLICIT_RETAIN_SELF = YES;
				CLANG_WARN_OBJC_LITERAL_CONVERSION = YES;
				CLANG_WARN_OBJC_ROOT_CLASS = YES_ERROR;
				CLANG_WARN_QUOTED_INCLUDE_IN_FRAMEWORK_HEADER = YES;
				CLANG_WARN_RANGE_LOOP_ANALYSIS = YES;
				CLANG_WARN_STRICT_PROTOTYPES = YES;
				CLANG_WARN_SUSPICIOUS_MOVE = YES;
				CLANG_WARN_UNGUARDED_AVAILABILITY = YES_AGGRESSIVE;
				CLANG_WARN_UNREACHABLE_CODE = YES;
				CLANG_WARN__DUPLICATE_METHOD_MATCH = YES;
				CODE_SIGN_IDENTITY = "Apple Development";
				"CODE_SIGN_IDENTITY[sdk=iphoneos*]" = "iPhone Distribution";
				CODE_SIGN_STYLE = Manual;
				COPY_PHASE_STRIP = NO;
				CURRENT_PROJECT_VERSION = 66;
				DEBUG_INFORMATION_FORMAT = "dwarf-with-dsym";
				DEVELOPMENT_TEAM = "";
				"DEVELOPMENT_TEAM[sdk=iphoneos*]" = 77N8D7LGCZ;
				ENABLE_NS_ASSERTIONS = NO;
				ENABLE_STRICT_OBJC_MSGSEND = YES;
				GCC_C_LANGUAGE_STANDARD = gnu11;
				GCC_NO_COMMON_BLOCKS = YES;
				GCC_WARN_64_TO_32_BIT_CONVERSION = YES;
				GCC_WARN_ABOUT_RETURN_TYPE = YES_ERROR;
				GCC_WARN_UNDECLARED_SELECTOR = YES;
				GCC_WARN_UNINITIALIZED_AUTOS = YES_AGGRESSIVE;
				GCC_WARN_UNUSED_FUNCTION = YES;
				GCC_WARN_UNUSED_VARIABLE = YES;
				GENERATE_INFOPLIST_FILE = YES;
				INFOPLIST_FILE = "Intent Extensions/Info.plist";
				INFOPLIST_KEY_NSHumanReadableCopyright = "Copyright © 2022 Lennart Fischer. All rights reserved.";
				IPHONEOS_DEPLOYMENT_TARGET = 15.0;
				LD_RUNPATH_SEARCH_PATHS = (
					"$(inherited)",
					"@executable_path/Frameworks",
					"@executable_path/../../Frameworks",
				);
				MARKETING_VERSION = 3.3.3;
				MTL_ENABLE_DEBUG_INFO = NO;
				MTL_FAST_MATH = YES;
				PRODUCT_BUNDLE_IDENTIFIER = "de.okfn.niederrhein.Moers.Intent-Extensions";
				PRODUCT_NAME = "$(TARGET_NAME)";
				PROVISIONING_PROFILE_SPECIFIER = "";
				"PROVISIONING_PROFILE_SPECIFIER[sdk=iphoneos*]" = "match AppStore de.okfn.niederrhein.Moers.Intent-Extensions";
				SDKROOT = iphoneos;
				SKIP_INSTALL = YES;
				SWIFT_COMPILATION_MODE = wholemodule;
				SWIFT_EMIT_LOC_STRINGS = YES;
				SWIFT_OPTIMIZATION_LEVEL = "-O";
				SWIFT_VERSION = 5.0;
				TARGETED_DEVICE_FAMILY = "1,2";
				VALIDATE_PRODUCT = YES;
			};
			name = "Release (Production)";
		};
		DFB161BD267651D7009D2754 /* Debug (Production) configuration for PBXNativeTarget "Moers Unit Tests" */ = {
			isa = XCBuildConfiguration;
			buildSettings = {
				ALWAYS_SEARCH_USER_PATHS = NO;
				BUNDLE_LOADER = "$(TEST_HOST)";
				CLANG_ANALYZER_NONNULL = YES;
				CLANG_ANALYZER_NUMBER_OBJECT_CONVERSION = YES_AGGRESSIVE;
				CLANG_CXX_LANGUAGE_STANDARD = "gnu++14";
				CLANG_CXX_LIBRARY = "libc++";
				CLANG_ENABLE_MODULES = YES;
				CLANG_ENABLE_OBJC_ARC = YES;
				CLANG_ENABLE_OBJC_WEAK = YES;
				CLANG_WARN_BLOCK_CAPTURE_AUTORELEASING = YES;
				CLANG_WARN_BOOL_CONVERSION = YES;
				CLANG_WARN_COMMA = YES;
				CLANG_WARN_CONSTANT_CONVERSION = YES;
				CLANG_WARN_DEPRECATED_OBJC_IMPLEMENTATIONS = YES;
				CLANG_WARN_DIRECT_OBJC_ISA_USAGE = YES_ERROR;
				CLANG_WARN_DOCUMENTATION_COMMENTS = YES;
				CLANG_WARN_EMPTY_BODY = YES;
				CLANG_WARN_ENUM_CONVERSION = YES;
				CLANG_WARN_INFINITE_RECURSION = YES;
				CLANG_WARN_INT_CONVERSION = YES;
				CLANG_WARN_NON_LITERAL_NULL_CONVERSION = YES;
				CLANG_WARN_OBJC_IMPLICIT_RETAIN_SELF = YES;
				CLANG_WARN_OBJC_LITERAL_CONVERSION = YES;
				CLANG_WARN_OBJC_ROOT_CLASS = YES_ERROR;
				CLANG_WARN_QUOTED_INCLUDE_IN_FRAMEWORK_HEADER = YES;
				CLANG_WARN_RANGE_LOOP_ANALYSIS = YES;
				CLANG_WARN_STRICT_PROTOTYPES = YES;
				CLANG_WARN_SUSPICIOUS_MOVE = YES;
				CLANG_WARN_UNGUARDED_AVAILABILITY = YES_AGGRESSIVE;
				CLANG_WARN_UNREACHABLE_CODE = YES;
				CLANG_WARN__DUPLICATE_METHOD_MATCH = YES;
				CODE_SIGN_STYLE = Automatic;
				COPY_PHASE_STRIP = NO;
				CURRENT_PROJECT_VERSION = 66;
				DEBUG_INFORMATION_FORMAT = dwarf;
				DEVELOPMENT_TEAM = 77N8D7LGCZ;
				ENABLE_STRICT_OBJC_MSGSEND = YES;
				ENABLE_TESTABILITY = YES;
				GCC_C_LANGUAGE_STANDARD = gnu11;
				GCC_DYNAMIC_NO_PIC = NO;
				GCC_NO_COMMON_BLOCKS = YES;
				GCC_OPTIMIZATION_LEVEL = 0;
				GCC_PREPROCESSOR_DEFINITIONS = (
					"DEBUG=1",
					"$(inherited)",
				);
				GCC_WARN_64_TO_32_BIT_CONVERSION = YES;
				GCC_WARN_ABOUT_RETURN_TYPE = YES_ERROR;
				GCC_WARN_UNDECLARED_SELECTOR = YES;
				GCC_WARN_UNINITIALIZED_AUTOS = YES_AGGRESSIVE;
				GCC_WARN_UNUSED_FUNCTION = YES;
				GCC_WARN_UNUSED_VARIABLE = YES;
				INFOPLIST_FILE = "Moers Unit Tests/Info.plist";
				IPHONEOS_DEPLOYMENT_TARGET = 15.2;
				LD_RUNPATH_SEARCH_PATHS = (
					"$(inherited)",
					"@executable_path/Frameworks",
					"@loader_path/Frameworks",
				);
				MTL_ENABLE_DEBUG_INFO = INCLUDE_SOURCE;
				MTL_FAST_MATH = YES;
				ONLY_ACTIVE_ARCH = YES;
				PRODUCT_BUNDLE_IDENTIFIER = "com.lambdadigamma.Moers-Unit-Tests";
				PRODUCT_NAME = "$(TARGET_NAME)";
				SDKROOT = iphoneos;
				SWIFT_ACTIVE_COMPILATION_CONDITIONS = DEBUG;
				SWIFT_OPTIMIZATION_LEVEL = "-Onone";
				SWIFT_VERSION = 5.0;
				TARGETED_DEVICE_FAMILY = "1,2";
				TEST_HOST = "$(BUILT_PRODUCTS_DIR)/Moers.app/Moers";
			};
			name = "Debug (Production)";
		};
		DFB161C0267651D7009D2754 /* Release (Production) configuration for PBXNativeTarget "Moers Unit Tests" */ = {
			isa = XCBuildConfiguration;
			buildSettings = {
				ALWAYS_SEARCH_USER_PATHS = NO;
				BUNDLE_LOADER = "$(TEST_HOST)";
				CLANG_ANALYZER_NONNULL = YES;
				CLANG_ANALYZER_NUMBER_OBJECT_CONVERSION = YES_AGGRESSIVE;
				CLANG_CXX_LANGUAGE_STANDARD = "gnu++14";
				CLANG_CXX_LIBRARY = "libc++";
				CLANG_ENABLE_MODULES = YES;
				CLANG_ENABLE_OBJC_ARC = YES;
				CLANG_ENABLE_OBJC_WEAK = YES;
				CLANG_WARN_BLOCK_CAPTURE_AUTORELEASING = YES;
				CLANG_WARN_BOOL_CONVERSION = YES;
				CLANG_WARN_COMMA = YES;
				CLANG_WARN_CONSTANT_CONVERSION = YES;
				CLANG_WARN_DEPRECATED_OBJC_IMPLEMENTATIONS = YES;
				CLANG_WARN_DIRECT_OBJC_ISA_USAGE = YES_ERROR;
				CLANG_WARN_DOCUMENTATION_COMMENTS = YES;
				CLANG_WARN_EMPTY_BODY = YES;
				CLANG_WARN_ENUM_CONVERSION = YES;
				CLANG_WARN_INFINITE_RECURSION = YES;
				CLANG_WARN_INT_CONVERSION = YES;
				CLANG_WARN_NON_LITERAL_NULL_CONVERSION = YES;
				CLANG_WARN_OBJC_IMPLICIT_RETAIN_SELF = YES;
				CLANG_WARN_OBJC_LITERAL_CONVERSION = YES;
				CLANG_WARN_OBJC_ROOT_CLASS = YES_ERROR;
				CLANG_WARN_QUOTED_INCLUDE_IN_FRAMEWORK_HEADER = YES;
				CLANG_WARN_RANGE_LOOP_ANALYSIS = YES;
				CLANG_WARN_STRICT_PROTOTYPES = YES;
				CLANG_WARN_SUSPICIOUS_MOVE = YES;
				CLANG_WARN_UNGUARDED_AVAILABILITY = YES_AGGRESSIVE;
				CLANG_WARN_UNREACHABLE_CODE = YES;
				CLANG_WARN__DUPLICATE_METHOD_MATCH = YES;
				CODE_SIGN_STYLE = Automatic;
				COPY_PHASE_STRIP = NO;
				CURRENT_PROJECT_VERSION = 66;
				DEBUG_INFORMATION_FORMAT = "dwarf-with-dsym";
				DEVELOPMENT_TEAM = 77N8D7LGCZ;
				ENABLE_NS_ASSERTIONS = NO;
				ENABLE_STRICT_OBJC_MSGSEND = YES;
				GCC_C_LANGUAGE_STANDARD = gnu11;
				GCC_NO_COMMON_BLOCKS = YES;
				GCC_WARN_64_TO_32_BIT_CONVERSION = YES;
				GCC_WARN_ABOUT_RETURN_TYPE = YES_ERROR;
				GCC_WARN_UNDECLARED_SELECTOR = YES;
				GCC_WARN_UNINITIALIZED_AUTOS = YES_AGGRESSIVE;
				GCC_WARN_UNUSED_FUNCTION = YES;
				GCC_WARN_UNUSED_VARIABLE = YES;
				INFOPLIST_FILE = "Moers Unit Tests/Info.plist";
				IPHONEOS_DEPLOYMENT_TARGET = 15.2;
				LD_RUNPATH_SEARCH_PATHS = (
					"$(inherited)",
					"@executable_path/Frameworks",
					"@loader_path/Frameworks",
				);
				MTL_ENABLE_DEBUG_INFO = NO;
				MTL_FAST_MATH = YES;
				PRODUCT_BUNDLE_IDENTIFIER = "com.lambdadigamma.Moers-Unit-Tests";
				PRODUCT_NAME = "$(TARGET_NAME)";
				SDKROOT = iphoneos;
				SWIFT_COMPILATION_MODE = wholemodule;
				SWIFT_OPTIMIZATION_LEVEL = "-O";
				SWIFT_VERSION = 5.0;
				TARGETED_DEVICE_FAMILY = "1,2";
				TEST_HOST = "$(BUILT_PRODUCTS_DIR)/Moers.app/Moers";
				VALIDATE_PRODUCT = YES;
			};
			name = "Release (Production)";
		};
/* End XCBuildConfiguration section */

/* Begin XCConfigurationList section */
		DF1A495A1F6AAB7000E9108B /* Build configuration list for PBXProject "Moers" */ = {
			isa = XCConfigurationList;
			buildConfigurations = (
				DF11BFA822B9515E0051C3B3 /* Debug (Production) configuration for PBXProject "Moers" */,
				DF11BFAE22B951780051C3B3 /* Release (Production) configuration for PBXProject "Moers" */,
			);
			defaultConfigurationName = "Release (Production)";
		};
		DF1A49711F6AAB7000E9108B /* Build configuration list for PBXNativeTarget "Moers" */ = {
			isa = XCConfigurationList;
			buildConfigurations = (
				DF11BFA922B9515E0051C3B3 /* Debug (Production) configuration for PBXNativeTarget "Moers" */,
				DF11BFAF22B951780051C3B3 /* Release (Production) configuration for PBXNativeTarget "Moers" */,
			);
			defaultConfigurationName = "Release (Production)";
		};
		DF284F0423F4C17100EC999B /* Build configuration list for PBXNativeTarget "MoersUITests" */ = {
			isa = XCConfigurationList;
			buildConfigurations = (
				DF284F0723F4C17100EC999B /* Debug (Production) configuration for PBXNativeTarget "MoersUITests" */,
				DF284F0A23F4C17100EC999B /* Release (Production) configuration for PBXNativeTarget "MoersUITests" */,
			);
			defaultConfigurationName = "Release (Production)";
		};
		DF5E1B6626726AF7005FADA4 /* Build configuration list for PBXNativeTarget "WidgetsExtension" */ = {
			isa = XCConfigurationList;
			buildConfigurations = (
				DF5E1B6226726AF7005FADA4 /* Debug (Production) configuration for PBXNativeTarget "WidgetsExtension" */,
				DF5E1B6526726AF7005FADA4 /* Release (Production) configuration for PBXNativeTarget "WidgetsExtension" */,
			);
			defaultConfigurationName = "Release (Production)";
		};
		DF9F19DE2766660100B74E13 /* Build configuration list for PBXNativeTarget "Intent Extensions" */ = {
			isa = XCConfigurationList;
			buildConfigurations = (
				DF9F19E12766660100B74E13 /* Debug (Production) configuration for PBXNativeTarget "Intent Extensions" */,
				DF9F19E42766660100B74E13 /* Release (Production) configuration for PBXNativeTarget "Intent Extensions" */,
			);
			defaultConfigurationName = "Release (Production)";
		};
		DFB161BA267651D7009D2754 /* Build configuration list for PBXNativeTarget "Moers Unit Tests" */ = {
			isa = XCConfigurationList;
			buildConfigurations = (
				DFB161BD267651D7009D2754 /* Debug (Production) configuration for PBXNativeTarget "Moers Unit Tests" */,
				DFB161C0267651D7009D2754 /* Release (Production) configuration for PBXNativeTarget "Moers Unit Tests" */,
			);
			defaultConfigurationName = "Release (Production)";
		};
/* End XCConfigurationList section */

/* Begin XCRemoteSwiftPackageReference section */
		DF0B292628523C24009D389A /* XCRemoteSwiftPackageReference "Resolver" */ = {
			isa = XCRemoteSwiftPackageReference;
			repositoryURL = "https://github.com/LambdaDigamma/Resolver";
			requirement = {
				kind = upToNextMajorVersion;
				minimumVersion = 1.0.0;
			};
		};
		DF152D8C289D23DB0046956F /* XCRemoteSwiftPackageReference "Cache" */ = {
			isa = XCRemoteSwiftPackageReference;
			repositoryURL = "https://github.com/LambdaDigamma/Cache";
			requirement = {
				kind = upToNextMajorVersion;
				minimumVersion = 6.0.0;
			};
		};
		DF2CF1C023BBB2EA003497C5 /* XCRemoteSwiftPackageReference "TextFieldEffects" */ = {
			isa = XCRemoteSwiftPackageReference;
			repositoryURL = "https://github.com/LambdaDigamma/TextFieldEffects";
			requirement = {
				branch = master;
				kind = branch;
			};
		};
		DF62AAF72891E841002D420E /* XCRemoteSwiftPackageReference "modernnetworking" */ = {
			isa = XCRemoteSwiftPackageReference;
			repositoryURL = "https://github.com/lambdadigamma/modernnetworking";
			requirement = {
				kind = upToNextMajorVersion;
				minimumVersion = 1.0.0;
			};
		};
		DF9F19F12766920C00B74E13 /* XCRemoteSwiftPackageReference "efaapi-ios" */ = {
			isa = XCRemoteSwiftPackageReference;
			repositoryURL = "https://github.com/LambdaDigamma/efaapi-ios";
			requirement = {
				kind = upToNextMajorVersion;
				minimumVersion = 0.0.2;
			};
		};
		DFA4BC46263A28530014C7F9 /* XCRemoteSwiftPackageReference "TagListView" */ = {
			isa = XCRemoteSwiftPackageReference;
			repositoryURL = "https://github.com/LambdaDigamma/TagListView";
			requirement = {
				kind = upToNextMajorVersion;
				minimumVersion = 1.4.2;
			};
		};
		DFB07A2B277741030033101C /* XCRemoteSwiftPackageReference "firebase-ios-sdk" */ = {
			isa = XCRemoteSwiftPackageReference;
			repositoryURL = "https://github.com/firebase/firebase-ios-sdk.git";
			requirement = {
				kind = upToNextMajorVersion;
				minimumVersion = 11.0.0;
			};
		};
		DFCE12932538F7F600B45EB7 /* XCRemoteSwiftPackageReference "FeedKit" */ = {
			isa = XCRemoteSwiftPackageReference;
			repositoryURL = "https://github.com/nmdias/FeedKit";
			requirement = {
				kind = upToNextMajorVersion;
				minimumVersion = 9.1.2;
			};
		};
		DFD8632A25E25F5F006164E5 /* XCRemoteSwiftPackageReference "app-scaffold-ios" */ = {
			isa = XCRemoteSwiftPackageReference;
			repositoryURL = "https://github.com/lambdadigamma/app-scaffold-ios";
			requirement = {
				kind = upToNextMajorVersion;
				minimumVersion = 0.1.5;
			};
		};
		DFDE886F2545834B00429765 /* XCRemoteSwiftPackageReference "eventbus" */ = {
			isa = XCRemoteSwiftPackageReference;
			repositoryURL = "https://github.com/lambdadigamma/eventbus";
			requirement = {
				kind = upToNextMajorVersion;
				minimumVersion = 0.5.1;
			};
		};
		DFE1ED692538C24800FDD44A /* XCRemoteSwiftPackageReference "BulletinBoard" */ = {
			isa = XCRemoteSwiftPackageReference;
			repositoryURL = "https://github.com/alexaubry/BulletinBoard.git";
			requirement = {
				branch = develop;
				kind = branch;
			};
		};
		DFE1ED762538C4E200FDD44A /* XCRemoteSwiftPackageReference "Pulley" */ = {
			isa = XCRemoteSwiftPackageReference;
			repositoryURL = "https://github.com/52inc/Pulley";
			requirement = {
				kind = upToNextMajorVersion;
				minimumVersion = 2.8.5;
			};
		};
		DFE59D3928D871B800BD0236 /* XCRemoteSwiftPackageReference "swift-license-ui" */ = {
			isa = XCRemoteSwiftPackageReference;
			repositoryURL = "https://github.com/LambdaDigamma/swift-license-ui";
			requirement = {
				kind = upToNextMajorVersion;
				minimumVersion = 1.0.0;
			};
		};
		DFF6FFA2289D156600C88964 /* XCRemoteSwiftPackageReference "HanekeSwift" */ = {
			isa = XCRemoteSwiftPackageReference;
			repositoryURL = "https://github.com/LambdaDigamma/HanekeSwift";
			requirement = {
				kind = upToNextMajorVersion;
				minimumVersion = 0.14.0;
			};
		};
		DFFA7E9F2706638D00E27E7B /* XCRemoteSwiftPackageReference "swift-app-feedback" */ = {
			isa = XCRemoteSwiftPackageReference;
			repositoryURL = "https://github.com/LambdaDigamma/swift-app-feedback";
			requirement = {
				kind = upToNextMajorVersion;
				minimumVersion = 1.0.0;
			};
		};
/* End XCRemoteSwiftPackageReference section */

/* Begin XCSwiftPackageProductDependency section */
		DF05E00E2792CA4C0063556E /* ParkingFeature */ = {
			isa = XCSwiftPackageProductDependency;
			productName = ParkingFeature;
		};
		DF0A7DB227AB220A00957A8D /* AppScaffold */ = {
			isa = XCSwiftPackageProductDependency;
			package = DFD8632A25E25F5F006164E5 /* XCRemoteSwiftPackageReference "app-scaffold-ios" */;
			productName = AppScaffold;
		};
		DF0B292728523C25009D389A /* Resolver */ = {
			isa = XCSwiftPackageProductDependency;
			package = DF0B292628523C24009D389A /* XCRemoteSwiftPackageReference "Resolver" */;
			productName = Resolver;
		};
		DF0B292928523C7E009D389A /* Resolver */ = {
			isa = XCSwiftPackageProductDependency;
			package = DF0B292628523C24009D389A /* XCRemoteSwiftPackageReference "Resolver" */;
			productName = Resolver;
		};
		DF0B292B28523DBB009D389A /* Resolver */ = {
			isa = XCSwiftPackageProductDependency;
			package = DF0B292628523C24009D389A /* XCRemoteSwiftPackageReference "Resolver" */;
			productName = Resolver;
		};
		DF0EAC9B24C63FB0009BE489 /* ModernNetworking */ = {
			isa = XCSwiftPackageProductDependency;
			productName = ModernNetworking;
		};
		DF0EC43928D86E3C009ED37B /* MMPages */ = {
			isa = XCSwiftPackageProductDependency;
			productName = MMPages;
		};
		DF0EC43B28D86E96009ED37B /* MMPages */ = {
			isa = XCSwiftPackageProductDependency;
			productName = MMPages;
		};
		DF152D8D289D23DB0046956F /* Cache */ = {
			isa = XCSwiftPackageProductDependency;
			package = DF152D8C289D23DB0046956F /* XCRemoteSwiftPackageReference "Cache" */;
			productName = Cache;
		};
		DF152D8F289D33290046956F /* Core */ = {
			isa = XCSwiftPackageProductDependency;
			productName = Core;
		};
		DF29DC7328D86D1300E4E35A /* MMEvents */ = {
			isa = XCSwiftPackageProductDependency;
			productName = MMEvents;
		};
		DF29DC7528D86D1F00E4E35A /* MMEvents */ = {
			isa = XCSwiftPackageProductDependency;
			productName = MMEvents;
		};
		DF2CF1C123BBB2EA003497C5 /* TextFieldEffects */ = {
			isa = XCSwiftPackageProductDependency;
			package = DF2CF1C023BBB2EA003497C5 /* XCRemoteSwiftPackageReference "TextFieldEffects" */;
			productName = TextFieldEffects;
		};
		DF3661D627AB2362002A90BB /* ParkingFeature */ = {
			isa = XCSwiftPackageProductDependency;
			productName = ParkingFeature;
		};
		DF3661D827AB267F002A90BB /* FuelFeature */ = {
			isa = XCSwiftPackageProductDependency;
			productName = FuelFeature;
		};
		DF38788728AE3FDF002FECE1 /* LicenseUI */ = {
			isa = XCSwiftPackageProductDependency;
			productName = LicenseUI;
		};
		DF54DC362813039200819A3B /* MapFeature */ = {
			isa = XCSwiftPackageProductDependency;
			productName = MapFeature;
		};
		DF55F25E27709B410024300B /* RubbishFeature */ = {
			isa = XCSwiftPackageProductDependency;
			productName = RubbishFeature;
		};
		DF5C918F27B5A26000451163 /* NewsFeature */ = {
			isa = XCSwiftPackageProductDependency;
			productName = NewsFeature;
		};
		DF5E1B7426727973005FADA4 /* FeedKit */ = {
			isa = XCSwiftPackageProductDependency;
			package = DFCE12932538F7F600B45EB7 /* XCRemoteSwiftPackageReference "FeedKit" */;
			productName = FeedKit;
		};
		DF623C6F27B56FD7009D335F /* NewsFeature */ = {
			isa = XCSwiftPackageProductDependency;
			productName = NewsFeature;
		};
		DF62AAF82891E841002D420E /* ModernNetworking */ = {
			isa = XCSwiftPackageProductDependency;
			package = DF62AAF72891E841002D420E /* XCRemoteSwiftPackageReference "modernnetworking" */;
			productName = ModernNetworking;
		};
		DF6CA8FD2849125D0068B9AC /* MapFeature */ = {
			isa = XCSwiftPackageProductDependency;
			productName = MapFeature;
		};
		DF75345B277280710086B292 /* RubbishFeature */ = {
			isa = XCSwiftPackageProductDependency;
			productName = RubbishFeature;
		};
		DF97AD0E26EFEC5F009DFF71 /* Core */ = {
			isa = XCSwiftPackageProductDependency;
			productName = Core;
		};
		DF9F19F22766920C00B74E13 /* EFAAPI */ = {
			isa = XCSwiftPackageProductDependency;
			package = DF9F19F12766920C00B74E13 /* XCRemoteSwiftPackageReference "efaapi-ios" */;
			productName = EFAAPI;
		};
		DF9F19F42766920C00B74E13 /* EFAUI */ = {
			isa = XCSwiftPackageProductDependency;
			package = DF9F19F12766920C00B74E13 /* XCRemoteSwiftPackageReference "efaapi-ios" */;
			productName = EFAUI;
		};
		DF9F19F62766923700B74E13 /* EFAAPI */ = {
			isa = XCSwiftPackageProductDependency;
			package = DF9F19F12766920C00B74E13 /* XCRemoteSwiftPackageReference "efaapi-ios" */;
			productName = EFAAPI;
		};
		DF9F19F82766923700B74E13 /* EFAUI */ = {
			isa = XCSwiftPackageProductDependency;
			package = DF9F19F12766920C00B74E13 /* XCRemoteSwiftPackageReference "efaapi-ios" */;
			productName = EFAUI;
		};
		DF9F19FA2766923F00B74E13 /* EFAAPI */ = {
			isa = XCSwiftPackageProductDependency;
			package = DF9F19F12766920C00B74E13 /* XCRemoteSwiftPackageReference "efaapi-ios" */;
			productName = EFAAPI;
		};
		DFA4BC47263A28530014C7F9 /* TagListView */ = {
			isa = XCSwiftPackageProductDependency;
			package = DFA4BC46263A28530014C7F9 /* XCRemoteSwiftPackageReference "TagListView" */;
			productName = TagListView;
		};
		DFB07A2E277741030033101C /* FirebaseAnalyticsWithoutAdIdSupport */ = {
			isa = XCSwiftPackageProductDependency;
			package = DFB07A2B277741030033101C /* XCRemoteSwiftPackageReference "firebase-ios-sdk" */;
			productName = FirebaseAnalyticsWithoutAdIdSupport;
		};
		DFB07A30277741030033101C /* FirebaseCrashlytics */ = {
			isa = XCSwiftPackageProductDependency;
			package = DFB07A2B277741030033101C /* XCRemoteSwiftPackageReference "firebase-ios-sdk" */;
			productName = FirebaseCrashlytics;
		};
		DFB07A32277741030033101C /* FirebaseMessaging */ = {
			isa = XCSwiftPackageProductDependency;
			package = DFB07A2B277741030033101C /* XCRemoteSwiftPackageReference "firebase-ios-sdk" */;
			productName = FirebaseMessaging;
		};
		DFC53C552D466A2C009CA7EF /* FirebaseAnalytics */ = {
			isa = XCSwiftPackageProductDependency;
			package = DFB07A2B277741030033101C /* XCRemoteSwiftPackageReference "firebase-ios-sdk" */;
			productName = FirebaseAnalytics;
		};
		DFCE12942538F7F600B45EB7 /* FeedKit */ = {
			isa = XCSwiftPackageProductDependency;
			package = DFCE12932538F7F600B45EB7 /* XCRemoteSwiftPackageReference "FeedKit" */;
			productName = FeedKit;
		};
		DFD8632B25E25F60006164E5 /* AppScaffold */ = {
			isa = XCSwiftPackageProductDependency;
			package = DFD8632A25E25F5F006164E5 /* XCRemoteSwiftPackageReference "app-scaffold-ios" */;
			productName = AppScaffold;
		};
		DFDE88702545834B00429765 /* EventBus */ = {
			isa = XCSwiftPackageProductDependency;
			package = DFDE886F2545834B00429765 /* XCRemoteSwiftPackageReference "eventbus" */;
			productName = EventBus;
		};
		DFDEBB3E289D1C4C00AB0EAA /* CoreCache */ = {
			isa = XCSwiftPackageProductDependency;
			productName = CoreCache;
		};
		DFE06E342771360E00466246 /* DashboardFeature */ = {
			isa = XCSwiftPackageProductDependency;
			productName = DashboardFeature;
		};
		DFE1ED6A2538C24800FDD44A /* BLTNBoard */ = {
			isa = XCSwiftPackageProductDependency;
			package = DFE1ED692538C24800FDD44A /* XCRemoteSwiftPackageReference "BulletinBoard" */;
			productName = BLTNBoard;
		};
		DFE1ED772538C4E200FDD44A /* Pulley */ = {
			isa = XCSwiftPackageProductDependency;
			package = DFE1ED762538C4E200FDD44A /* XCRemoteSwiftPackageReference "Pulley" */;
			productName = Pulley;
		};
		DFE59D3A28D871B800BD0236 /* LicenseUI */ = {
			isa = XCSwiftPackageProductDependency;
			package = DFE59D3928D871B800BD0236 /* XCRemoteSwiftPackageReference "swift-license-ui" */;
			productName = LicenseUI;
		};
		DFF6FFA3289D156600C88964 /* Haneke */ = {
			isa = XCSwiftPackageProductDependency;
			package = DFF6FFA2289D156600C88964 /* XCRemoteSwiftPackageReference "HanekeSwift" */;
			productName = Haneke;
		};
		DFFA7EA02706638D00E27E7B /* AppFeedback */ = {
			isa = XCSwiftPackageProductDependency;
			package = DFFA7E9F2706638D00E27E7B /* XCRemoteSwiftPackageReference "swift-app-feedback" */;
			productName = AppFeedback;
		};
/* End XCSwiftPackageProductDependency section */
	};
	rootObject = DF1A49571F6AAB7000E9108B /* Project object */;
}
