<?xml version="1.0" encoding="UTF-8"?>
<Scheme
   version = "1.3"
   wasCreatedForAppExtension = "YES">
   <BuildAction>
      <BuildActionEntries>
         <BuildActionEntry
            buildForRunning = "YES">
            <BuildableReference
               BuildableIdentifier = "primary"
               BlueprintIdentifier = "DFA90CB829E945D600FF8366"
               BuildableName = "WidgetsExtension.appex"
               BlueprintName = "WidgetsExtension"
               ReferencedContainer = "container:moers festival.xcodeproj">
            </BuildableReference>
         </BuildActionEntry>
         <BuildActionEntry
            buildForRunning = "YES">
            <BuildableReference
               BuildableIdentifier = "primary"
               BlueprintIdentifier = "DF35B385201DC72900118FD1"
               BuildableName = "moers festival.app"
               BlueprintName = "moers festival"
               ReferencedContainer = "container:moers festival.xcodeproj">
            </BuildableReference>
         </BuildActionEntry>
      </BuildActionEntries>
   </BuildAction>
   <LaunchAction
      useCustomWorkingDirectory = "NO"
      buildConfiguration = "Debug (Production)"
      allowLocationSimulation = "YES"
      launchAutomaticallySubstyle = "2">
   </LaunchAction>
</Scheme>
