// !$*UTF8*$!
{
	archiveVersion = 1;
	classes = {
	};
	objectVersion = 48;
	objects = {

/* Begin PBXBuildFile section */
		DF02B75D1FAFC037004B8B3E /* FilterTableViewCell.swift in Sources */ = {isa = PBXBuildFile; fileRef = DF02B75C1FAFC037004B8B3E /* FilterTableViewCell.swift */; };
		DF02B7611FB035BB004B8B3E /* Settings.plist in Resources */ = {isa = PBXBuildFile; fileRef = DF02B7601FB035BB004B8B3E /* Settings.plist */; };
		DF02B7631FB0BAE9004B8B3E /* Branch.swift in Sources */ = {isa = PBXBuildFile; fileRef = DF02B7621FB0BAE9004B8B3E /* Branch.swift */; };
		DF02B7651FB0BBD8004B8B3E /* SwiftyConfiguration.framework in Frameworks */ = {isa = PBXBuildFile; fileRef = DF02B7641FB0BBD8004B8B3E /* SwiftyConfiguration.framework */; };
		DF08361D1F6C198400A1B8A5 /* ShopAnnotationView.swift in Sources */ = {isa = PBXBuildFile; fileRef = DF08361C1F6C198400A1B8A5 /* ShopAnnotationView.swift */; };
		DF0CB48F2082A8DB00CC0AA8 /* AppConfig.swift in Sources */ = {isa = PBXBuildFile; fileRef = DF0CB48E2082A8DB00CC0AA8 /* AppConfig.swift */; };
		DF0CB4912082A94F00CC0AA8 /* ApplicationController.swift in Sources */ = {isa = PBXBuildFile; fileRef = DF0CB4902082A94F00CC0AA8 /* ApplicationController.swift */; };
		DF0CB4932082AB5600CC0AA8 /* Theme.swift in Sources */ = {isa = PBXBuildFile; fileRef = DF0CB4922082AB5600CC0AA8 /* Theme.swift */; };
		DF0CB4962082AFD000CC0AA8 /* FirstLaunchManager.swift in Sources */ = {isa = PBXBuildFile; fileRef = DF0CB4952082AFD000CC0AA8 /* FirstLaunchManager.swift */; };
		DF0CB4982082B5D100CC0AA8 /* TabBarController.swift in Sources */ = {isa = PBXBuildFile; fileRef = DF0CB4972082B5D100CC0AA8 /* TabBarController.swift */; };
		DF0CB49B2082B65000CC0AA8 /* BulletinDataSource.swift in Sources */ = {isa = PBXBuildFile; fileRef = DF0CB49A2082B65000CC0AA8 /* BulletinDataSource.swift */; };
		DF0CB49D2082B78C00CC0AA8 /* PermissionsManager.swift in Sources */ = {isa = PBXBuildFile; fileRef = DF0CB49C2082B78C00CC0AA8 /* PermissionsManager.swift */; };
		DF0CB49F2082B90900CC0AA8 /* FeedbackGenerators.swift in Sources */ = {isa = PBXBuildFile; fileRef = DF0CB49E2082B90900CC0AA8 /* FeedbackGenerators.swift */; };
		DF0CB4A12082B97C00CC0AA8 /* FeedbackPageBulletinItem.swift in Sources */ = {isa = PBXBuildFile; fileRef = DF0CB4A02082B97C00CC0AA8 /* FeedbackPageBulletinItem.swift */; };
		DF0CB4A52082BE0F00CC0AA8 /* Localizable.strings in Resources */ = {isa = PBXBuildFile; fileRef = DF0CB4A72082BE0F00CC0AA8 /* Localizable.strings */; };
		DF0CB4AB208357A800CC0AA8 /* MapItemContentView.swift in Sources */ = {isa = PBXBuildFile; fileRef = DF0CB4AA208357A800CC0AA8 /* MapItemContentView.swift */; };
		DF0CB4AD20838FD100CC0AA8 /* MainViewController.swift in Sources */ = {isa = PBXBuildFile; fileRef = DF0CB4AC20838FD100CC0AA8 /* MainViewController.swift */; };
		DF0CB4AF2085B65200CC0AA8 /* RebuildMapViewController.swift in Sources */ = {isa = PBXBuildFile; fileRef = DF0CB4AE2085B65200CC0AA8 /* RebuildMapViewController.swift */; };
		DF0CB4B12085B66600CC0AA8 /* RebuildContentViewController.swift in Sources */ = {isa = PBXBuildFile; fileRef = DF0CB4B02085B66600CC0AA8 /* RebuildContentViewController.swift */; };
		DF0CB4B32087092F00CC0AA8 /* RebuildSearchResultTableViewCell.swift in Sources */ = {isa = PBXBuildFile; fileRef = DF0CB4B22087092F00CC0AA8 /* RebuildSearchResultTableViewCell.swift */; };
		DF1A49631F6AAB7000E9108B /* AppDelegate.swift in Sources */ = {isa = PBXBuildFile; fileRef = DF1A49621F6AAB7000E9108B /* AppDelegate.swift */; };
		DF1A49681F6AAB7000E9108B /* Main.storyboard in Resources */ = {isa = PBXBuildFile; fileRef = DF1A49661F6AAB7000E9108B /* Main.storyboard */; };
		DF1A496A1F6AAB7000E9108B /* Assets.xcassets in Resources */ = {isa = PBXBuildFile; fileRef = DF1A49691F6AAB7000E9108B /* Assets.xcassets */; };
		DF1A496D1F6AAB7000E9108B /* LaunchScreen.storyboard in Resources */ = {isa = PBXBuildFile; fileRef = DF1A496B1F6AAB7000E9108B /* LaunchScreen.storyboard */; };
		DF1EC3EE1F78C5040090809A /* CameraAnnotationView.swift in Sources */ = {isa = PBXBuildFile; fileRef = DF1EC3ED1F78C5040090809A /* CameraAnnotationView.swift */; };
		DF29FB4D20B1954B00741A63 /* ThemeViewController.swift in Sources */ = {isa = PBXBuildFile; fileRef = DF29FB4C20B1954B00741A63 /* ThemeViewController.swift */; };
		DF29FB4F20B19BE600741A63 /* ThemeCardView.swift in Sources */ = {isa = PBXBuildFile; fileRef = DF29FB4E20B19BE600741A63 /* ThemeCardView.swift */; };
		DF4BD1BE208A72C5003ECF41 /* DashboardViewController.swift in Sources */ = {isa = PBXBuildFile; fileRef = DF4BD1BD208A72C5003ECF41 /* DashboardViewController.swift */; };
		DF4BD1C2208C5653003ECF41 /* RubbishStreetPickerItem.swift in Sources */ = {isa = PBXBuildFile; fileRef = DF4BD1C1208C5653003ECF41 /* RubbishStreetPickerItem.swift */; };
		DF4BD1C4208C64F1003ECF41 /* PickerView.swift in Sources */ = {isa = PBXBuildFile; fileRef = DF4BD1C3208C64F1003ECF41 /* PickerView.swift */; };
		DF4BD1C6208CF76C003ECF41 /* RubbishReminderBulletinItem.swift in Sources */ = {isa = PBXBuildFile; fileRef = DF4BD1C5208CF76C003ECF41 /* RubbishReminderBulletinItem.swift */; };
		DF5135B91F71A4C4002A8977 /* DetailParkingViewController.swift in Sources */ = {isa = PBXBuildFile; fileRef = DF5135B81F71A4C4002A8977 /* DetailParkingViewController.swift */; };
		DF5135BB1F71A7B3002A8977 /* DetailShopViewController.swift in Sources */ = {isa = PBXBuildFile; fileRef = DF5135BA1F71A7B3002A8977 /* DetailShopViewController.swift */; };
		DF524CA8208741FF00D88599 /* RebuildFilterTableViewCell.swift in Sources */ = {isa = PBXBuildFile; fileRef = DF524CA7208741FF00D88599 /* RebuildFilterTableViewCell.swift */; };
		DF524CAA2087421800D88599 /* RebuildBranchTableViewCell.swift in Sources */ = {isa = PBXBuildFile; fileRef = DF524CA92087421800D88599 /* RebuildBranchTableViewCell.swift */; };
		DF524CAC2087443D00D88599 /* RebuildBranchCollectionViewCell.swift in Sources */ = {isa = PBXBuildFile; fileRef = DF524CAB2087443D00D88599 /* RebuildBranchCollectionViewCell.swift */; };
		DF524CAE20885A7700D88599 /* RubbishCollectionStreet.swift in Sources */ = {isa = PBXBuildFile; fileRef = DF524CAD20885A7700D88599 /* RubbishCollectionStreet.swift */; };
		DF626AF51FB745E300BFDA67 /* BikeChargingStation.swift in Sources */ = {isa = PBXBuildFile; fileRef = DF626AF41FB745E300BFDA67 /* BikeChargingStation.swift */; };
		DF626AF71FB7741E00BFDA67 /* BikeChargingStationAnnotationView.swift in Sources */ = {isa = PBXBuildFile; fileRef = DF626AF61FB7741E00BFDA67 /* BikeChargingStationAnnotationView.swift */; };
		DF626AF91FB77EEC00BFDA67 /* DetailBikeChargingStationViewController.swift in Sources */ = {isa = PBXBuildFile; fileRef = DF626AF81FB77EEC00BFDA67 /* DetailBikeChargingStationViewController.swift */; };
		DF632B401F6E721B0022FA8E /* ParkingLot.swift in Sources */ = {isa = PBXBuildFile; fileRef = DF632B3F1F6E721B0022FA8E /* ParkingLot.swift */; };
		DF632B421F6E765C0022FA8E /* ParkingLotAnnotationView.swift in Sources */ = {isa = PBXBuildFile; fileRef = DF632B411F6E765C0022FA8E /* ParkingLotAnnotationView.swift */; };
		DF632B441F6E90140022FA8E /* DetailViewController.swift in Sources */ = {isa = PBXBuildFile; fileRef = DF632B431F6E90140022FA8E /* DetailViewController.swift */; };
		DF632B461F6EA0370022FA8E /* DesignableButton.swift in Sources */ = {isa = PBXBuildFile; fileRef = DF632B451F6EA0370022FA8E /* DesignableButton.swift */; };
		DF632B481F6EA6AA0022FA8E /* DesignableView.swift in Sources */ = {isa = PBXBuildFile; fileRef = DF632B471F6EA6AA0022FA8E /* DesignableView.swift */; };
		DF8254061F7711180069D751 /* Camera.swift in Sources */ = {isa = PBXBuildFile; fileRef = DF8254051F7711170069D751 /* Camera.swift */; };
		DF8254081F7712880069D751 /* CSwiftV.swift in Sources */ = {isa = PBXBuildFile; fileRef = DF8254071F7712870069D751 /* CSwiftV.swift */; };
		DFAEF0611F6AE87000EF25F5 /* MapViewController.swift in Sources */ = {isa = PBXBuildFile; fileRef = DFAEF0601F6AE87000EF25F5 /* MapViewController.swift */; };
		DFAEF0631F6AE89200EF25F5 /* ContentViewController.swift in Sources */ = {isa = PBXBuildFile; fileRef = DFAEF0621F6AE89200EF25F5 /* ContentViewController.swift */; };
		DFB4D76720B03B9000C8D179 /* OtherViewController.swift in Sources */ = {isa = PBXBuildFile; fileRef = DFB4D76620B03B9000C8D179 /* OtherViewController.swift */; };
		DFB4D76920B062BE00C8D179 /* SettingsViewController.swift in Sources */ = {isa = PBXBuildFile; fileRef = DFB4D76820B062BE00C8D179 /* SettingsViewController.swift */; };
		DFB4D76B20B064CA00C8D179 /* StaticTableView.swift in Sources */ = {isa = PBXBuildFile; fileRef = DFB4D76A20B064CA00C8D179 /* StaticTableView.swift */; };
		DFB5ECCF1F79ADDA00B2B464 /* DetailCameraViewController.swift in Sources */ = {isa = PBXBuildFile; fileRef = DFB5ECCE1F79ADDA00B2B464 /* DetailCameraViewController.swift */; };
		DFB5ECD11F79B01800B2B464 /* CameraViewController.swift in Sources */ = {isa = PBXBuildFile; fileRef = DFB5ECD01F79B01800B2B464 /* CameraViewController.swift */; };
		DFB618581FAE144000C98EB6 /* Pulley.framework in Frameworks */ = {isa = PBXBuildFile; fileRef = DFB618571FAE144000C98EB6 /* Pulley.framework */; };
		DFB6185B1FAE2CC800C98EB6 /* NavigationViewController.swift in Sources */ = {isa = PBXBuildFile; fileRef = DFB6185A1FAE2CC800C98EB6 /* NavigationViewController.swift */; };
		DFB64DB120377AEE00173A80 /* MoersUITests.swift in Sources */ = {isa = PBXBuildFile; fileRef = DFB64DB020377AEE00173A80 /* MoersUITests.swift */; };
		DFB64DB920377B7600173A80 /* SnapshotHelper.swift in Sources */ = {isa = PBXBuildFile; fileRef = DFB64DB820377B7600173A80 /* SnapshotHelper.swift */; };
		DFB64DC12038826F00173A80 /* FirebaseCoreDiagnostics.framework in Frameworks */ = {isa = PBXBuildFile; fileRef = DFB64DBA2038826C00173A80 /* FirebaseCoreDiagnostics.framework */; };
		DFB64DC22038826F00173A80 /* FirebaseInstanceID.framework in Frameworks */ = {isa = PBXBuildFile; fileRef = DFB64DBB2038826D00173A80 /* FirebaseInstanceID.framework */; };
		DFB64DC32038826F00173A80 /* GoogleToolboxForMac.framework in Frameworks */ = {isa = PBXBuildFile; fileRef = DFB64DBC2038826D00173A80 /* GoogleToolboxForMac.framework */; };
		DFB64DC42038826F00173A80 /* FirebaseAnalytics.framework in Frameworks */ = {isa = PBXBuildFile; fileRef = DFB64DBD2038826E00173A80 /* FirebaseAnalytics.framework */; };
		DFB64DC52038826F00173A80 /* FirebaseCore.framework in Frameworks */ = {isa = PBXBuildFile; fileRef = DFB64DBE2038826E00173A80 /* FirebaseCore.framework */; };
		DFB64DC62038826F00173A80 /* nanopb.framework in Frameworks */ = {isa = PBXBuildFile; fileRef = DFB64DBF2038826F00173A80 /* nanopb.framework */; };
		DFB64DC72038826F00173A80 /* FirebaseNanoPB.framework in Frameworks */ = {isa = PBXBuildFile; fileRef = DFB64DC02038826F00173A80 /* FirebaseNanoPB.framework */; };
		DFB64DCE20389FDC00173A80 /* Crashlytics.framework in Frameworks */ = {isa = PBXBuildFile; fileRef = DFB64DCC20389FDB00173A80 /* Crashlytics.framework */; };
		DFB64DCF20389FDC00173A80 /* Fabric.framework in Frameworks */ = {isa = PBXBuildFile; fileRef = DFB64DCD20389FDB00173A80 /* Fabric.framework */; };
		DFB64DD12038F94600173A80 /* InfoViewController.swift in Sources */ = {isa = PBXBuildFile; fileRef = DFB64DD02038F94600173A80 /* InfoViewController.swift */; };
		DFB92D5E1F6B0B0900669F73 /* API.swift in Sources */ = {isa = PBXBuildFile; fileRef = DFB92D5D1F6B0B0900669F73 /* API.swift */; };
		DFB92D601F6B0B3F00669F73 /* Shop.swift in Sources */ = {isa = PBXBuildFile; fileRef = DFB92D5F1F6B0B3F00669F73 /* Shop.swift */; };
		DFB92D621F6B0B7A00669F73 /* Location.swift in Sources */ = {isa = PBXBuildFile; fileRef = DFB92D611F6B0B7A00669F73 /* Location.swift */; };
		DFB92D641F6B109C00669F73 /* Extensions.swift in Sources */ = {isa = PBXBuildFile; fileRef = DFB92D631F6B109C00669F73 /* Extensions.swift */; };
		DFB92D691F6B96E400669F73 /* ClusterAnnotationView.swift in Sources */ = {isa = PBXBuildFile; fileRef = DFB92D681F6B96E400669F73 /* ClusterAnnotationView.swift */; };
		DFC1CC641F75960A00C1D269 /* SelectionViewController.swift in Sources */ = {isa = PBXBuildFile; fileRef = DFC1CC631F75960A00C1D269 /* SelectionViewController.swift */; };
		DFC1CC671F76664700C1D269 /* ShopIconDrawer.swift in Sources */ = {isa = PBXBuildFile; fileRef = DFC1CC661F76664700C1D269 /* ShopIconDrawer.swift */; };
		DFC3DE821F6C65FE0049638B /* SearchResultTableViewCell.swift in Sources */ = {isa = PBXBuildFile; fileRef = DFC3DE811F6C65FE0049638B /* SearchResultTableViewCell.swift */; };
		DFC5464E1F8007FB00EB3F7E /* SearchResult.swift in Sources */ = {isa = PBXBuildFile; fileRef = DFC5464D1F8007FB00EB3F7E /* SearchResult.swift */; };
		DFD129731FAF0C1B001900CF /* BranchTableViewCell.swift in Sources */ = {isa = PBXBuildFile; fileRef = DFD129721FAF0C1B001900CF /* BranchTableViewCell.swift */; };
		DFD129761FAF12D2001900CF /* BranchCollectionViewCell.swift in Sources */ = {isa = PBXBuildFile; fileRef = DFD129751FAF12D2001900CF /* BranchCollectionViewCell.swift */; };
		DFD728AC20A880C6005FA9F1 /* RebuildDetailViewController.swift in Sources */ = {isa = PBXBuildFile; fileRef = DFD728AB20A880C6005FA9F1 /* RebuildDetailViewController.swift */; };
		DFD7ACAF20A4486B00D49BE2 /* CardView.swift in Sources */ = {isa = PBXBuildFile; fileRef = DFD7ACAE20A4486B00D49BE2 /* CardView.swift */; };
		DFD7ACB220A44C5A00D49BE2 /* RebuildSelectionViewController.swift in Sources */ = {isa = PBXBuildFile; fileRef = DFD7ACB120A44C5A00D49BE2 /* RebuildSelectionViewController.swift */; };
		DFD7ACB420A6BCA000D49BE2 /* DashboardRubbishCardView.swift in Sources */ = {isa = PBXBuildFile; fileRef = DFD7ACB320A6BCA000D49BE2 /* DashboardRubbishCardView.swift */; };
		DFD7ACB620A6BFD500D49BE2 /* TitleCardView.swift in Sources */ = {isa = PBXBuildFile; fileRef = DFD7ACB520A6BFD500D49BE2 /* TitleCardView.swift */; };
		DFD7ACBA20A6C6BC00D49BE2 /* RubbishCollectionView.swift in Sources */ = {isa = PBXBuildFile; fileRef = DFD7ACB920A6C6BC00D49BE2 /* RubbishCollectionView.swift */; };
		DFD7ACBD20A795AF00D49BE2 /* DashboardNotificationCardView.swift in Sources */ = {isa = PBXBuildFile; fileRef = DFD7ACBC20A795AF00D49BE2 /* DashboardNotificationCardView.swift */; };
		DFD7ACC120A842F400D49BE2 /* DateCardView.swift in Sources */ = {isa = PBXBuildFile; fileRef = DFD7ACC020A842F400D49BE2 /* DateCardView.swift */; };
		DFDD3F6E20B22230005602E3 /* RubbishCollectionViewController.swift in Sources */ = {isa = PBXBuildFile; fileRef = DFDD3F6D20B22230005602E3 /* RubbishCollectionViewController.swift */; };
		DFDD3F7020B2D8E7005602E3 /* RubbishCollectionItemTableViewCell.swift in Sources */ = {isa = PBXBuildFile; fileRef = DFDD3F6F20B2D8E7005602E3 /* RubbishCollectionItemTableViewCell.swift */; };
		DFDD3F7220B2E525005602E3 /* MonthHeaderView.swift in Sources */ = {isa = PBXBuildFile; fileRef = DFDD3F7120B2E525005602E3 /* MonthHeaderView.swift */; };
		DFDD3F7420B2F30A005602E3 /* AboutViewController.swift in Sources */ = {isa = PBXBuildFile; fileRef = DFDD3F7320B2F30A005602E3 /* AboutViewController.swift */; };
		DFF4E15B20892CFB007C24E3 /* RubbishManager.swift in Sources */ = {isa = PBXBuildFile; fileRef = DFF4E15A20892CFB007C24E3 /* RubbishManager.swift */; };
		DFF4E15D20893694007C24E3 /* RubbishCollectionDate.swift in Sources */ = {isa = PBXBuildFile; fileRef = DFF4E15C20893694007C24E3 /* RubbishCollectionDate.swift */; };
		DFF4E15F2089ABCA007C24E3 /* RubbishCollectionItem.swift in Sources */ = {isa = PBXBuildFile; fileRef = DFF4E15E2089ABCA007C24E3 /* RubbishCollectionItem.swift */; };
		DFF5DDCB20094A920075A2F4 /* GoogleService-Info.plist in Resources */ = {isa = PBXBuildFile; fileRef = DFF5DDCA20094A910075A2F4 /* GoogleService-Info.plist */; };
		DFFB775B1FB37E0A00073863 /* InfoKit.framework in Frameworks */ = {isa = PBXBuildFile; fileRef = DFFB775A1FB37E0A00073863 /* InfoKit.framework */; };
		DFFB77601FB38A5A00073863 /* Branches.plist in Resources */ = {isa = PBXBuildFile; fileRef = DFFB775F1FB38A5A00073863 /* Branches.plist */; };
/* End PBXBuildFile section */

/* Begin PBXContainerItemProxy section */
		DFB64DB320377AEE00173A80 /* PBXContainerItemProxy */ = {
			isa = PBXContainerItemProxy;
			containerPortal = DF1A49571F6AAB7000E9108B /* Project object */;
			proxyType = 1;
			remoteGlobalIDString = DF1A495E1F6AAB7000E9108B;
			remoteInfo = Moers;
		};
/* End PBXContainerItemProxy section */

/* Begin PBXFileReference section */
		DF02B75C1FAFC037004B8B3E /* FilterTableViewCell.swift */ = {isa = PBXFileReference; lastKnownFileType = sourcecode.swift; path = FilterTableViewCell.swift; sourceTree = "<group>"; };
		DF02B7601FB035BB004B8B3E /* Settings.plist */ = {isa = PBXFileReference; lastKnownFileType = text.plist.xml; path = Settings.plist; sourceTree = "<group>"; };
		DF02B7621FB0BAE9004B8B3E /* Branch.swift */ = {isa = PBXFileReference; lastKnownFileType = sourcecode.swift; path = Branch.swift; sourceTree = "<group>"; };
		DF02B7641FB0BBD8004B8B3E /* SwiftyConfiguration.framework */ = {isa = PBXFileReference; lastKnownFileType = wrapper.framework; name = SwiftyConfiguration.framework; path = Carthage/Build/iOS/SwiftyConfiguration.framework; sourceTree = "<group>"; };
		DF08361C1F6C198400A1B8A5 /* ShopAnnotationView.swift */ = {isa = PBXFileReference; lastKnownFileType = sourcecode.swift; path = ShopAnnotationView.swift; sourceTree = "<group>"; };
		DF0CB48E2082A8DB00CC0AA8 /* AppConfig.swift */ = {isa = PBXFileReference; lastKnownFileType = sourcecode.swift; path = AppConfig.swift; sourceTree = "<group>"; };
		DF0CB4902082A94F00CC0AA8 /* ApplicationController.swift */ = {isa = PBXFileReference; lastKnownFileType = sourcecode.swift; path = ApplicationController.swift; sourceTree = "<group>"; };
		DF0CB4922082AB5600CC0AA8 /* Theme.swift */ = {isa = PBXFileReference; lastKnownFileType = sourcecode.swift; path = Theme.swift; sourceTree = "<group>"; };
		DF0CB4952082AFD000CC0AA8 /* FirstLaunchManager.swift */ = {isa = PBXFileReference; lastKnownFileType = sourcecode.swift; path = FirstLaunchManager.swift; sourceTree = "<group>"; };
		DF0CB4972082B5D100CC0AA8 /* TabBarController.swift */ = {isa = PBXFileReference; lastKnownFileType = sourcecode.swift; path = TabBarController.swift; sourceTree = "<group>"; };
		DF0CB49A2082B65000CC0AA8 /* BulletinDataSource.swift */ = {isa = PBXFileReference; lastKnownFileType = sourcecode.swift; path = BulletinDataSource.swift; sourceTree = "<group>"; };
		DF0CB49C2082B78C00CC0AA8 /* PermissionsManager.swift */ = {isa = PBXFileReference; lastKnownFileType = sourcecode.swift; path = PermissionsManager.swift; sourceTree = "<group>"; };
		DF0CB49E2082B90900CC0AA8 /* FeedbackGenerators.swift */ = {isa = PBXFileReference; lastKnownFileType = sourcecode.swift; path = FeedbackGenerators.swift; sourceTree = "<group>"; };
		DF0CB4A02082B97C00CC0AA8 /* FeedbackPageBulletinItem.swift */ = {isa = PBXFileReference; lastKnownFileType = sourcecode.swift; path = FeedbackPageBulletinItem.swift; sourceTree = "<group>"; };
		DF0CB4A82082BE1600CC0AA8 /* Base */ = {isa = PBXFileReference; lastKnownFileType = text.plist.strings; name = Base; path = Base.lproj/Localizable.strings; sourceTree = "<group>"; };
		DF0CB4A92082BE4100CC0AA8 /* de */ = {isa = PBXFileReference; lastKnownFileType = text.plist.strings; name = de; path = de.lproj/Localizable.strings; sourceTree = "<group>"; };
		DF0CB4AA208357A800CC0AA8 /* MapItemContentView.swift */ = {isa = PBXFileReference; lastKnownFileType = sourcecode.swift; path = MapItemContentView.swift; sourceTree = "<group>"; };
		DF0CB4AC20838FD100CC0AA8 /* MainViewController.swift */ = {isa = PBXFileReference; lastKnownFileType = sourcecode.swift; path = MainViewController.swift; sourceTree = "<group>"; };
		DF0CB4AE2085B65200CC0AA8 /* RebuildMapViewController.swift */ = {isa = PBXFileReference; lastKnownFileType = sourcecode.swift; path = RebuildMapViewController.swift; sourceTree = "<group>"; };
		DF0CB4B02085B66600CC0AA8 /* RebuildContentViewController.swift */ = {isa = PBXFileReference; lastKnownFileType = sourcecode.swift; path = RebuildContentViewController.swift; sourceTree = "<group>"; };
		DF0CB4B22087092F00CC0AA8 /* RebuildSearchResultTableViewCell.swift */ = {isa = PBXFileReference; lastKnownFileType = sourcecode.swift; path = RebuildSearchResultTableViewCell.swift; sourceTree = "<group>"; };
		DF1A495F1F6AAB7000E9108B /* Moers.app */ = {isa = PBXFileReference; explicitFileType = wrapper.application; includeInIndex = 0; path = Moers.app; sourceTree = BUILT_PRODUCTS_DIR; };
		DF1A49621F6AAB7000E9108B /* AppDelegate.swift */ = {isa = PBXFileReference; lastKnownFileType = sourcecode.swift; path = AppDelegate.swift; sourceTree = "<group>"; };
		DF1A49671F6AAB7000E9108B /* Base */ = {isa = PBXFileReference; lastKnownFileType = file.storyboard; name = Base; path = Base.lproj/Main.storyboard; sourceTree = "<group>"; };
		DF1A49691F6AAB7000E9108B /* Assets.xcassets */ = {isa = PBXFileReference; lastKnownFileType = folder.assetcatalog; path = Assets.xcassets; sourceTree = "<group>"; };
		DF1A496C1F6AAB7000E9108B /* Base */ = {isa = PBXFileReference; lastKnownFileType = file.storyboard; name = Base; path = Base.lproj/LaunchScreen.storyboard; sourceTree = "<group>"; };
		DF1A496E1F6AAB7000E9108B /* Info.plist */ = {isa = PBXFileReference; lastKnownFileType = text.plist.xml; path = Info.plist; sourceTree = "<group>"; };
		DF1EC3ED1F78C5040090809A /* CameraAnnotationView.swift */ = {isa = PBXFileReference; lastKnownFileType = sourcecode.swift; path = CameraAnnotationView.swift; sourceTree = "<group>"; };
		DF29FB4C20B1954B00741A63 /* ThemeViewController.swift */ = {isa = PBXFileReference; lastKnownFileType = sourcecode.swift; path = ThemeViewController.swift; sourceTree = "<group>"; };
		DF29FB4E20B19BE600741A63 /* ThemeCardView.swift */ = {isa = PBXFileReference; lastKnownFileType = sourcecode.swift; path = ThemeCardView.swift; sourceTree = "<group>"; };
		DF4BD1BD208A72C5003ECF41 /* DashboardViewController.swift */ = {isa = PBXFileReference; lastKnownFileType = sourcecode.swift; path = DashboardViewController.swift; sourceTree = "<group>"; };
		DF4BD1C1208C5653003ECF41 /* RubbishStreetPickerItem.swift */ = {isa = PBXFileReference; lastKnownFileType = sourcecode.swift; path = RubbishStreetPickerItem.swift; sourceTree = "<group>"; };
		DF4BD1C3208C64F1003ECF41 /* PickerView.swift */ = {isa = PBXFileReference; fileEncoding = 4; lastKnownFileType = sourcecode.swift; path = PickerView.swift; sourceTree = "<group>"; };
		DF4BD1C5208CF76C003ECF41 /* RubbishReminderBulletinItem.swift */ = {isa = PBXFileReference; lastKnownFileType = sourcecode.swift; path = RubbishReminderBulletinItem.swift; sourceTree = "<group>"; };
		DF5135B81F71A4C4002A8977 /* DetailParkingViewController.swift */ = {isa = PBXFileReference; lastKnownFileType = sourcecode.swift; path = DetailParkingViewController.swift; sourceTree = "<group>"; };
		DF5135BA1F71A7B3002A8977 /* DetailShopViewController.swift */ = {isa = PBXFileReference; lastKnownFileType = sourcecode.swift; path = DetailShopViewController.swift; sourceTree = "<group>"; };
		DF524CA7208741FF00D88599 /* RebuildFilterTableViewCell.swift */ = {isa = PBXFileReference; lastKnownFileType = sourcecode.swift; path = RebuildFilterTableViewCell.swift; sourceTree = "<group>"; };
		DF524CA92087421800D88599 /* RebuildBranchTableViewCell.swift */ = {isa = PBXFileReference; lastKnownFileType = sourcecode.swift; path = RebuildBranchTableViewCell.swift; sourceTree = "<group>"; };
		DF524CAB2087443D00D88599 /* RebuildBranchCollectionViewCell.swift */ = {isa = PBXFileReference; lastKnownFileType = sourcecode.swift; path = RebuildBranchCollectionViewCell.swift; sourceTree = "<group>"; };
		DF524CAD20885A7700D88599 /* RubbishCollectionStreet.swift */ = {isa = PBXFileReference; lastKnownFileType = sourcecode.swift; path = RubbishCollectionStreet.swift; sourceTree = "<group>"; };
		DF626AF41FB745E300BFDA67 /* BikeChargingStation.swift */ = {isa = PBXFileReference; lastKnownFileType = sourcecode.swift; path = BikeChargingStation.swift; sourceTree = "<group>"; };
		DF626AF61FB7741E00BFDA67 /* BikeChargingStationAnnotationView.swift */ = {isa = PBXFileReference; lastKnownFileType = sourcecode.swift; path = BikeChargingStationAnnotationView.swift; sourceTree = "<group>"; };
		DF626AF81FB77EEC00BFDA67 /* DetailBikeChargingStationViewController.swift */ = {isa = PBXFileReference; lastKnownFileType = sourcecode.swift; path = DetailBikeChargingStationViewController.swift; sourceTree = "<group>"; };
		DF632B3F1F6E721B0022FA8E /* ParkingLot.swift */ = {isa = PBXFileReference; lastKnownFileType = sourcecode.swift; path = ParkingLot.swift; sourceTree = "<group>"; };
		DF632B411F6E765C0022FA8E /* ParkingLotAnnotationView.swift */ = {isa = PBXFileReference; lastKnownFileType = sourcecode.swift; path = ParkingLotAnnotationView.swift; sourceTree = "<group>"; };
		DF632B431F6E90140022FA8E /* DetailViewController.swift */ = {isa = PBXFileReference; lastKnownFileType = sourcecode.swift; path = DetailViewController.swift; sourceTree = "<group>"; };
		DF632B451F6EA0370022FA8E /* DesignableButton.swift */ = {isa = PBXFileReference; lastKnownFileType = sourcecode.swift; path = DesignableButton.swift; sourceTree = "<group>"; };
		DF632B471F6EA6AA0022FA8E /* DesignableView.swift */ = {isa = PBXFileReference; lastKnownFileType = sourcecode.swift; path = DesignableView.swift; sourceTree = "<group>"; };
		DF8254051F7711170069D751 /* Camera.swift */ = {isa = PBXFileReference; lastKnownFileType = sourcecode.swift; path = Camera.swift; sourceTree = "<group>"; };
		DF8254071F7712870069D751 /* CSwiftV.swift */ = {isa = PBXFileReference; lastKnownFileType = sourcecode.swift; path = CSwiftV.swift; sourceTree = "<group>"; };
		DFAEF0601F6AE87000EF25F5 /* MapViewController.swift */ = {isa = PBXFileReference; lastKnownFileType = sourcecode.swift; path = MapViewController.swift; sourceTree = "<group>"; };
		DFAEF0621F6AE89200EF25F5 /* ContentViewController.swift */ = {isa = PBXFileReference; lastKnownFileType = sourcecode.swift; path = ContentViewController.swift; sourceTree = "<group>"; };
		DFB4D76620B03B9000C8D179 /* OtherViewController.swift */ = {isa = PBXFileReference; lastKnownFileType = sourcecode.swift; path = OtherViewController.swift; sourceTree = "<group>"; };
		DFB4D76820B062BE00C8D179 /* SettingsViewController.swift */ = {isa = PBXFileReference; lastKnownFileType = sourcecode.swift; path = SettingsViewController.swift; sourceTree = "<group>"; };
		DFB4D76A20B064CA00C8D179 /* StaticTableView.swift */ = {isa = PBXFileReference; lastKnownFileType = sourcecode.swift; path = StaticTableView.swift; sourceTree = "<group>"; };
		DFB5ECCE1F79ADDA00B2B464 /* DetailCameraViewController.swift */ = {isa = PBXFileReference; lastKnownFileType = sourcecode.swift; path = DetailCameraViewController.swift; sourceTree = "<group>"; };
		DFB5ECD01F79B01800B2B464 /* CameraViewController.swift */ = {isa = PBXFileReference; lastKnownFileType = sourcecode.swift; path = CameraViewController.swift; sourceTree = "<group>"; };
		DFB618571FAE144000C98EB6 /* Pulley.framework */ = {isa = PBXFileReference; lastKnownFileType = wrapper.framework; name = Pulley.framework; path = Carthage/Build/iOS/Pulley.framework; sourceTree = "<group>"; };
		DFB6185A1FAE2CC800C98EB6 /* NavigationViewController.swift */ = {isa = PBXFileReference; lastKnownFileType = sourcecode.swift; name = NavigationViewController.swift; path = Pulley/NavigationViewController.swift; sourceTree = "<group>"; };
		DFB64DAE20377AEE00173A80 /* MoersUITests.xctest */ = {isa = PBXFileReference; explicitFileType = wrapper.cfbundle; includeInIndex = 0; path = MoersUITests.xctest; sourceTree = BUILT_PRODUCTS_DIR; };
		DFB64DB020377AEE00173A80 /* MoersUITests.swift */ = {isa = PBXFileReference; lastKnownFileType = sourcecode.swift; path = MoersUITests.swift; sourceTree = "<group>"; };
		DFB64DB220377AEE00173A80 /* Info.plist */ = {isa = PBXFileReference; lastKnownFileType = text.plist.xml; path = Info.plist; sourceTree = "<group>"; };
		DFB64DB820377B7600173A80 /* SnapshotHelper.swift */ = {isa = PBXFileReference; fileEncoding = 4; lastKnownFileType = sourcecode.swift; name = SnapshotHelper.swift; path = fastlane/SnapshotHelper.swift; sourceTree = SOURCE_ROOT; };
		DFB64DBA2038826C00173A80 /* FirebaseCoreDiagnostics.framework */ = {isa = PBXFileReference; lastKnownFileType = wrapper.framework; path = FirebaseCoreDiagnostics.framework; sourceTree = "<group>"; };
		DFB64DBB2038826D00173A80 /* FirebaseInstanceID.framework */ = {isa = PBXFileReference; lastKnownFileType = wrapper.framework; path = FirebaseInstanceID.framework; sourceTree = "<group>"; };
		DFB64DBC2038826D00173A80 /* GoogleToolboxForMac.framework */ = {isa = PBXFileReference; lastKnownFileType = wrapper.framework; path = GoogleToolboxForMac.framework; sourceTree = "<group>"; };
		DFB64DBD2038826E00173A80 /* FirebaseAnalytics.framework */ = {isa = PBXFileReference; lastKnownFileType = wrapper.framework; path = FirebaseAnalytics.framework; sourceTree = "<group>"; };
		DFB64DBE2038826E00173A80 /* FirebaseCore.framework */ = {isa = PBXFileReference; lastKnownFileType = wrapper.framework; path = FirebaseCore.framework; sourceTree = "<group>"; };
		DFB64DBF2038826F00173A80 /* nanopb.framework */ = {isa = PBXFileReference; lastKnownFileType = wrapper.framework; path = nanopb.framework; sourceTree = "<group>"; };
		DFB64DC02038826F00173A80 /* FirebaseNanoPB.framework */ = {isa = PBXFileReference; lastKnownFileType = wrapper.framework; path = FirebaseNanoPB.framework; sourceTree = "<group>"; };
		DFB64DC9203883D200173A80 /* module.modulemap */ = {isa = PBXFileReference; lastKnownFileType = "sourcecode.module-map"; path = module.modulemap; sourceTree = "<group>"; };
		DFB64DCA2038845300173A80 /* Firebase.h */ = {isa = PBXFileReference; lastKnownFileType = sourcecode.c.h; path = Firebase.h; sourceTree = "<group>"; };
		DFB64DCC20389FDB00173A80 /* Crashlytics.framework */ = {isa = PBXFileReference; lastKnownFileType = wrapper.framework; path = Crashlytics.framework; sourceTree = SOURCE_ROOT; };
		DFB64DCD20389FDB00173A80 /* Fabric.framework */ = {isa = PBXFileReference; lastKnownFileType = wrapper.framework; path = Fabric.framework; sourceTree = SOURCE_ROOT; };
		DFB64DD02038F94600173A80 /* InfoViewController.swift */ = {isa = PBXFileReference; lastKnownFileType = sourcecode.swift; path = InfoViewController.swift; sourceTree = "<group>"; };
		DFB92D5D1F6B0B0900669F73 /* API.swift */ = {isa = PBXFileReference; lastKnownFileType = sourcecode.swift; path = API.swift; sourceTree = "<group>"; };
		DFB92D5F1F6B0B3F00669F73 /* Shop.swift */ = {isa = PBXFileReference; lastKnownFileType = sourcecode.swift; path = Shop.swift; sourceTree = "<group>"; };
		DFB92D611F6B0B7A00669F73 /* Location.swift */ = {isa = PBXFileReference; lastKnownFileType = sourcecode.swift; path = Location.swift; sourceTree = "<group>"; };
		DFB92D631F6B109C00669F73 /* Extensions.swift */ = {isa = PBXFileReference; lastKnownFileType = sourcecode.swift; path = Extensions.swift; sourceTree = "<group>"; };
		DFB92D681F6B96E400669F73 /* ClusterAnnotationView.swift */ = {isa = PBXFileReference; lastKnownFileType = sourcecode.swift; path = ClusterAnnotationView.swift; sourceTree = "<group>"; };
		DFC1CC631F75960A00C1D269 /* SelectionViewController.swift */ = {isa = PBXFileReference; lastKnownFileType = sourcecode.swift; path = SelectionViewController.swift; sourceTree = "<group>"; };
		DFC1CC661F76664700C1D269 /* ShopIconDrawer.swift */ = {isa = PBXFileReference; lastKnownFileType = sourcecode.swift; path = ShopIconDrawer.swift; sourceTree = "<group>"; };
		DFC3DE811F6C65FE0049638B /* SearchResultTableViewCell.swift */ = {isa = PBXFileReference; lastKnownFileType = sourcecode.swift; path = SearchResultTableViewCell.swift; sourceTree = "<group>"; };
		DFC5464D1F8007FB00EB3F7E /* SearchResult.swift */ = {isa = PBXFileReference; lastKnownFileType = sourcecode.swift; path = SearchResult.swift; sourceTree = "<group>"; };
		DFD129721FAF0C1B001900CF /* BranchTableViewCell.swift */ = {isa = PBXFileReference; lastKnownFileType = sourcecode.swift; path = BranchTableViewCell.swift; sourceTree = "<group>"; };
		DFD129751FAF12D2001900CF /* BranchCollectionViewCell.swift */ = {isa = PBXFileReference; lastKnownFileType = sourcecode.swift; path = BranchCollectionViewCell.swift; sourceTree = "<group>"; };
		DFD728AB20A880C6005FA9F1 /* RebuildDetailViewController.swift */ = {isa = PBXFileReference; lastKnownFileType = sourcecode.swift; path = RebuildDetailViewController.swift; sourceTree = "<group>"; };
		DFD7ACAE20A4486B00D49BE2 /* CardView.swift */ = {isa = PBXFileReference; lastKnownFileType = sourcecode.swift; path = CardView.swift; sourceTree = "<group>"; };
		DFD7ACB120A44C5A00D49BE2 /* RebuildSelectionViewController.swift */ = {isa = PBXFileReference; lastKnownFileType = sourcecode.swift; path = RebuildSelectionViewController.swift; sourceTree = "<group>"; };
		DFD7ACB320A6BCA000D49BE2 /* DashboardRubbishCardView.swift */ = {isa = PBXFileReference; lastKnownFileType = sourcecode.swift; path = DashboardRubbishCardView.swift; sourceTree = "<group>"; };
		DFD7ACB520A6BFD500D49BE2 /* TitleCardView.swift */ = {isa = PBXFileReference; lastKnownFileType = sourcecode.swift; path = TitleCardView.swift; sourceTree = "<group>"; };
		DFD7ACB920A6C6BC00D49BE2 /* RubbishCollectionView.swift */ = {isa = PBXFileReference; lastKnownFileType = sourcecode.swift; path = RubbishCollectionView.swift; sourceTree = "<group>"; };
		DFD7ACBC20A795AF00D49BE2 /* DashboardNotificationCardView.swift */ = {isa = PBXFileReference; lastKnownFileType = sourcecode.swift; path = DashboardNotificationCardView.swift; sourceTree = "<group>"; };
		DFD7ACC020A842F400D49BE2 /* DateCardView.swift */ = {isa = PBXFileReference; fileEncoding = 4; lastKnownFileType = sourcecode.swift; path = DateCardView.swift; sourceTree = "<group>"; };
		DFDD3F6D20B22230005602E3 /* RubbishCollectionViewController.swift */ = {isa = PBXFileReference; lastKnownFileType = sourcecode.swift; path = RubbishCollectionViewController.swift; sourceTree = "<group>"; };
		DFDD3F6F20B2D8E7005602E3 /* RubbishCollectionItemTableViewCell.swift */ = {isa = PBXFileReference; lastKnownFileType = sourcecode.swift; path = RubbishCollectionItemTableViewCell.swift; sourceTree = "<group>"; };
		DFDD3F7120B2E525005602E3 /* MonthHeaderView.swift */ = {isa = PBXFileReference; lastKnownFileType = sourcecode.swift; path = MonthHeaderView.swift; sourceTree = "<group>"; };
		DFDD3F7320B2F30A005602E3 /* AboutViewController.swift */ = {isa = PBXFileReference; lastKnownFileType = sourcecode.swift; path = AboutViewController.swift; sourceTree = "<group>"; };
		DFF4E15A20892CFB007C24E3 /* RubbishManager.swift */ = {isa = PBXFileReference; lastKnownFileType = sourcecode.swift; path = RubbishManager.swift; sourceTree = "<group>"; };
		DFF4E15C20893694007C24E3 /* RubbishCollectionDate.swift */ = {isa = PBXFileReference; lastKnownFileType = sourcecode.swift; path = RubbishCollectionDate.swift; sourceTree = "<group>"; };
		DFF4E15E2089ABCA007C24E3 /* RubbishCollectionItem.swift */ = {isa = PBXFileReference; lastKnownFileType = sourcecode.swift; path = RubbishCollectionItem.swift; sourceTree = "<group>"; };
		DFF5DDCA20094A910075A2F4 /* GoogleService-Info.plist */ = {isa = PBXFileReference; fileEncoding = 4; lastKnownFileType = text.plist.xml; path = "GoogleService-Info.plist"; sourceTree = "<group>"; };
		DFFB775A1FB37E0A00073863 /* InfoKit.framework */ = {isa = PBXFileReference; lastKnownFileType = wrapper.framework; name = InfoKit.framework; path = Carthage/Build/iOS/InfoKit.framework; sourceTree = "<group>"; };
		DFFB775F1FB38A5A00073863 /* Branches.plist */ = {isa = PBXFileReference; lastKnownFileType = text.plist.xml; path = Branches.plist; sourceTree = "<group>"; };
/* End PBXFileReference section */

/* Begin PBXFrameworksBuildPhase section */
		DF1A495C1F6AAB7000E9108B /* Frameworks */ = {
			isa = PBXFrameworksBuildPhase;
			buildActionMask = 2147483647;
			files = (
				DFB618581FAE144000C98EB6 /* Pulley.framework in Frameworks */,
				DFB64DC12038826F00173A80 /* FirebaseCoreDiagnostics.framework in Frameworks */,
				DFB64DC22038826F00173A80 /* FirebaseInstanceID.framework in Frameworks */,
				DFB64DC32038826F00173A80 /* GoogleToolboxForMac.framework in Frameworks */,
				DFB64DC62038826F00173A80 /* nanopb.framework in Frameworks */,
				DFB64DC52038826F00173A80 /* FirebaseCore.framework in Frameworks */,
				DFB64DC42038826F00173A80 /* FirebaseAnalytics.framework in Frameworks */,
				DFB64DC72038826F00173A80 /* FirebaseNanoPB.framework in Frameworks */,
				DF02B7651FB0BBD8004B8B3E /* SwiftyConfiguration.framework in Frameworks */,
				DFFB775B1FB37E0A00073863 /* InfoKit.framework in Frameworks */,
				DFB64DCE20389FDC00173A80 /* Crashlytics.framework in Frameworks */,
				DFB64DCF20389FDC00173A80 /* Fabric.framework in Frameworks */,
			);
			runOnlyForDeploymentPostprocessing = 0;
		};
		DFB64DAB20377AEE00173A80 /* Frameworks */ = {
			isa = PBXFrameworksBuildPhase;
			buildActionMask = 2147483647;
			files = (
			);
			runOnlyForDeploymentPostprocessing = 0;
		};
/* End PBXFrameworksBuildPhase section */

/* Begin PBXGroup section */
		DF02B75A1FAFBFE3004B8B3E /* UITableViewCells */ = {
			isa = PBXGroup;
			children = (
				DFD129721FAF0C1B001900CF /* BranchTableViewCell.swift */,
				DFC3DE811F6C65FE0049638B /* SearchResultTableViewCell.swift */,
				DF02B75C1FAFC037004B8B3E /* FilterTableViewCell.swift */,
				DF0CB4B22087092F00CC0AA8 /* RebuildSearchResultTableViewCell.swift */,
				DF524CA92087421800D88599 /* RebuildBranchTableViewCell.swift */,
				DF524CA7208741FF00D88599 /* RebuildFilterTableViewCell.swift */,
				DFDD3F6F20B2D8E7005602E3 /* RubbishCollectionItemTableViewCell.swift */,
				DFDD3F7120B2E525005602E3 /* MonthHeaderView.swift */,
			);
			path = UITableViewCells;
			sourceTree = "<group>";
		};
		DF02B75B1FAFBFF6004B8B3E /* UICollectionViewCells */ = {
			isa = PBXGroup;
			children = (
				DFD129751FAF12D2001900CF /* BranchCollectionViewCell.swift */,
				DF524CAB2087443D00D88599 /* RebuildBranchCollectionViewCell.swift */,
			);
			path = UICollectionViewCells;
			sourceTree = "<group>";
		};
		DF0CB4942082AFA300CC0AA8 /* Manager */ = {
			isa = PBXGroup;
			children = (
				DF0CB4952082AFD000CC0AA8 /* FirstLaunchManager.swift */,
				DF0CB49C2082B78C00CC0AA8 /* PermissionsManager.swift */,
				DFF4E15A20892CFB007C24E3 /* RubbishManager.swift */,
			);
			path = Manager;
			sourceTree = "<group>";
		};
		DF0CB4992082B63500CC0AA8 /* BulletinBoard */ = {
			isa = PBXGroup;
			children = (
				DF0CB49A2082B65000CC0AA8 /* BulletinDataSource.swift */,
				DF0CB4A02082B97C00CC0AA8 /* FeedbackPageBulletinItem.swift */,
				DF4BD1C1208C5653003ECF41 /* RubbishStreetPickerItem.swift */,
				DF4BD1C5208CF76C003ECF41 /* RubbishReminderBulletinItem.swift */,
			);
			path = BulletinBoard;
			sourceTree = "<group>";
		};
		DF1A49561F6AAB7000E9108B = {
			isa = PBXGroup;
			children = (
				DF1A49611F6AAB7000E9108B /* Moers */,
				DFB64DAF20377AEE00173A80 /* MoersUITests */,
				DF1A49601F6AAB7000E9108B /* Products */,
				DF1A497D1F6ABD7100E9108B /* Frameworks */,
			);
			sourceTree = "<group>";
		};
		DF1A49601F6AAB7000E9108B /* Products */ = {
			isa = PBXGroup;
			children = (
				DF1A495F1F6AAB7000E9108B /* Moers.app */,
				DFB64DAE20377AEE00173A80 /* MoersUITests.xctest */,
			);
			name = Products;
			sourceTree = "<group>";
		};
		DF1A49611F6AAB7000E9108B /* Moers */ = {
			isa = PBXGroup;
			children = (
				DF1A49621F6AAB7000E9108B /* AppDelegate.swift */,
				DF0CB48E2082A8DB00CC0AA8 /* AppConfig.swift */,
				DF1A49841F6AC40000E9108B /* Model */,
				DF1A49831F6AC3FB00E9108B /* View */,
				DF1A49821F6AC3A100E9108B /* Controller */,
				DFD129741FAF0DE9001900CF /* Networking */,
				DF0CB4942082AFA300CC0AA8 /* Manager */,
				DF0CB4A72082BE0F00CC0AA8 /* Localizable.strings */,
				DFB92D631F6B109C00669F73 /* Extensions.swift */,
				DF1A49661F6AAB7000E9108B /* Main.storyboard */,
				DF1A49691F6AAB7000E9108B /* Assets.xcassets */,
				DF1A496B1F6AAB7000E9108B /* LaunchScreen.storyboard */,
				DF1A496E1F6AAB7000E9108B /* Info.plist */,
				DF02B7601FB035BB004B8B3E /* Settings.plist */,
				DFFB775F1FB38A5A00073863 /* Branches.plist */,
				DFF5DDCA20094A910075A2F4 /* GoogleService-Info.plist */,
				DFB64DC9203883D200173A80 /* module.modulemap */,
				DFB64DCA2038845300173A80 /* Firebase.h */,
				DFB64DBD2038826E00173A80 /* FirebaseAnalytics.framework */,
				DFB64DBE2038826E00173A80 /* FirebaseCore.framework */,
				DFB64DBA2038826C00173A80 /* FirebaseCoreDiagnostics.framework */,
				DFB64DBB2038826D00173A80 /* FirebaseInstanceID.framework */,
				DFB64DC02038826F00173A80 /* FirebaseNanoPB.framework */,
				DFB64DBC2038826D00173A80 /* GoogleToolboxForMac.framework */,
				DFB64DBF2038826F00173A80 /* nanopb.framework */,
				DFB64DCC20389FDB00173A80 /* Crashlytics.framework */,
				DFB64DCD20389FDB00173A80 /* Fabric.framework */,
			);
			path = Moers;
			sourceTree = "<group>";
		};
		DF1A497D1F6ABD7100E9108B /* Frameworks */ = {
			isa = PBXGroup;
			children = (
				DFFB775A1FB37E0A00073863 /* InfoKit.framework */,
				DF02B7641FB0BBD8004B8B3E /* SwiftyConfiguration.framework */,
				DFB618571FAE144000C98EB6 /* Pulley.framework */,
			);
			name = Frameworks;
			sourceTree = "<group>";
		};
		DF1A49821F6AC3A100E9108B /* Controller */ = {
			isa = PBXGroup;
			children = (
				DF0CB4902082A94F00CC0AA8 /* ApplicationController.swift */,
				DF0CB4972082B5D100CC0AA8 /* TabBarController.swift */,
				DF0CB4AC20838FD100CC0AA8 /* MainViewController.swift */,
				DF4BD1BD208A72C5003ECF41 /* DashboardViewController.swift */,
				DFDD3F6D20B22230005602E3 /* RubbishCollectionViewController.swift */,
				DFB4D76620B03B9000C8D179 /* OtherViewController.swift */,
				DFB4D76820B062BE00C8D179 /* SettingsViewController.swift */,
				DF29FB4C20B1954B00741A63 /* ThemeViewController.swift */,
				DFDD3F7320B2F30A005602E3 /* AboutViewController.swift */,
				DFD7ACB020A44C0D00D49BE2 /* Rebuild */,
				DFB6185A1FAE2CC800C98EB6 /* NavigationViewController.swift */,
				DFAEF0601F6AE87000EF25F5 /* MapViewController.swift */,
				DFAEF0621F6AE89200EF25F5 /* ContentViewController.swift */,
				DFC1CC631F75960A00C1D269 /* SelectionViewController.swift */,
				DFC1CC651F75962E00C1D269 /* Detail */,
				DFB5ECD01F79B01800B2B464 /* CameraViewController.swift */,
				DFB64DD02038F94600173A80 /* InfoViewController.swift */,
			);
			path = Controller;
			sourceTree = "<group>";
		};
		DF1A49831F6AC3FB00E9108B /* View */ = {
			isa = PBXGroup;
			children = (
				DF0CB4992082B63500CC0AA8 /* BulletinBoard */,
				DF02B75A1FAFBFE3004B8B3E /* UITableViewCells */,
				DF02B75B1FAFBFF6004B8B3E /* UICollectionViewCells */,
				DF1EC3EC1F78C4E40090809A /* AnnotationView */,
				DFD7ACBB20A794D700D49BE2 /* Cards */,
				DF632B451F6EA0370022FA8E /* DesignableButton.swift */,
				DF632B471F6EA6AA0022FA8E /* DesignableView.swift */,
				DFC1CC661F76664700C1D269 /* ShopIconDrawer.swift */,
				DF0CB49E2082B90900CC0AA8 /* FeedbackGenerators.swift */,
				DF0CB4AA208357A800CC0AA8 /* MapItemContentView.swift */,
				DF4BD1C3208C64F1003ECF41 /* PickerView.swift */,
				DFD7ACB920A6C6BC00D49BE2 /* RubbishCollectionView.swift */,
			);
			path = View;
			sourceTree = "<group>";
		};
		DF1A49841F6AC40000E9108B /* Model */ = {
			isa = PBXGroup;
			children = (
				DF632B3F1F6E721B0022FA8E /* ParkingLot.swift */,
				DFB92D5F1F6B0B3F00669F73 /* Shop.swift */,
				DFB92D611F6B0B7A00669F73 /* Location.swift */,
				DF8254051F7711170069D751 /* Camera.swift */,
				DFC5464D1F8007FB00EB3F7E /* SearchResult.swift */,
				DF02B7621FB0BAE9004B8B3E /* Branch.swift */,
				DF626AF41FB745E300BFDA67 /* BikeChargingStation.swift */,
				DF0CB4922082AB5600CC0AA8 /* Theme.swift */,
				DF524CAD20885A7700D88599 /* RubbishCollectionStreet.swift */,
				DFF4E15C20893694007C24E3 /* RubbishCollectionDate.swift */,
				DFF4E15E2089ABCA007C24E3 /* RubbishCollectionItem.swift */,
				DFB4D76A20B064CA00C8D179 /* StaticTableView.swift */,
			);
			path = Model;
			sourceTree = "<group>";
		};
		DF1EC3EC1F78C4E40090809A /* AnnotationView */ = {
			isa = PBXGroup;
			children = (
				DFB92D681F6B96E400669F73 /* ClusterAnnotationView.swift */,
				DF08361C1F6C198400A1B8A5 /* ShopAnnotationView.swift */,
				DF632B411F6E765C0022FA8E /* ParkingLotAnnotationView.swift */,
				DF1EC3ED1F78C5040090809A /* CameraAnnotationView.swift */,
				DF626AF61FB7741E00BFDA67 /* BikeChargingStationAnnotationView.swift */,
			);
			path = AnnotationView;
			sourceTree = "<group>";
		};
		DFB64DAF20377AEE00173A80 /* MoersUITests */ = {
			isa = PBXGroup;
			children = (
				DFB64DB020377AEE00173A80 /* MoersUITests.swift */,
				DFB64DB820377B7600173A80 /* SnapshotHelper.swift */,
				DFB64DB220377AEE00173A80 /* Info.plist */,
			);
			path = MoersUITests;
			sourceTree = "<group>";
		};
		DFC1CC651F75962E00C1D269 /* Detail */ = {
			isa = PBXGroup;
			children = (
				DF632B431F6E90140022FA8E /* DetailViewController.swift */,
				DF5135B81F71A4C4002A8977 /* DetailParkingViewController.swift */,
				DF5135BA1F71A7B3002A8977 /* DetailShopViewController.swift */,
				DFB5ECCE1F79ADDA00B2B464 /* DetailCameraViewController.swift */,
				DF626AF81FB77EEC00BFDA67 /* DetailBikeChargingStationViewController.swift */,
			);
			path = Detail;
			sourceTree = "<group>";
		};
		DFD129741FAF0DE9001900CF /* Networking */ = {
			isa = PBXGroup;
			children = (
				DFB92D5D1F6B0B0900669F73 /* API.swift */,
				DF8254071F7712870069D751 /* CSwiftV.swift */,
			);
			path = Networking;
			sourceTree = "<group>";
		};
		DFD7ACB020A44C0D00D49BE2 /* Rebuild */ = {
			isa = PBXGroup;
			children = (
				DF0CB4AE2085B65200CC0AA8 /* RebuildMapViewController.swift */,
				DF0CB4B02085B66600CC0AA8 /* RebuildContentViewController.swift */,
				DFD7ACB120A44C5A00D49BE2 /* RebuildSelectionViewController.swift */,
				DFD728AB20A880C6005FA9F1 /* RebuildDetailViewController.swift */,
			);
			path = Rebuild;
			sourceTree = "<group>";
		};
		DFD7ACBB20A794D700D49BE2 /* Cards */ = {
			isa = PBXGroup;
			children = (
				DFD7ACC020A842F400D49BE2 /* DateCardView.swift */,
				DFD7ACAE20A4486B00D49BE2 /* CardView.swift */,
				DFD7ACB520A6BFD500D49BE2 /* TitleCardView.swift */,
				DFD7ACB320A6BCA000D49BE2 /* DashboardRubbishCardView.swift */,
				DFD7ACBC20A795AF00D49BE2 /* DashboardNotificationCardView.swift */,
				DF29FB4E20B19BE600741A63 /* ThemeCardView.swift */,
			);
			path = Cards;
			sourceTree = "<group>";
		};
/* End PBXGroup section */

/* Begin PBXNativeTarget section */
		DF1A495E1F6AAB7000E9108B /* Moers */ = {
			isa = PBXNativeTarget;
			buildConfigurationList = DF1A49711F6AAB7000E9108B /* Build configuration list for PBXNativeTarget "Moers" */;
			buildPhases = (
				DF1A495B1F6AAB7000E9108B /* Sources */,
				DF1A495C1F6AAB7000E9108B /* Frameworks */,
				DF1A495D1F6AAB7000E9108B /* Resources */,
				DFB618591FAE144D00C98EB6 /* ShellScript */,
				DFB64DCB20389FB400173A80 /* ShellScript */,
			);
			buildRules = (
			);
			dependencies = (
			);
			name = Moers;
			productName = Moers;
			productReference = DF1A495F1F6AAB7000E9108B /* Moers.app */;
			productType = "com.apple.product-type.application";
		};
		DFB64DAD20377AEE00173A80 /* MoersUITests */ = {
			isa = PBXNativeTarget;
			buildConfigurationList = DFB64DB720377AEE00173A80 /* Build configuration list for PBXNativeTarget "MoersUITests" */;
			buildPhases = (
				DFB64DAA20377AEE00173A80 /* Sources */,
				DFB64DAB20377AEE00173A80 /* Frameworks */,
				DFB64DAC20377AEE00173A80 /* Resources */,
			);
			buildRules = (
			);
			dependencies = (
				DFB64DB420377AEE00173A80 /* PBXTargetDependency */,
			);
			name = MoersUITests;
			productName = MoersUITests;
			productReference = DFB64DAE20377AEE00173A80 /* MoersUITests.xctest */;
			productType = "com.apple.product-type.bundle.ui-testing";
		};
/* End PBXNativeTarget section */

/* Begin PBXProject section */
		DF1A49571F6AAB7000E9108B /* Project object */ = {
			isa = PBXProject;
			attributes = {
				LastSwiftUpdateCheck = 0920;
				LastUpgradeCheck = 0930;
				ORGANIZATIONNAME = "Lennart Fischer";
				TargetAttributes = {
					DF1A495E1F6AAB7000E9108B = {
						CreatedOnToolsVersion = 9.0;
						ProvisioningStyle = Automatic;
					};
					DFB64DAD20377AEE00173A80 = {
						CreatedOnToolsVersion = 9.2;
						ProvisioningStyle = Automatic;
						TestTargetID = DF1A495E1F6AAB7000E9108B;
					};
				};
			};
			buildConfigurationList = DF1A495A1F6AAB7000E9108B /* Build configuration list for PBXProject "Moers" */;
			compatibilityVersion = "Xcode 8.0";
			developmentRegion = en;
			hasScannedForEncodings = 0;
			knownRegions = (
				en,
				Base,
				de,
			);
			mainGroup = DF1A49561F6AAB7000E9108B;
			productRefGroup = DF1A49601F6AAB7000E9108B /* Products */;
			projectDirPath = "";
			projectRoot = "";
			targets = (
				DF1A495E1F6AAB7000E9108B /* Moers */,
				DFB64DAD20377AEE00173A80 /* MoersUITests */,
			);
		};
/* End PBXProject section */

/* Begin PBXResourcesBuildPhase section */
		DF1A495D1F6AAB7000E9108B /* Resources */ = {
			isa = PBXResourcesBuildPhase;
			buildActionMask = 2147483647;
			files = (
				DF1A496D1F6AAB7000E9108B /* LaunchScreen.storyboard in Resources */,
				DF02B7611FB035BB004B8B3E /* Settings.plist in Resources */,
				DFFB77601FB38A5A00073863 /* Branches.plist in Resources */,
				DF0CB4A52082BE0F00CC0AA8 /* Localizable.strings in Resources */,
				DF1A496A1F6AAB7000E9108B /* Assets.xcassets in Resources */,
				DF1A49681F6AAB7000E9108B /* Main.storyboard in Resources */,
				DFF5DDCB20094A920075A2F4 /* GoogleService-Info.plist in Resources */,
			);
			runOnlyForDeploymentPostprocessing = 0;
		};
		DFB64DAC20377AEE00173A80 /* Resources */ = {
			isa = PBXResourcesBuildPhase;
			buildActionMask = 2147483647;
			files = (
			);
			runOnlyForDeploymentPostprocessing = 0;
		};
/* End PBXResourcesBuildPhase section */

/* Begin PBXShellScriptBuildPhase section */
		DFB618591FAE144D00C98EB6 /* ShellScript */ = {
			isa = PBXShellScriptBuildPhase;
			buildActionMask = 2147483647;
			files = (
			);
			inputPaths = (
				"$(SRCROOT)/Carthage/Build/iOS/Pulley.framework",
				"$(SRCROOT)/Carthage/Build/iOS/SwiftyConfiguration.framework",
				"$(SRCROOT)/Carthage/Build/iOS/InfoKit.framework",
				"$(SRCROOT)/Carthage/Build/iOS/Gestalt.framework",
				"$(SRCROOT)/Carthage/Build/iOS/BulletinBoard.framework",
				"$(SRCROOT)/Carthage/Build/iOS/ESTabBarController.framework",
				"$(SRCROOT)/Carthage/Build/iOS/pop.framework",
				"$(SRCROOT)/Carthage/Build/iOS/EventBus.framework",
			);
			outputPaths = (
			);
			runOnlyForDeploymentPostprocessing = 0;
			shellPath = /bin/sh;
			shellScript = "/usr/local/bin/carthage copy-frameworks";
		};
		DFB64DCB20389FB400173A80 /* ShellScript */ = {
			isa = PBXShellScriptBuildPhase;
			buildActionMask = 2147483647;
			files = (
			);
			inputPaths = (
			);
			outputPaths = (
			);
			runOnlyForDeploymentPostprocessing = 0;
			shellPath = /bin/sh;
			shellScript = "./Fabric.framework/run 6e61a3c3f5bc5d05f481ed66aaf5de017625b1fa 3dcc7cd7bf8672a813d5a1ae8b02151d6cd8682f9e59ecfcc9513d1ad5e55186";
		};
/* End PBXShellScriptBuildPhase section */

/* Begin PBXSourcesBuildPhase section */
		DF1A495B1F6AAB7000E9108B /* Sources */ = {
			isa = PBXSourcesBuildPhase;
			buildActionMask = 2147483647;
			files = (
				DF4BD1C4208C64F1003ECF41 /* PickerView.swift in Sources */,
				DF524CAC2087443D00D88599 /* RebuildBranchCollectionViewCell.swift in Sources */,
				DFF4E15D20893694007C24E3 /* RubbishCollectionDate.swift in Sources */,
				DF0CB4A12082B97C00CC0AA8 /* FeedbackPageBulletinItem.swift in Sources */,
				DF632B441F6E90140022FA8E /* DetailViewController.swift in Sources */,
				DFB6185B1FAE2CC800C98EB6 /* NavigationViewController.swift in Sources */,
				DFDD3F7220B2E525005602E3 /* MonthHeaderView.swift in Sources */,
				DF29FB4D20B1954B00741A63 /* ThemeViewController.swift in Sources */,
				DF5135B91F71A4C4002A8977 /* DetailParkingViewController.swift in Sources */,
				DF0CB4AB208357A800CC0AA8 /* MapItemContentView.swift in Sources */,
				DFAEF0611F6AE87000EF25F5 /* MapViewController.swift in Sources */,
				DF626AF51FB745E300BFDA67 /* BikeChargingStation.swift in Sources */,
				DFB92D621F6B0B7A00669F73 /* Location.swift in Sources */,
				DFC1CC641F75960A00C1D269 /* SelectionViewController.swift in Sources */,
				DFD129761FAF12D2001900CF /* BranchCollectionViewCell.swift in Sources */,
				DFD7ACBA20A6C6BC00D49BE2 /* RubbishCollectionView.swift in Sources */,
				DF4BD1C6208CF76C003ECF41 /* RubbishReminderBulletinItem.swift in Sources */,
				DFB64DD12038F94600173A80 /* InfoViewController.swift in Sources */,
				DF02B7631FB0BAE9004B8B3E /* Branch.swift in Sources */,
				DFD7ACBD20A795AF00D49BE2 /* DashboardNotificationCardView.swift in Sources */,
				DF1EC3EE1F78C5040090809A /* CameraAnnotationView.swift in Sources */,
				DF4BD1BE208A72C5003ECF41 /* DashboardViewController.swift in Sources */,
				DF0CB4B12085B66600CC0AA8 /* RebuildContentViewController.swift in Sources */,
				DF8254061F7711180069D751 /* Camera.swift in Sources */,
				DFDD3F7420B2F30A005602E3 /* AboutViewController.swift in Sources */,
				DF0CB49D2082B78C00CC0AA8 /* PermissionsManager.swift in Sources */,
				DFB4D76920B062BE00C8D179 /* SettingsViewController.swift in Sources */,
				DF1A49631F6AAB7000E9108B /* AppDelegate.swift in Sources */,
				DF524CAE20885A7700D88599 /* RubbishCollectionStreet.swift in Sources */,
				DFDD3F7020B2D8E7005602E3 /* RubbishCollectionItemTableViewCell.swift in Sources */,
				DF632B481F6EA6AA0022FA8E /* DesignableView.swift in Sources */,
				DFF4E15B20892CFB007C24E3 /* RubbishManager.swift in Sources */,
				DFB92D601F6B0B3F00669F73 /* Shop.swift in Sources */,
				DF02B75D1FAFC037004B8B3E /* FilterTableViewCell.swift in Sources */,
				DF08361D1F6C198400A1B8A5 /* ShopAnnotationView.swift in Sources */,
				DFD7ACB620A6BFD500D49BE2 /* TitleCardView.swift in Sources */,
				DFB92D5E1F6B0B0900669F73 /* API.swift in Sources */,
				DF0CB4912082A94F00CC0AA8 /* ApplicationController.swift in Sources */,
				DF8254081F7712880069D751 /* CSwiftV.swift in Sources */,
				DFB4D76720B03B9000C8D179 /* OtherViewController.swift in Sources */,
				DF632B421F6E765C0022FA8E /* ParkingLotAnnotationView.swift in Sources */,
				DF0CB4AD20838FD100CC0AA8 /* MainViewController.swift in Sources */,
				DF524CAA2087421800D88599 /* RebuildBranchTableViewCell.swift in Sources */,
				DF0CB49B2082B65000CC0AA8 /* BulletinDataSource.swift in Sources */,
				DF0CB4962082AFD000CC0AA8 /* FirstLaunchManager.swift in Sources */,
				DFD7ACB420A6BCA000D49BE2 /* DashboardRubbishCardView.swift in Sources */,
				DFB92D641F6B109C00669F73 /* Extensions.swift in Sources */,
				DFB5ECD11F79B01800B2B464 /* CameraViewController.swift in Sources */,
				DFB5ECCF1F79ADDA00B2B464 /* DetailCameraViewController.swift in Sources */,
				DFD7ACAF20A4486B00D49BE2 /* CardView.swift in Sources */,
				DFC5464E1F8007FB00EB3F7E /* SearchResult.swift in Sources */,
				DF0CB4B32087092F00CC0AA8 /* RebuildSearchResultTableViewCell.swift in Sources */,
				DFDD3F6E20B22230005602E3 /* RubbishCollectionViewController.swift in Sources */,
				DF0CB4AF2085B65200CC0AA8 /* RebuildMapViewController.swift in Sources */,
				DFB4D76B20B064CA00C8D179 /* StaticTableView.swift in Sources */,
				DF0CB4932082AB5600CC0AA8 /* Theme.swift in Sources */,
				DF29FB4F20B19BE600741A63 /* ThemeCardView.swift in Sources */,
				DF0CB4982082B5D100CC0AA8 /* TabBarController.swift in Sources */,
				DFC3DE821F6C65FE0049638B /* SearchResultTableViewCell.swift in Sources */,
				DF626AF91FB77EEC00BFDA67 /* DetailBikeChargingStationViewController.swift in Sources */,
				DFD7ACB220A44C5A00D49BE2 /* RebuildSelectionViewController.swift in Sources */,
				DF626AF71FB7741E00BFDA67 /* BikeChargingStationAnnotationView.swift in Sources */,
				DF632B401F6E721B0022FA8E /* ParkingLot.swift in Sources */,
				DFD7ACC120A842F400D49BE2 /* DateCardView.swift in Sources */,
				DFC1CC671F76664700C1D269 /* ShopIconDrawer.swift in Sources */,
				DFAEF0631F6AE89200EF25F5 /* ContentViewController.swift in Sources */,
				DFB92D691F6B96E400669F73 /* ClusterAnnotationView.swift in Sources */,
				DFF4E15F2089ABCA007C24E3 /* RubbishCollectionItem.swift in Sources */,
				DF4BD1C2208C5653003ECF41 /* RubbishStreetPickerItem.swift in Sources */,
				DF0CB48F2082A8DB00CC0AA8 /* AppConfig.swift in Sources */,
				DF5135BB1F71A7B3002A8977 /* DetailShopViewController.swift in Sources */,
				DF632B461F6EA0370022FA8E /* DesignableButton.swift in Sources */,
				DF524CA8208741FF00D88599 /* RebuildFilterTableViewCell.swift in Sources */,
				DF0CB49F2082B90900CC0AA8 /* FeedbackGenerators.swift in Sources */,
				DFD129731FAF0C1B001900CF /* BranchTableViewCell.swift in Sources */,
				DFD728AC20A880C6005FA9F1 /* RebuildDetailViewController.swift in Sources */,
			);
			runOnlyForDeploymentPostprocessing = 0;
		};
		DFB64DAA20377AEE00173A80 /* Sources */ = {
			isa = PBXSourcesBuildPhase;
			buildActionMask = 2147483647;
			files = (
				DFB64DB120377AEE00173A80 /* MoersUITests.swift in Sources */,
				DFB64DB920377B7600173A80 /* SnapshotHelper.swift in Sources */,
			);
			runOnlyForDeploymentPostprocessing = 0;
		};
/* End PBXSourcesBuildPhase section */

/* Begin PBXTargetDependency section */
		DFB64DB420377AEE00173A80 /* PBXTargetDependency */ = {
			isa = PBXTargetDependency;
			target = DF1A495E1F6AAB7000E9108B /* Moers */;
			targetProxy = DFB64DB320377AEE00173A80 /* PBXContainerItemProxy */;
		};
/* End PBXTargetDependency section */

/* Begin PBXVariantGroup section */
		DF0CB4A72082BE0F00CC0AA8 /* Localizable.strings */ = {
			isa = PBXVariantGroup;
			children = (
				DF0CB4A82082BE1600CC0AA8 /* Base */,
				DF0CB4A92082BE4100CC0AA8 /* de */,
			);
			name = Localizable.strings;
			sourceTree = "<group>";
		};
		DF1A49661F6AAB7000E9108B /* Main.storyboard */ = {
			isa = PBXVariantGroup;
			children = (
				DF1A49671F6AAB7000E9108B /* Base */,
			);
			name = Main.storyboard;
			sourceTree = "<group>";
		};
		DF1A496B1F6AAB7000E9108B /* LaunchScreen.storyboard */ = {
			isa = PBXVariantGroup;
			children = (
				DF1A496C1F6AAB7000E9108B /* Base */,
			);
			name = LaunchScreen.storyboard;
			sourceTree = "<group>";
		};
/* End PBXVariantGroup section */

/* Begin XCBuildConfiguration section */
		DF1A496F1F6AAB7000E9108B /* Debug */ = {
			isa = XCBuildConfiguration;
			buildSettings = {
				ALWAYS_SEARCH_USER_PATHS = NO;
				CLANG_ANALYZER_LOCALIZABILITY_NONLOCALIZED = YES;
				CLANG_ANALYZER_NONNULL = YES;
				CLANG_ANALYZER_NUMBER_OBJECT_CONVERSION = YES_AGGRESSIVE;
				CLANG_CXX_LANGUAGE_STANDARD = "gnu++14";
				CLANG_CXX_LIBRARY = "libc++";
				CLANG_ENABLE_MODULES = YES;
				CLANG_ENABLE_OBJC_ARC = YES;
				CLANG_WARN_BLOCK_CAPTURE_AUTORELEASING = YES;
				CLANG_WARN_BOOL_CONVERSION = YES;
				CLANG_WARN_COMMA = YES;
				CLANG_WARN_CONSTANT_CONVERSION = YES;
				CLANG_WARN_DEPRECATED_OBJC_IMPLEMENTATIONS = YES;
				CLANG_WARN_DIRECT_OBJC_ISA_USAGE = YES_ERROR;
				CLANG_WARN_DOCUMENTATION_COMMENTS = YES;
				CLANG_WARN_EMPTY_BODY = YES;
				CLANG_WARN_ENUM_CONVERSION = YES;
				CLANG_WARN_INFINITE_RECURSION = YES;
				CLANG_WARN_INT_CONVERSION = YES;
				CLANG_WARN_NON_LITERAL_NULL_CONVERSION = YES;
				CLANG_WARN_OBJC_IMPLICIT_RETAIN_SELF = YES;
				CLANG_WARN_OBJC_LITERAL_CONVERSION = YES;
				CLANG_WARN_OBJC_ROOT_CLASS = YES_ERROR;
				CLANG_WARN_RANGE_LOOP_ANALYSIS = YES;
				CLANG_WARN_STRICT_PROTOTYPES = YES;
				CLANG_WARN_SUSPICIOUS_MOVE = YES;
				CLANG_WARN_UNGUARDED_AVAILABILITY = YES_AGGRESSIVE;
				CLANG_WARN_UNREACHABLE_CODE = YES;
				CLANG_WARN__DUPLICATE_METHOD_MATCH = YES;
				CODE_SIGN_IDENTITY = "iPhone Developer";
				COPY_PHASE_STRIP = NO;
				DEBUG_INFORMATION_FORMAT = dwarf;
				ENABLE_STRICT_OBJC_MSGSEND = YES;
				ENABLE_TESTABILITY = YES;
				GCC_C_LANGUAGE_STANDARD = gnu11;
				GCC_DYNAMIC_NO_PIC = NO;
				GCC_NO_COMMON_BLOCKS = YES;
				GCC_OPTIMIZATION_LEVEL = 0;
				GCC_PREPROCESSOR_DEFINITIONS = (
					"DEBUG=1",
					"$(inherited)",
				);
				GCC_WARN_64_TO_32_BIT_CONVERSION = YES;
				GCC_WARN_ABOUT_RETURN_TYPE = YES_ERROR;
				GCC_WARN_UNDECLARED_SELECTOR = YES;
				GCC_WARN_UNINITIALIZED_AUTOS = YES_AGGRESSIVE;
				GCC_WARN_UNUSED_FUNCTION = YES;
				GCC_WARN_UNUSED_VARIABLE = YES;
				IPHONEOS_DEPLOYMENT_TARGET = 11.0;
				MTL_ENABLE_DEBUG_INFO = YES;
				ONLY_ACTIVE_ARCH = YES;
				SDKROOT = iphoneos;
				SWIFT_ACTIVE_COMPILATION_CONDITIONS = DEBUG;
				SWIFT_OPTIMIZATION_LEVEL = "-Onone";
			};
			name = Debug;
		};
		DF1A49701F6AAB7000E9108B /* Release */ = {
			isa = XCBuildConfiguration;
			buildSettings = {
				ALWAYS_SEARCH_USER_PATHS = NO;
				CLANG_ANALYZER_LOCALIZABILITY_NONLOCALIZED = YES;
				CLANG_ANALYZER_NONNULL = YES;
				CLANG_ANALYZER_NUMBER_OBJECT_CONVERSION = YES_AGGRESSIVE;
				CLANG_CXX_LANGUAGE_STANDARD = "gnu++14";
				CLANG_CXX_LIBRARY = "libc++";
				CLANG_ENABLE_MODULES = YES;
				CLANG_ENABLE_OBJC_ARC = YES;
				CLANG_WARN_BLOCK_CAPTURE_AUTORELEASING = YES;
				CLANG_WARN_BOOL_CONVERSION = YES;
				CLANG_WARN_COMMA = YES;
				CLANG_WARN_CONSTANT_CONVERSION = YES;
				CLANG_WARN_DEPRECATED_OBJC_IMPLEMENTATIONS = YES;
				CLANG_WARN_DIRECT_OBJC_ISA_USAGE = YES_ERROR;
				CLANG_WARN_DOCUMENTATION_COMMENTS = YES;
				CLANG_WARN_EMPTY_BODY = YES;
				CLANG_WARN_ENUM_CONVERSION = YES;
				CLANG_WARN_INFINITE_RECURSION = YES;
				CLANG_WARN_INT_CONVERSION = YES;
				CLANG_WARN_NON_LITERAL_NULL_CONVERSION = YES;
				CLANG_WARN_OBJC_IMPLICIT_RETAIN_SELF = YES;
				CLANG_WARN_OBJC_LITERAL_CONVERSION = YES;
				CLANG_WARN_OBJC_ROOT_CLASS = YES_ERROR;
				CLANG_WARN_RANGE_LOOP_ANALYSIS = YES;
				CLANG_WARN_STRICT_PROTOTYPES = YES;
				CLANG_WARN_SUSPICIOUS_MOVE = YES;
				CLANG_WARN_UNGUARDED_AVAILABILITY = YES_AGGRESSIVE;
				CLANG_WARN_UNREACHABLE_CODE = YES;
				CLANG_WARN__DUPLICATE_METHOD_MATCH = YES;
				CODE_SIGN_IDENTITY = "iPhone Developer";
				COPY_PHASE_STRIP = NO;
				DEBUG_INFORMATION_FORMAT = "dwarf-with-dsym";
				ENABLE_NS_ASSERTIONS = NO;
				ENABLE_STRICT_OBJC_MSGSEND = YES;
				GCC_C_LANGUAGE_STANDARD = gnu11;
				GCC_NO_COMMON_BLOCKS = YES;
				GCC_WARN_64_TO_32_BIT_CONVERSION = YES;
				GCC_WARN_ABOUT_RETURN_TYPE = YES_ERROR;
				GCC_WARN_UNDECLARED_SELECTOR = YES;
				GCC_WARN_UNINITIALIZED_AUTOS = YES_AGGRESSIVE;
				GCC_WARN_UNUSED_FUNCTION = YES;
				GCC_WARN_UNUSED_VARIABLE = YES;
				IPHONEOS_DEPLOYMENT_TARGET = 11.0;
				MTL_ENABLE_DEBUG_INFO = NO;
				SDKROOT = iphoneos;
				SWIFT_OPTIMIZATION_LEVEL = "-Owholemodule";
				VALIDATE_PRODUCT = YES;
			};
			name = Release;
		};
		DF1A49721F6AAB7000E9108B /* Debug */ = {
			isa = XCBuildConfiguration;
			buildSettings = {
				ASSETCATALOG_COMPILER_APPICON_NAME = AppIcon;
				CODE_SIGN_STYLE = Automatic;
				CURRENT_PROJECT_VERSION = 11;
				DEVELOPMENT_TEAM = 93C29USLP6;
				FRAMEWORK_SEARCH_PATHS = (
					"$(inherited)",
					"$(PROJECT_DIR)/Carthage/Build/iOS",
					"$(PROJECT_DIR)/Moers",
					"$(PROJECT_DIR)",
				);
				INFOPLIST_FILE = Moers/Info.plist;
				LD_RUNPATH_SEARCH_PATHS = "$(inherited) @executable_path/Frameworks";
				OTHER_LDFLAGS = "-ObjC";
				PRODUCT_BUNDLE_IDENTIFIER = de.okfn.niederrhein.Moers;
				PRODUCT_NAME = "$(TARGET_NAME)";
				SWIFT_VERSION = 4.0;
				TARGETED_DEVICE_FAMILY = "1,2";
				USER_HEADER_SEARCH_PATHS = "${PROJECT_DIR}";
				VERSIONING_SYSTEM = "apple-generic";
			};
			name = Debug;
		};
		DF1A49731F6AAB7000E9108B /* Release */ = {
			isa = XCBuildConfiguration;
			buildSettings = {
				ASSETCATALOG_COMPILER_APPICON_NAME = AppIcon;
				CODE_SIGN_STYLE = Automatic;
				CURRENT_PROJECT_VERSION = 11;
				DEVELOPMENT_TEAM = 93C29USLP6;
				FRAMEWORK_SEARCH_PATHS = (
					"$(inherited)",
					"$(PROJECT_DIR)/Carthage/Build/iOS",
					"$(PROJECT_DIR)/Moers",
					"$(PROJECT_DIR)",
				);
				INFOPLIST_FILE = Moers/Info.plist;
				LD_RUNPATH_SEARCH_PATHS = "$(inherited) @executable_path/Frameworks";
				OTHER_LDFLAGS = "-ObjC";
				PRODUCT_BUNDLE_IDENTIFIER = de.okfn.niederrhein.Moers;
				PRODUCT_NAME = "$(TARGET_NAME)";
				SWIFT_VERSION = 4.0;
				TARGETED_DEVICE_FAMILY = "1,2";
				USER_HEADER_SEARCH_PATHS = "${PROJECT_DIR}";
				VERSIONING_SYSTEM = "apple-generic";
			};
			name = Release;
		};
		DFB64DB520377AEE00173A80 /* Debug */ = {
			isa = XCBuildConfiguration;
			buildSettings = {
				CODE_SIGN_STYLE = Automatic;
				DEVELOPMENT_TEAM = 93C29USLP6;
				INFOPLIST_FILE = MoersUITests/Info.plist;
				IPHONEOS_DEPLOYMENT_TARGET = 11.2;
				LD_RUNPATH_SEARCH_PATHS = "$(inherited) @executable_path/Frameworks @loader_path/Frameworks";
				PRODUCT_BUNDLE_IDENTIFIER = de.okfn.niederrhein.MoersUITests;
				PRODUCT_NAME = "$(TARGET_NAME)";
				SWIFT_VERSION = 4.0;
				TARGETED_DEVICE_FAMILY = "1,2";
				TEST_TARGET_NAME = Moers;
			};
			name = Debug;
		};
		DFB64DB620377AEE00173A80 /* Release */ = {
			isa = XCBuildConfiguration;
			buildSettings = {
				CODE_SIGN_STYLE = Automatic;
				DEVELOPMENT_TEAM = 93C29USLP6;
				INFOPLIST_FILE = MoersUITests/Info.plist;
				IPHONEOS_DEPLOYMENT_TARGET = 11.2;
				LD_RUNPATH_SEARCH_PATHS = "$(inherited) @executable_path/Frameworks @loader_path/Frameworks";
				PRODUCT_BUNDLE_IDENTIFIER = de.okfn.niederrhein.MoersUITests;
				PRODUCT_NAME = "$(TARGET_NAME)";
				SWIFT_VERSION = 4.0;
				TARGETED_DEVICE_FAMILY = "1,2";
				TEST_TARGET_NAME = Moers;
			};
			name = Release;
		};
/* End XCBuildConfiguration section */

/* Begin XCConfigurationList section */
		DF1A495A1F6AAB7000E9108B /* Build configuration list for PBXProject "Moers" */ = {
			isa = XCConfigurationList;
			buildConfigurations = (
				DF1A496F1F6AAB7000E9108B /* Debug */,
				DF1A49701F6AAB7000E9108B /* Release */,
			);
			defaultConfigurationIsVisible = 0;
			defaultConfigurationName = Release;
		};
		DF1A49711F6AAB7000E9108B /* Build configuration list for PBXNativeTarget "Moers" */ = {
			isa = XCConfigurationList;
			buildConfigurations = (
				DF1A49721F6AAB7000E9108B /* Debug */,
				DF1A49731F6AAB7000E9108B /* Release */,
			);
			defaultConfigurationIsVisible = 0;
			defaultConfigurationName = Release;
		};
		DFB64DB720377AEE00173A80 /* Build configuration list for PBXNativeTarget "MoersUITests" */ = {
			isa = XCConfigurationList;
			buildConfigurations = (
				DFB64DB520377AEE00173A80 /* Debug */,
				DFB64DB620377AEE00173A80 /* Release */,
			);
			defaultConfigurationIsVisible = 0;
			defaultConfigurationName = Release;
		};
/* End XCConfigurationList section */
	};
	rootObject = DF1A49571F6AAB7000E9108B /* Project object */;
}
